PODS:
  - Appirater (2.0.5)
  - ASDayPicker (1.0.0)
  - BButton (4.0.2)
  - Bolts/Tasks (1.2.0)
  - CocoaLumberjack (1.9.2):
    - CocoaLumberjack/Extensions (= 1.9.2)
  - CocoaLumberjack/Core (1.9.2)
  - CocoaLumberjack/Extensions (1.9.2):
    - CocoaLumberjack/Core
  - CupertinoYankee (1.0.2)
  - DAKeyboardControl (2.4.0)
  - DOFavoriteButton (0.0.4)
  - FMDB (2.5):
    - FMDB/standard (= 2.5)
  - FMDB/common (2.5)
  - FMDB/standard (2.5):
    - FMDB/common
  - FormatterKit/LocationFormatter (1.8.0)
  - FormatterKit/TimeIntervalFormatter (1.8.0)
  - GRMustache (7.3.2):
    - JRSwizzle (~> 1.0)
  - HockeySDK-Source (3.7.1)
  - JRSwizzle (1.0)
  - JSQWebViewController (3.0.0)
  - KVOController (1.0.3)
  - Mantle (2.0.3):
    - Mantle/extobjc (= 2.0.3)
  - Mantle/extobjc (2.0.3)
  - Mapbox-iOS-SDK (1.6.1):
    - FMDB (~> 2.5)
    - GRMustache (~> 7.3)
    - SMCalloutView (~> 2.1)
  - Onboard (2.1.6)
  - Parse (1.7.5.3):
    - Bolts/Tasks (>= 1.2.0)
  - PermissionScope (1.0.2)
  - pop (1.0.7)
  - PureLayout (2.0.6)
  - SMCalloutView (2.1.2)
  - TTTAttributedLabel (1.13.4)
  - TUSafariActivity (1.0.4)
  - VTAcknowledgementsViewController (0.14)
  - YapDatabase (2.6.5):
    - YapDatabase/standard (= 2.6.5)
  - YapDatabase/standard (2.6.5):
    - CocoaLumberjack (~> 1)

DEPENDENCIES:
  - Appirater (~> 2.0)
  - ASDayPicker (from `Submodules/ASDayPicker/ASDayPicker.podspec`)
  - BButton (~> 4.0)
  - CupertinoYankee (~> 1.0)
  - DAKeyboardControl (~> 2.4)
  - DOFavoriteButton (from `https://github.com/okmr-d/DOFavoriteButton.git`)
  - FormatterKit/LocationFormatter (~> 1.8)
  - FormatterKit/TimeIntervalFormatter (~> 1.8)
  - HockeySDK-Source (~> 3.7)
  - JSQWebViewController (~> 3.0)
  - KVOController (~> 1.0)
  - Mantle (~> 2.0)
  - Mapbox-iOS-SDK (from `Podspecs/Mapbox-iOS-SDK.podspec`)
  - Onboard (~> 2.1)
  - Parse (~> 1.7)
  - PermissionScope (~> 1.0)
  - pop (~> 1.0)
  - PureLayout (~> 2.0)
  - TTTAttributedLabel (~> 1.13)
  - TUSafariActivity (~> 1.0)
  - VTAcknowledgementsViewController (~> 0.11)
  - YapDatabase (~> 2.6)

EXTERNAL SOURCES:
  ASDayPicker:
    :path: Submodules/ASDayPicker/ASDayPicker.podspec
  DOFavoriteButton:
    :git: https://github.com/okmr-d/DOFavoriteButton.git
  Mapbox-iOS-SDK:
    :podspec: Podspecs/Mapbox-iOS-SDK.podspec

CHECKOUT OPTIONS:
  DOFavoriteButton:
    :commit: a77045870c00af4dc7c1808397fdb482caf9775d
    :git: https://github.com/okmr-d/DOFavoriteButton.git

SPEC CHECKSUMS:
  Appirater: e7c0a47fb67ee5041ce8479e6ba960927fb40264
  ASDayPicker: 62011b8971ef571c1b525c6ffd4a59c367f11da0
  BButton: ab0f2ed3b998ae73c5188b57d270d81e4a1eeb27
  Bolts: d176cb1e0012175589e389a9db49b85e27787576
  CocoaLumberjack: 628fca2e88ef06f7cf6817309aa405f325d9a6fa
  CupertinoYankee: c288994087c791657fce35a43d2a604e64eef23e
  DAKeyboardControl: 9d9bca22a5cc3c1d3cc61e24fbd208c3e84a3d2d
  DOFavoriteButton: 866e15af173d2dd5233971a1f657a5f31d2491d5
  FMDB: 96e8f1bcc1329e269330f99770ad4285d9003e52
  FormatterKit: bddde83e054edf9d9ee14f9de3b3a5103db256f4
  GRMustache: ebe6104fd30a6d22c1f36af131e19e2dbf7cd292
  HockeySDK-Source: d620f330b23691017c141de6e25e5cdc8c67848c
  JRSwizzle: dd5ead5d913a0f29e7f558200165849f006bb1e3
  JSQWebViewController: eaa6bd68d9e1426ae25ade99c9bbde4c6cdd4120
  KVOController: 9fd8f0343670994e4b6f9f0b31f5a45663f3e1cf
  Mantle: 8d6b14979a082a9ed4994463eb7a4ff576c94632
  Mapbox-iOS-SDK: a667f0a5d6b9a85c59aa87313d9e582100f2a95c
  Onboard: 82eb38429c7ab372fbd352be6a16e429d8847d4e
  Parse: 373adbb1ad2e34d383542c3b28f678c49ebe4881
  PermissionScope: 860828c5516d349b6f49e5491799cfef33c5ccc7
  pop: 628ffc631644601567ee8bfaaaea493ebd7d0923
  PureLayout: f25f0bb904d5ccfe6e31da3cb869185259f02e0d
  SMCalloutView: 4078d89b847731e514b1a919fed33b383a24a106
  TTTAttributedLabel: 0a2ac7b2dd726d32a070dafb01446026b11e624f
  TUSafariActivity: afc55a00965377939107ce4fdc7f951f62454546
  VTAcknowledgementsViewController: 11a869dd69598a852f12699aeaf36e2589d3fc1b
  YapDatabase: 814f9ff862a95c1e581d93335a4020482b69155b

COCOAPODS: 0.39.0
