// !$*UTF8*$!
{
	archiveVersion = 1;
	classes = {
	};
	objectVersion = 46;
	objects = {

/* Begin PBXBuildFile section */
		42686B30A7FF923440BC38BC /* Pods_iBurnAbstract_iBurn.framework in Frameworks */ = {isa = PBXBuildFile; fileRef = AD46B030994031DA5726D21C /* Pods_iBurnAbstract_iBurn.framework */; };
		63010EFF1B72DEEA000A847C /* BRCGeocoder.m in Sources */ = {isa = PBXBuildFile; fileRef = 63010EFE1B72DEEA000A847C /* BRCGeocoder.m */; };
		63010F011B72E2EA000A847C /* BRCGeocoderTest.m in Sources */ = {isa = PBXBuildFile; fileRef = 63010F001B72E2EA000A847C /* BRCGeocoderTest.m */; };
		630861C9199029D100AD7109 /* BRCLocations.m in Sources */ = {isa = PBXBuildFile; fileRef = 630861C8199029D100AD7109 /* BRCLocations.m */; };
		6322830119881DDE009E472B /* BRCDetailViewController.m in Sources */ = {isa = PBXBuildFile; fileRef = 6322830019881DDE009E472B /* BRCDetailViewController.m */; };
		6322830519881F41009E472B /* BRCDetailCellInfo.m in Sources */ = {isa = PBXBuildFile; fileRef = 6322830419881F41009E472B /* BRCDetailCellInfo.m */; };
		6322830B19882153009E472B /* BRCRelationshipDetailInfoCell.m in Sources */ = {isa = PBXBuildFile; fileRef = 6322830A19882153009E472B /* BRCRelationshipDetailInfoCell.m */; };
		632283151989AF92009E472B /* BRCBaseMapViewController.m in Sources */ = {isa = PBXBuildFile; fileRef = 632283141989AF92009E472B /* BRCBaseMapViewController.m */; };
		6322831B1989B139009E472B /* BRCDetailMapViewController.m in Sources */ = {isa = PBXBuildFile; fileRef = 6322831A1989B139009E472B /* BRCDetailMapViewController.m */; };
		63228327198C1BF7009E472B /* BRCEventsFilterTableViewController.m in Sources */ = {isa = PBXBuildFile; fileRef = 63228326198C1BF7009E472B /* BRCEventsFilterTableViewController.m */; };
		6322832B198C2B48009E472B /* NSUserDefaults+iBurn.m in Sources */ = {isa = PBXBuildFile; fileRef = 6322832A198C2B48009E472B /* NSUserDefaults+iBurn.m */; };
		632F77571993FC8100707FAF /* BRCEmbargoPasscodeViewController.m in Sources */ = {isa = PBXBuildFile; fileRef = 632F77561993FC8100707FAF /* BRCEmbargoPasscodeViewController.m */; };
		639E638D1994178500B62A92 /* BRCEmbargo.m in Sources */ = {isa = PBXBuildFile; fileRef = 639E638C1994178500B62A92 /* BRCEmbargo.m */; };
		63CD690B199AB4EE0025C8A1 /* BRCAnnotationEditView.m in Sources */ = {isa = PBXBuildFile; fileRef = 63CD690A199AB4EE0025C8A1 /* BRCAnnotationEditView.m */; };
		63CE2A581987140F00F65B01 /* Foundation.framework in Frameworks */ = {isa = PBXBuildFile; fileRef = 63CE2A571987140F00F65B01 /* Foundation.framework */; };
		63CE2A5A1987140F00F65B01 /* CoreGraphics.framework in Frameworks */ = {isa = PBXBuildFile; fileRef = 63CE2A591987140F00F65B01 /* CoreGraphics.framework */; };
		63CE2A5C1987140F00F65B01 /* UIKit.framework in Frameworks */ = {isa = PBXBuildFile; fileRef = 63CE2A5B1987140F00F65B01 /* UIKit.framework */; };
		63CE2A621987140F00F65B01 /* InfoPlist.strings in Resources */ = {isa = PBXBuildFile; fileRef = 63CE2A601987140F00F65B01 /* InfoPlist.strings */; };
		63CE2A641987140F00F65B01 /* main.m in Sources */ = {isa = PBXBuildFile; fileRef = 63CE2A631987140F00F65B01 /* main.m */; };
		63CE2A681987140F00F65B01 /* BRCAppDelegate.m in Sources */ = {isa = PBXBuildFile; fileRef = 63CE2A671987140F00F65B01 /* BRCAppDelegate.m */; };
		63CE2A6A1987140F00F65B01 /* Images.xcassets in Resources */ = {isa = PBXBuildFile; fileRef = 63CE2A691987140F00F65B01 /* Images.xcassets */; };
		63D270F91987159A00204954 /* BRCMapViewController.m in Sources */ = {isa = PBXBuildFile; fileRef = 63D270F81987159A00204954 /* BRCMapViewController.m */; };
		D90132071B7C685D007A11B8 /* PFAnalytics+iBurn.m in Sources */ = {isa = PBXBuildFile; fileRef = D90132061B7C685D007A11B8 /* PFAnalytics+iBurn.m */; };
		D902DF0B1B7B19FC00057898 /* BRCDataSorter.swift in Sources */ = {isa = PBXBuildFile; fileRef = D902DF0A1B7B19FC00057898 /* BRCDataSorter.swift */; };
		D902DF0E1B7B1F2D00057898 /* BRCDataSorterTests.swift in Sources */ = {isa = PBXBuildFile; fileRef = D902DF0D1B7B1F2D00057898 /* BRCDataSorterTests.swift */; };
		D9071FE71996C4A7005C3639 /* NSData+iBurn.m in Sources */ = {isa = PBXBuildFile; fileRef = D9071FE61996C4A7005C3639 /* NSData+iBurn.m */; };
		D90FFA371EEFAC10005127D0 /* MapViewDelegate.swift in Sources */ = {isa = PBXBuildFile; fileRef = D90FFA361EEFAC10005127D0 /* MapViewDelegate.swift */; };
		D90FFA391EEFAF19005127D0 /* BRCAnnotationView.swift in Sources */ = {isa = PBXBuildFile; fileRef = D90FFA381EEFAF19005127D0 /* BRCAnnotationView.swift */; };
		D90FFA3E1EEFB279005127D0 /* BRCUserTrackingBarButtonItem.m in Sources */ = {isa = PBXBuildFile; fileRef = D90FFA3D1EEFB279005127D0 /* BRCUserTrackingBarButtonItem.m */; };
		D90FFA401EEFB4F6005127D0 /* UserTracking.xcassets in Resources */ = {isa = PBXBuildFile; fileRef = D90FFA3F1EEFB4F6005127D0 /* UserTracking.xcassets */; };
		D92562C219886EBF00ED6B50 /* BRCDataObjectTableViewCell.m in Sources */ = {isa = PBXBuildFile; fileRef = D92562C019886EBF00ED6B50 /* BRCDataObjectTableViewCell.m */; };
		D92562C319886EBF00ED6B50 /* BRCDataObjectTableViewCell.xib in Resources */ = {isa = PBXBuildFile; fileRef = D92562C119886EBF00ED6B50 /* BRCDataObjectTableViewCell.xib */; };
		D92562C6198876C400ED6B50 /* BRCEventObjectTableViewCell.m in Sources */ = {isa = PBXBuildFile; fileRef = D92562C5198876C400ED6B50 /* BRCEventObjectTableViewCell.m */; };
		D92562C81988771400ED6B50 /* BRCEventObjectTableViewCell.xib in Resources */ = {isa = PBXBuildFile; fileRef = D92562C71988771400ED6B50 /* BRCEventObjectTableViewCell.xib */; };
		D92562CF198A20D600ED6B50 /* MGLMapView+iBurn.m in Sources */ = {isa = PBXBuildFile; fileRef = D92562CE198A20D600ED6B50 /* MGLMapView+iBurn.m */; };
		D927BDB21EF4778000B7324D /* UserGuidance.swift in Sources */ = {isa = PBXBuildFile; fileRef = D927BDB11EF4778000B7324D /* UserGuidance.swift */; };
		D94D97D21B8FC11A008FC86E /* BRCDataImporter.m in Sources */ = {isa = PBXBuildFile; fileRef = D9941570198726F400D245C7 /* BRCDataImporter.m */; };
		D94EFA51199158D2009F12F4 /* CLLocationManager+iBurn.m in Sources */ = {isa = PBXBuildFile; fileRef = D94EFA50199158D2009F12F4 /* CLLocationManager+iBurn.m */; };
		D95AB0EF1B7FF5FF00DFC2FD /* BRCUserMapPoint.m in Sources */ = {isa = PBXBuildFile; fileRef = D95AB0EE1B7FF5FF00DFC2FD /* BRCUserMapPoint.m */; };
		D95AB0F21B802CA000DFC2FD /* BRCBreadcrumbPoint.m in Sources */ = {isa = PBXBuildFile; fileRef = D95AB0F11B802CA000DFC2FD /* BRCBreadcrumbPoint.m */; };
		D95AB0F41B80662C00DFC2FD /* BRCDistanceView.swift in Sources */ = {isa = PBXBuildFile; fileRef = D95AB0F31B80662C00DFC2FD /* BRCDistanceView.swift */; };
		D975CAF2198DAB5A00CC8226 /* BRCSecrets.m in Sources */ = {isa = PBXBuildFile; fileRef = D975CAF1198DAB5A00CC8226 /* BRCSecrets.m */; };
		D977C8601EF23036007766A9 /* BaseMapViewController.swift in Sources */ = {isa = PBXBuildFile; fileRef = D977C85F1EF23036007766A9 /* BaseMapViewController.swift */; };
		D977C8621EF238F7007766A9 /* MGLMapView+iBurn.swift in Sources */ = {isa = PBXBuildFile; fileRef = D977C8611EF238F7007766A9 /* MGLMapView+iBurn.swift */; };
		D977C8641EF23994007766A9 /* MapDetailViewController.swift in Sources */ = {isa = PBXBuildFile; fileRef = D977C8631EF23994007766A9 /* MapDetailViewController.swift */; };
		D977E0431B83F43900FFC20F /* BRCEventsViewController.swift in Sources */ = {isa = PBXBuildFile; fileRef = D977E0421B83F43900FFC20F /* BRCEventsViewController.swift */; };
		D977E0461B83F6E900FFC20F /* BRCDataObject+Relationships.m in Sources */ = {isa = PBXBuildFile; fileRef = D977E0451B83F6E900FFC20F /* BRCDataObject+Relationships.m */; };
		D977E0491B84082D00FFC20F /* BRCEventRelationshipDetailInfoCell.m in Sources */ = {isa = PBXBuildFile; fileRef = D977E0481B84082D00FFC20F /* BRCEventRelationshipDetailInfoCell.m */; };
		D9794B74198BBFB400D7FDA7 /* UIColor+iBurn.m in Sources */ = {isa = PBXBuildFile; fileRef = D9794B73198BBFB400D7FDA7 /* UIColor+iBurn.m */; };
		D97D7A31198ADBE400CA7828 /* NSDateFormatter+iBurn.m in Sources */ = {isa = PBXBuildFile; fileRef = D97D7A30198ADBE400CA7828 /* NSDateFormatter+iBurn.m */; };
		D97D7A34198AF7BD00CA7828 /* NSDate+iBurn.m in Sources */ = {isa = PBXBuildFile; fileRef = D97D7A33198AF7BD00CA7828 /* NSDate+iBurn.m */; };
		D980A9161B3F5AA300BE3682 /* BRCDataImportTests.m in Sources */ = {isa = PBXBuildFile; fileRef = D980A9151B3F5AA300BE3682 /* BRCDataImportTests.m */; };
		D9895E801B7E7CA800A63F92 /* onboarding_loop_final.mp4 in Resources */ = {isa = PBXBuildFile; fileRef = D9895E7F1B7E7CA800A63F92 /* onboarding_loop_final.mp4 */; };
		D9914C4D1B40C54600F90663 /* initial_data in Resources */ = {isa = PBXBuildFile; fileRef = D9914C4B1B40C54600F90663 /* initial_data */; };
		D9914C4E1B40C54600F90663 /* updated_data in Resources */ = {isa = PBXBuildFile; fileRef = D9914C4C1B40C54600F90663 /* updated_data */; };
		D9914C531B40D61500F90663 /* BRCUpdateInfo.m in Sources */ = {isa = PBXBuildFile; fileRef = D9914C521B40D61500F90663 /* BRCUpdateInfo.m */; };
		D99395A8198B897B00E9ADD2 /* BRCDetailInfoTableViewCell.m in Sources */ = {isa = PBXBuildFile; fileRef = D99395A7198B897B00E9ADD2 /* BRCDetailInfoTableViewCell.m */; };
		D99395AB198B986B00E9ADD2 /* TTTTimeIntervalFormatter+iBurn.m in Sources */ = {isa = PBXBuildFile; fileRef = D99395AA198B986B00E9ADD2 /* TTTTimeIntervalFormatter+iBurn.m */; };
		D99395AE198B991900E9ADD2 /* TTTLocationFormatter+iBurn.m in Sources */ = {isa = PBXBuildFile; fileRef = D99395AD198B991900E9ADD2 /* TTTLocationFormatter+iBurn.m */; };
		D994155719871D1500D245C7 /* BRCFilteredTableViewController.m in Sources */ = {isa = PBXBuildFile; fileRef = D994155619871D1500D245C7 /* BRCFilteredTableViewController.m */; };
		D994156119871E8400D245C7 /* BRCEventsTableViewController.m in Sources */ = {isa = PBXBuildFile; fileRef = D994156019871E8400D245C7 /* BRCEventsTableViewController.m */; };
		D99415641987222800D245C7 /* BRCDataObject.m in Sources */ = {isa = PBXBuildFile; fileRef = D99415631987222800D245C7 /* BRCDataObject.m */; };
		D9941568198726A700D245C7 /* BRCArtObject.m in Sources */ = {isa = PBXBuildFile; fileRef = D9941567198726A700D245C7 /* BRCArtObject.m */; };
		D994156B198726B600D245C7 /* BRCCampObject.m in Sources */ = {isa = PBXBuildFile; fileRef = D994156A198726B600D245C7 /* BRCCampObject.m */; };
		D994156E198726C100D245C7 /* BRCEventObject.m in Sources */ = {isa = PBXBuildFile; fileRef = D994156D198726C100D245C7 /* BRCEventObject.m */; };
		D994157A1987277500D245C7 /* BRCDatabaseManager.m in Sources */ = {isa = PBXBuildFile; fileRef = D99415791987277500D245C7 /* BRCDatabaseManager.m */; };
		D994157F1987399F00D245C7 /* BRCEventTime.m in Sources */ = {isa = PBXBuildFile; fileRef = D994157E1987399F00D245C7 /* BRCEventTime.m */; };
		D99A61581B2A0AAD009CC09E /* Pods-iBurnAbstract-iBurn-acknowledgements.plist in Resources */ = {isa = PBXBuildFile; fileRef = D99A61571B2A0AAD009CC09E /* Pods-iBurnAbstract-iBurn-acknowledgements.plist */; };
		D9ADBF5F1D6BA9A7003A71DF /* bundle.js in Resources */ = {isa = PBXBuildFile; fileRef = D9ADBF5E1D6BA9A6003A71DF /* bundle.js */; };
		D9ADBF601D6BAEB1003A71DF /* iBurn-2016 in Resources */ = {isa = PBXBuildFile; fileRef = D91392DF1D6519300090E093 /* iBurn-2016 */; };
		D9B362B11998157B0093B441 /* BRCAcknowledgementsViewController.m in Sources */ = {isa = PBXBuildFile; fileRef = D9B362B01998157B0093B441 /* BRCAcknowledgementsViewController.m */; };
		D9B362B4199821EB0093B441 /* NSURL+iBurn.m in Sources */ = {isa = PBXBuildFile; fileRef = D9B362B3199821EB0093B441 /* NSURL+iBurn.m */; };
		D9B362B71998253A0093B441 /* BRCSocialButtonsView.m in Sources */ = {isa = PBXBuildFile; fileRef = D9B362B61998253A0093B441 /* BRCSocialButtonsView.m */; };
		D9B362BA199AB5320093B441 /* BRCMapPoint.m in Sources */ = {isa = PBXBuildFile; fileRef = D9B362B9199AB5320093B441 /* BRCMapPoint.m */; };
		D9B73FFE1B78BF34001D04E3 /* BRCNearbyViewController.swift in Sources */ = {isa = PBXBuildFile; fileRef = D9B73FFD1B78BF34001D04E3 /* BRCNearbyViewController.swift */; };
		D9BD4C021B7876E800313FB5 /* BRCCreditsInfo.m in Sources */ = {isa = PBXBuildFile; fileRef = D9BD4C011B7876E800313FB5 /* BRCCreditsInfo.m */; };
		D9BD4C051B78788E00313FB5 /* BRCCreditsViewController.swift in Sources */ = {isa = PBXBuildFile; fileRef = D9BD4C041B78788E00313FB5 /* BRCCreditsViewController.swift */; };
		D9BD4C081B787A4400313FB5 /* NSBundle+iBurn.m in Sources */ = {isa = PBXBuildFile; fileRef = D9BD4C071B787A4400313FB5 /* NSBundle+iBurn.m */; };
		D9BF9A671D515FF7004AA63B /* 2016 in Resources */ = {isa = PBXBuildFile; fileRef = D9BF9A661D515FF7004AA63B /* 2016 */; };
		D9BF9A6A1D52A86A004AA63B /* BRCAudioTourViewController.swift in Sources */ = {isa = PBXBuildFile; fileRef = D9BF9A691D52A86A004AA63B /* BRCAudioTourViewController.swift */; };
		D9C30F6E1B82EDBB00CD03CC /* BRCFavoritesViewController.swift in Sources */ = {isa = PBXBuildFile; fileRef = D9C30F6D1B82EDBB00CD03CC /* BRCFavoritesViewController.swift */; };
		D9C30F701B82EE6700CD03CC /* BRCSortedViewController.swift in Sources */ = {isa = PBXBuildFile; fileRef = D9C30F6F1B82EE6700CD03CC /* BRCSortedViewController.swift */; };
		D9C94D7A1B2CE24800E04EB1 /* FontAwesome.ttf in Resources */ = {isa = PBXBuildFile; fileRef = D9C94D791B2CE24800E04EB1 /* FontAwesome.ttf */; };
		D9C94D801B2CEB4C00E04EB1 /* Launch Screen.xib in Resources */ = {isa = PBXBuildFile; fileRef = D9C94D7F1B2CEB4C00E04EB1 /* Launch Screen.xib */; };
		D9C9D2BD1B7D58F1002C95E4 /* More.storyboard in Resources */ = {isa = PBXBuildFile; fileRef = D9C9D2BC1B7D58F1002C95E4 /* More.storyboard */; };
		D9C9D2C11B7D64C0002C95E4 /* BRCMoreViewController.swift in Sources */ = {isa = PBXBuildFile; fileRef = D9C9D2C01B7D64C0002C95E4 /* BRCMoreViewController.swift */; };
		D9D12F5A1B5AF4DE0048229A /* libsqlite3.dylib in Frameworks */ = {isa = PBXBuildFile; fileRef = D9D12F591B5AF4DE0048229A /* libsqlite3.dylib */; };
		D9D12F5C1B5AF4EE0048229A /* Accounts.framework in Frameworks */ = {isa = PBXBuildFile; fileRef = D9D12F5B1B5AF4EE0048229A /* Accounts.framework */; };
		D9D12F5E1B5AF4F70048229A /* SystemConfiguration.framework in Frameworks */ = {isa = PBXBuildFile; fileRef = D9D12F5D1B5AF4F70048229A /* SystemConfiguration.framework */; };
		D9D12F601B5AF4FF0048229A /* AudioToolbox.framework in Frameworks */ = {isa = PBXBuildFile; fileRef = D9D12F5F1B5AF4FF0048229A /* AudioToolbox.framework */; };
		D9D12F621B5AF5070048229A /* Social.framework in Frameworks */ = {isa = PBXBuildFile; fileRef = D9D12F611B5AF5070048229A /* Social.framework */; };
		D9D42BFD1D59439C0002AC96 /* BRCMediaDownloader.swift in Sources */ = {isa = PBXBuildFile; fileRef = D9D42BFC1D59439C0002AC96 /* BRCMediaDownloader.swift */; };
		D9DE7BB01EF25C11007A983E /* MapViewController.swift in Sources */ = {isa = PBXBuildFile; fileRef = D9DE7BAF1EF25C11007A983E /* MapViewController.swift */; };
		D9DE7BB21EF27AE9007A983E /* SidebarButtonsView.swift in Sources */ = {isa = PBXBuildFile; fileRef = D9DE7BB11EF27AE9007A983E /* SidebarButtonsView.swift */; };
		D9E28F86198823CC009B3A7A /* BRCRecurringEventObject.m in Sources */ = {isa = PBXBuildFile; fileRef = D9E28F85198823CC009B3A7A /* BRCRecurringEventObject.m */; };
		D9EC0E591B7DE0200042B596 /* BRCPermissions.swift in Sources */ = {isa = PBXBuildFile; fileRef = D9EC0E581B7DE0200042B596 /* BRCPermissions.swift */; };
		D9EC1BEF1D47E29A004A62E6 /* BRCOnboardingViewController.m in Sources */ = {isa = PBXBuildFile; fileRef = D9EC1BEE1D47E29A004A62E6 /* BRCOnboardingViewController.m */; };
		D9F3BF0E1D5528EB00013153 /* BRCAudioPlayer.swift in Sources */ = {isa = PBXBuildFile; fileRef = D9F3BF0D1D5528EB00013153 /* BRCAudioPlayer.swift */; };
		D9FC5E331D54110300D41AEE /* BRCArtObjectTableViewCell.m in Sources */ = {isa = PBXBuildFile; fileRef = D9FC5E321D54110300D41AEE /* BRCArtObjectTableViewCell.m */; };
		D9FC5E351D54112D00D41AEE /* BRCArtObjectTableViewCell.xib in Resources */ = {isa = PBXBuildFile; fileRef = D9FC5E341D54112D00D41AEE /* BRCArtObjectTableViewCell.xib */; };
		F23C8310E424F497B2CFDE53 /* Pods_iBurnAbstract_iBurnTests.framework in Frameworks */ = {isa = PBXBuildFile; fileRef = B32B80036C680FE7F3185B79 /* Pods_iBurnAbstract_iBurnTests.framework */; };
/* End PBXBuildFile section */

/* Begin PBXContainerItemProxy section */
		D980A9101B3F5A6400BE3682 /* PBXContainerItemProxy */ = {
			isa = PBXContainerItemProxy;
			containerPortal = 63CE2A4C1987140F00F65B01 /* Project object */;
			proxyType = 1;
			remoteGlobalIDString = 63CE2A531987140F00F65B01;
			remoteInfo = iBurn;
		};
/* End PBXContainerItemProxy section */

/* Begin PBXFileReference section */
		5C8C085A67599EA761E94627 /* Pods.framework */ = {isa = PBXFileReference; explicitFileType = wrapper.framework; includeInIndex = 0; path = Pods.framework; sourceTree = BUILT_PRODUCTS_DIR; };
		5C938B49996428877731060F /* Pods-iBurnAbstract-iBurn.debug.xcconfig */ = {isa = PBXFileReference; includeInIndex = 1; lastKnownFileType = text.xcconfig; name = "Pods-iBurnAbstract-iBurn.debug.xcconfig"; path = "Pods/Target Support Files/Pods-iBurnAbstract-iBurn/Pods-iBurnAbstract-iBurn.debug.xcconfig"; sourceTree = "<group>"; };
		63010EFD1B72DEEA000A847C /* BRCGeocoder.h */ = {isa = PBXFileReference; fileEncoding = 4; lastKnownFileType = sourcecode.c.h; path = BRCGeocoder.h; sourceTree = "<group>"; };
		63010EFE1B72DEEA000A847C /* BRCGeocoder.m */ = {isa = PBXFileReference; fileEncoding = 4; lastKnownFileType = sourcecode.c.objc; path = BRCGeocoder.m; sourceTree = "<group>"; };
		63010F001B72E2EA000A847C /* BRCGeocoderTest.m */ = {isa = PBXFileReference; fileEncoding = 4; lastKnownFileType = sourcecode.c.objc; path = BRCGeocoderTest.m; sourceTree = "<group>"; };
		630861C7199029D100AD7109 /* BRCLocations.h */ = {isa = PBXFileReference; fileEncoding = 4; lastKnownFileType = sourcecode.c.h; path = BRCLocations.h; sourceTree = "<group>"; };
		630861C8199029D100AD7109 /* BRCLocations.m */ = {isa = PBXFileReference; fileEncoding = 4; lastKnownFileType = sourcecode.c.objc; path = BRCLocations.m; sourceTree = "<group>"; };
		632282FF19881DDE009E472B /* BRCDetailViewController.h */ = {isa = PBXFileReference; fileEncoding = 4; lastKnownFileType = sourcecode.c.h; path = BRCDetailViewController.h; sourceTree = "<group>"; };
		6322830019881DDE009E472B /* BRCDetailViewController.m */ = {isa = PBXFileReference; fileEncoding = 4; lastKnownFileType = sourcecode.c.objc; path = BRCDetailViewController.m; sourceTree = "<group>"; };
		6322830319881F41009E472B /* BRCDetailCellInfo.h */ = {isa = PBXFileReference; fileEncoding = 4; lastKnownFileType = sourcecode.c.h; path = BRCDetailCellInfo.h; sourceTree = "<group>"; };
		6322830419881F41009E472B /* BRCDetailCellInfo.m */ = {isa = PBXFileReference; fileEncoding = 4; lastKnownFileType = sourcecode.c.objc; path = BRCDetailCellInfo.m; sourceTree = "<group>"; };
		6322830919882153009E472B /* BRCRelationshipDetailInfoCell.h */ = {isa = PBXFileReference; fileEncoding = 4; lastKnownFileType = sourcecode.c.h; path = BRCRelationshipDetailInfoCell.h; sourceTree = "<group>"; };
		6322830A19882153009E472B /* BRCRelationshipDetailInfoCell.m */ = {isa = PBXFileReference; fileEncoding = 4; lastKnownFileType = sourcecode.c.objc; path = BRCRelationshipDetailInfoCell.m; sourceTree = "<group>"; };
		632283131989AF92009E472B /* BRCBaseMapViewController.h */ = {isa = PBXFileReference; fileEncoding = 4; lastKnownFileType = sourcecode.c.h; path = BRCBaseMapViewController.h; sourceTree = "<group>"; };
		632283141989AF92009E472B /* BRCBaseMapViewController.m */ = {isa = PBXFileReference; fileEncoding = 4; lastKnownFileType = sourcecode.c.objc; path = BRCBaseMapViewController.m; sourceTree = "<group>"; };
		632283191989B139009E472B /* BRCDetailMapViewController.h */ = {isa = PBXFileReference; fileEncoding = 4; lastKnownFileType = sourcecode.c.h; path = BRCDetailMapViewController.h; sourceTree = "<group>"; };
		6322831A1989B139009E472B /* BRCDetailMapViewController.m */ = {isa = PBXFileReference; fileEncoding = 4; lastKnownFileType = sourcecode.c.objc; path = BRCDetailMapViewController.m; sourceTree = "<group>"; };
		63228325198C1BF7009E472B /* BRCEventsFilterTableViewController.h */ = {isa = PBXFileReference; fileEncoding = 4; lastKnownFileType = sourcecode.c.h; path = BRCEventsFilterTableViewController.h; sourceTree = "<group>"; };
		63228326198C1BF7009E472B /* BRCEventsFilterTableViewController.m */ = {isa = PBXFileReference; fileEncoding = 4; lastKnownFileType = sourcecode.c.objc; path = BRCEventsFilterTableViewController.m; sourceTree = "<group>"; };
		63228329198C2B48009E472B /* NSUserDefaults+iBurn.h */ = {isa = PBXFileReference; fileEncoding = 4; lastKnownFileType = sourcecode.c.h; path = "NSUserDefaults+iBurn.h"; sourceTree = "<group>"; };
		6322832A198C2B48009E472B /* NSUserDefaults+iBurn.m */ = {isa = PBXFileReference; fileEncoding = 4; lastKnownFileType = sourcecode.c.objc; path = "NSUserDefaults+iBurn.m"; sourceTree = "<group>"; };
		632F77551993FC8100707FAF /* BRCEmbargoPasscodeViewController.h */ = {isa = PBXFileReference; fileEncoding = 4; lastKnownFileType = sourcecode.c.h; path = BRCEmbargoPasscodeViewController.h; sourceTree = "<group>"; };
		632F77561993FC8100707FAF /* BRCEmbargoPasscodeViewController.m */ = {isa = PBXFileReference; fileEncoding = 4; lastKnownFileType = sourcecode.c.objc; path = BRCEmbargoPasscodeViewController.m; sourceTree = "<group>"; };
		639E638B1994178500B62A92 /* BRCEmbargo.h */ = {isa = PBXFileReference; fileEncoding = 4; lastKnownFileType = sourcecode.c.h; path = BRCEmbargo.h; sourceTree = "<group>"; };
		639E638C1994178500B62A92 /* BRCEmbargo.m */ = {isa = PBXFileReference; fileEncoding = 4; lastKnownFileType = sourcecode.c.objc; path = BRCEmbargo.m; sourceTree = "<group>"; };
		63C11EB31B7C580400428FB8 /* bundle.js */ = {isa = PBXFileReference; fileEncoding = 4; lastKnownFileType = sourcecode.javascript; name = bundle.js; path = "Submodules/iBurn-Data/scripts/2015/geocoder/bundle.js"; sourceTree = SOURCE_ROOT; };
		63CD6909199AB4EE0025C8A1 /* BRCAnnotationEditView.h */ = {isa = PBXFileReference; fileEncoding = 4; lastKnownFileType = sourcecode.c.h; path = BRCAnnotationEditView.h; sourceTree = "<group>"; };
		63CD690A199AB4EE0025C8A1 /* BRCAnnotationEditView.m */ = {isa = PBXFileReference; fileEncoding = 4; lastKnownFileType = sourcecode.c.objc; path = BRCAnnotationEditView.m; sourceTree = "<group>"; };
		63CE2A541987140F00F65B01 /* iBurn.app */ = {isa = PBXFileReference; explicitFileType = wrapper.application; includeInIndex = 0; path = iBurn.app; sourceTree = BUILT_PRODUCTS_DIR; };
		63CE2A571987140F00F65B01 /* Foundation.framework */ = {isa = PBXFileReference; lastKnownFileType = wrapper.framework; name = Foundation.framework; path = System/Library/Frameworks/Foundation.framework; sourceTree = SDKROOT; };
		63CE2A591987140F00F65B01 /* CoreGraphics.framework */ = {isa = PBXFileReference; lastKnownFileType = wrapper.framework; name = CoreGraphics.framework; path = System/Library/Frameworks/CoreGraphics.framework; sourceTree = SDKROOT; };
		63CE2A5B1987140F00F65B01 /* UIKit.framework */ = {isa = PBXFileReference; lastKnownFileType = wrapper.framework; name = UIKit.framework; path = System/Library/Frameworks/UIKit.framework; sourceTree = SDKROOT; };
		63CE2A5F1987140F00F65B01 /* iBurn-Info.plist */ = {isa = PBXFileReference; lastKnownFileType = text.plist.xml; path = "iBurn-Info.plist"; sourceTree = "<group>"; };
		63CE2A611987140F00F65B01 /* en */ = {isa = PBXFileReference; lastKnownFileType = text.plist.strings; name = en; path = en.lproj/InfoPlist.strings; sourceTree = "<group>"; };
		63CE2A631987140F00F65B01 /* main.m */ = {isa = PBXFileReference; lastKnownFileType = sourcecode.c.objc; path = main.m; sourceTree = "<group>"; };
		63CE2A651987140F00F65B01 /* iBurn-Prefix.pch */ = {isa = PBXFileReference; lastKnownFileType = sourcecode.c.h; path = "iBurn-Prefix.pch"; sourceTree = "<group>"; };
		63CE2A661987140F00F65B01 /* BRCAppDelegate.h */ = {isa = PBXFileReference; lastKnownFileType = sourcecode.c.h; path = BRCAppDelegate.h; sourceTree = "<group>"; };
		63CE2A671987140F00F65B01 /* BRCAppDelegate.m */ = {isa = PBXFileReference; lastKnownFileType = sourcecode.c.objc; path = BRCAppDelegate.m; sourceTree = "<group>"; };
		63CE2A691987140F00F65B01 /* Images.xcassets */ = {isa = PBXFileReference; lastKnownFileType = folder.assetcatalog; path = Images.xcassets; sourceTree = "<group>"; };
		63CE2A701987140F00F65B01 /* XCTest.framework */ = {isa = PBXFileReference; lastKnownFileType = wrapper.framework; name = XCTest.framework; path = Library/Frameworks/XCTest.framework; sourceTree = DEVELOPER_DIR; };
		63D270F71987159A00204954 /* BRCMapViewController.h */ = {isa = PBXFileReference; fileEncoding = 4; lastKnownFileType = sourcecode.c.h; path = BRCMapViewController.h; sourceTree = "<group>"; };
		63D270F81987159A00204954 /* BRCMapViewController.m */ = {isa = PBXFileReference; fileEncoding = 4; lastKnownFileType = sourcecode.c.objc; path = BRCMapViewController.m; sourceTree = "<group>"; };
		65C20DF5B15D2087485F0E97 /* Pods-iBurnAbstract-iBurn.release.xcconfig */ = {isa = PBXFileReference; includeInIndex = 1; lastKnownFileType = text.xcconfig; name = "Pods-iBurnAbstract-iBurn.release.xcconfig"; path = "Pods/Target Support Files/Pods-iBurnAbstract-iBurn/Pods-iBurnAbstract-iBurn.release.xcconfig"; sourceTree = "<group>"; };
		AD46B030994031DA5726D21C /* Pods_iBurnAbstract_iBurn.framework */ = {isa = PBXFileReference; explicitFileType = wrapper.framework; includeInIndex = 0; path = Pods_iBurnAbstract_iBurn.framework; sourceTree = BUILT_PRODUCTS_DIR; };
		B32B80036C680FE7F3185B79 /* Pods_iBurnAbstract_iBurnTests.framework */ = {isa = PBXFileReference; explicitFileType = wrapper.framework; includeInIndex = 0; path = Pods_iBurnAbstract_iBurnTests.framework; sourceTree = BUILT_PRODUCTS_DIR; };
		C8C62A2C07A29EED6BD93DDA /* Pods-iBurnAbstract-iBurnTests.debug.xcconfig */ = {isa = PBXFileReference; includeInIndex = 1; lastKnownFileType = text.xcconfig; name = "Pods-iBurnAbstract-iBurnTests.debug.xcconfig"; path = "Pods/Target Support Files/Pods-iBurnAbstract-iBurnTests/Pods-iBurnAbstract-iBurnTests.debug.xcconfig"; sourceTree = "<group>"; };
		D90132051B7C685D007A11B8 /* PFAnalytics+iBurn.h */ = {isa = PBXFileReference; fileEncoding = 4; lastKnownFileType = sourcecode.c.h; path = "PFAnalytics+iBurn.h"; sourceTree = "<group>"; };
		D90132061B7C685D007A11B8 /* PFAnalytics+iBurn.m */ = {isa = PBXFileReference; fileEncoding = 4; lastKnownFileType = sourcecode.c.objc; path = "PFAnalytics+iBurn.m"; sourceTree = "<group>"; };
		D902DF0A1B7B19FC00057898 /* BRCDataSorter.swift */ = {isa = PBXFileReference; fileEncoding = 4; lastKnownFileType = sourcecode.swift; path = BRCDataSorter.swift; sourceTree = "<group>"; };
		D902DF0C1B7B1F2D00057898 /* iBurnTests-Bridging-Header.h */ = {isa = PBXFileReference; lastKnownFileType = sourcecode.c.h; path = "iBurnTests-Bridging-Header.h"; sourceTree = "<group>"; };
		D902DF0D1B7B1F2D00057898 /* BRCDataSorterTests.swift */ = {isa = PBXFileReference; fileEncoding = 4; lastKnownFileType = sourcecode.swift; path = BRCDataSorterTests.swift; sourceTree = "<group>"; };
		D902DF0F1B7B228100057898 /* BRCDataImportTests.h */ = {isa = PBXFileReference; fileEncoding = 4; lastKnownFileType = sourcecode.c.h; path = BRCDataImportTests.h; sourceTree = "<group>"; };
		D9046ED3198C65D70013CCF4 /* art_data.json */ = {isa = PBXFileReference; lastKnownFileType = text.json; path = art_data.json; sourceTree = "<group>"; };
		D9046ED4198C65D70013CCF4 /* camp_data.json */ = {isa = PBXFileReference; lastKnownFileType = text.json; path = camp_data.json; sourceTree = "<group>"; };
		D9046ED5198C65D70013CCF4 /* dates_info.json */ = {isa = PBXFileReference; lastKnownFileType = text.json; path = dates_info.json; sourceTree = "<group>"; };
		D9046ED6198C65D70013CCF4 /* event_data.json */ = {isa = PBXFileReference; lastKnownFileType = text.json; path = event_data.json; sourceTree = "<group>"; };
		D9046EF4198C65D70013CCF4 /* iburn.mbtiles */ = {isa = PBXFileReference; lastKnownFileType = file; path = iburn.mbtiles; sourceTree = "<group>"; };
		D9046EF6198C65F40013CCF4 /* art.json */ = {isa = PBXFileReference; fileEncoding = 4; lastKnownFileType = text.json; path = art.json; sourceTree = "<group>"; };
		D9046EF7198C65F40013CCF4 /* camps.json */ = {isa = PBXFileReference; fileEncoding = 4; lastKnownFileType = text.json; path = camps.json; sourceTree = "<group>"; };
		D9046EF8198C65F40013CCF4 /* dates_info.json */ = {isa = PBXFileReference; fileEncoding = 4; lastKnownFileType = text.json; path = dates_info.json; sourceTree = "<group>"; };
		D9046F19198C65F40013CCF4 /* iburn.mbtiles */ = {isa = PBXFileReference; lastKnownFileType = file; path = iburn.mbtiles; sourceTree = "<group>"; };
		D9046F37198C6CDE0013CCF4 /* events.json */ = {isa = PBXFileReference; fileEncoding = 4; lastKnownFileType = text.json; path = events.json; sourceTree = "<group>"; };
		D9071FE51996C4A7005C3639 /* NSData+iBurn.h */ = {isa = PBXFileReference; fileEncoding = 4; lastKnownFileType = sourcecode.c.h; path = "NSData+iBurn.h"; sourceTree = "<group>"; };
		D9071FE61996C4A7005C3639 /* NSData+iBurn.m */ = {isa = PBXFileReference; fileEncoding = 4; lastKnownFileType = sourcecode.c.objc; path = "NSData+iBurn.m"; sourceTree = "<group>"; };
		D90FFA361EEFAC10005127D0 /* MapViewDelegate.swift */ = {isa = PBXFileReference; lastKnownFileType = sourcecode.swift; path = MapViewDelegate.swift; sourceTree = "<group>"; };
		D90FFA381EEFAF19005127D0 /* BRCAnnotationView.swift */ = {isa = PBXFileReference; lastKnownFileType = sourcecode.swift; path = BRCAnnotationView.swift; sourceTree = "<group>"; };
		D90FFA3C1EEFB279005127D0 /* BRCUserTrackingBarButtonItem.h */ = {isa = PBXFileReference; lastKnownFileType = sourcecode.c.h; path = BRCUserTrackingBarButtonItem.h; sourceTree = "<group>"; };
		D90FFA3D1EEFB279005127D0 /* BRCUserTrackingBarButtonItem.m */ = {isa = PBXFileReference; lastKnownFileType = sourcecode.c.objc; path = BRCUserTrackingBarButtonItem.m; sourceTree = "<group>"; };
		D90FFA3F1EEFB4F6005127D0 /* UserTracking.xcassets */ = {isa = PBXFileReference; lastKnownFileType = folder.assetcatalog; path = UserTracking.xcassets; sourceTree = "<group>"; };
		D91392DF1D6519300090E093 /* iBurn-2016 */ = {isa = PBXFileReference; lastKnownFileType = folder; name = "iBurn-2016"; path = "Submodules/iBurn-Data/data/2016/iBurn-2016"; sourceTree = SOURCE_ROOT; };
		D92562BF19886EBF00ED6B50 /* BRCDataObjectTableViewCell.h */ = {isa = PBXFileReference; fileEncoding = 4; lastKnownFileType = sourcecode.c.h; path = BRCDataObjectTableViewCell.h; sourceTree = "<group>"; };
		D92562C019886EBF00ED6B50 /* BRCDataObjectTableViewCell.m */ = {isa = PBXFileReference; fileEncoding = 4; lastKnownFileType = sourcecode.c.objc; path = BRCDataObjectTableViewCell.m; sourceTree = "<group>"; };
		D92562C119886EBF00ED6B50 /* BRCDataObjectTableViewCell.xib */ = {isa = PBXFileReference; fileEncoding = 4; lastKnownFileType = file.xib; path = BRCDataObjectTableViewCell.xib; sourceTree = "<group>"; };
		D92562C4198876C400ED6B50 /* BRCEventObjectTableViewCell.h */ = {isa = PBXFileReference; fileEncoding = 4; lastKnownFileType = sourcecode.c.h; path = BRCEventObjectTableViewCell.h; sourceTree = "<group>"; };
		D92562C5198876C400ED6B50 /* BRCEventObjectTableViewCell.m */ = {isa = PBXFileReference; fileEncoding = 4; lastKnownFileType = sourcecode.c.objc; path = BRCEventObjectTableViewCell.m; sourceTree = "<group>"; };
		D92562C71988771400ED6B50 /* BRCEventObjectTableViewCell.xib */ = {isa = PBXFileReference; fileEncoding = 4; lastKnownFileType = file.xib; path = BRCEventObjectTableViewCell.xib; sourceTree = "<group>"; };
		D92562CD198A20D600ED6B50 /* MGLMapView+iBurn.h */ = {isa = PBXFileReference; fileEncoding = 4; lastKnownFileType = sourcecode.c.h; path = "MGLMapView+iBurn.h"; sourceTree = "<group>"; };
		D92562CE198A20D600ED6B50 /* MGLMapView+iBurn.m */ = {isa = PBXFileReference; fileEncoding = 4; lastKnownFileType = sourcecode.c.objc; path = "MGLMapView+iBurn.m"; sourceTree = "<group>"; };
		D927BDB11EF4778000B7324D /* UserGuidance.swift */ = {isa = PBXFileReference; lastKnownFileType = sourcecode.swift; path = UserGuidance.swift; sourceTree = "<group>"; };
		D92B95991B7B0CC300116781 /* 2015 */ = {isa = PBXFileReference; lastKnownFileType = folder; name = 2015; path = "Submodules/iBurn-Data/data/2015/2015"; sourceTree = SOURCE_ROOT; };
		D94EFA4F199158D2009F12F4 /* CLLocationManager+iBurn.h */ = {isa = PBXFileReference; fileEncoding = 4; lastKnownFileType = sourcecode.c.h; path = "CLLocationManager+iBurn.h"; sourceTree = "<group>"; };
		D94EFA50199158D2009F12F4 /* CLLocationManager+iBurn.m */ = {isa = PBXFileReference; fileEncoding = 4; lastKnownFileType = sourcecode.c.objc; path = "CLLocationManager+iBurn.m"; sourceTree = "<group>"; };
		D95AB0ED1B7FF5FF00DFC2FD /* BRCUserMapPoint.h */ = {isa = PBXFileReference; fileEncoding = 4; lastKnownFileType = sourcecode.c.h; path = BRCUserMapPoint.h; sourceTree = "<group>"; };
		D95AB0EE1B7FF5FF00DFC2FD /* BRCUserMapPoint.m */ = {isa = PBXFileReference; fileEncoding = 4; lastKnownFileType = sourcecode.c.objc; path = BRCUserMapPoint.m; sourceTree = "<group>"; };
		D95AB0F01B802CA000DFC2FD /* BRCBreadcrumbPoint.h */ = {isa = PBXFileReference; fileEncoding = 4; lastKnownFileType = sourcecode.c.h; path = BRCBreadcrumbPoint.h; sourceTree = "<group>"; };
		D95AB0F11B802CA000DFC2FD /* BRCBreadcrumbPoint.m */ = {isa = PBXFileReference; fileEncoding = 4; lastKnownFileType = sourcecode.c.objc; path = BRCBreadcrumbPoint.m; sourceTree = "<group>"; };
		D95AB0F31B80662C00DFC2FD /* BRCDistanceView.swift */ = {isa = PBXFileReference; fileEncoding = 4; lastKnownFileType = sourcecode.swift; path = BRCDistanceView.swift; sourceTree = "<group>"; };
		D972BD2319934037008057DB /* iBurn-database */ = {isa = PBXFileReference; lastKnownFileType = folder; path = "iBurn-database"; sourceTree = "<group>"; };
		D975CAF0198DAB5A00CC8226 /* BRCSecrets.h */ = {isa = PBXFileReference; fileEncoding = 4; lastKnownFileType = sourcecode.c.h; path = BRCSecrets.h; sourceTree = "<group>"; };
		D975CAF1198DAB5A00CC8226 /* BRCSecrets.m */ = {isa = PBXFileReference; fileEncoding = 4; lastKnownFileType = sourcecode.c.objc; path = BRCSecrets.m; sourceTree = "<group>"; };
		D977C85F1EF23036007766A9 /* BaseMapViewController.swift */ = {isa = PBXFileReference; lastKnownFileType = sourcecode.swift; path = BaseMapViewController.swift; sourceTree = "<group>"; };
		D977C8611EF238F7007766A9 /* MGLMapView+iBurn.swift */ = {isa = PBXFileReference; lastKnownFileType = sourcecode.swift; path = "MGLMapView+iBurn.swift"; sourceTree = "<group>"; };
		D977C8631EF23994007766A9 /* MapDetailViewController.swift */ = {isa = PBXFileReference; lastKnownFileType = sourcecode.swift; path = MapDetailViewController.swift; sourceTree = "<group>"; };
		D977E0421B83F43900FFC20F /* BRCEventsViewController.swift */ = {isa = PBXFileReference; fileEncoding = 4; lastKnownFileType = sourcecode.swift; path = BRCEventsViewController.swift; sourceTree = "<group>"; };
		D977E0441B83F6E900FFC20F /* BRCDataObject+Relationships.h */ = {isa = PBXFileReference; fileEncoding = 4; lastKnownFileType = sourcecode.c.h; path = "BRCDataObject+Relationships.h"; sourceTree = "<group>"; };
		D977E0451B83F6E900FFC20F /* BRCDataObject+Relationships.m */ = {isa = PBXFileReference; fileEncoding = 4; lastKnownFileType = sourcecode.c.objc; path = "BRCDataObject+Relationships.m"; sourceTree = "<group>"; };
		D977E0471B84082D00FFC20F /* BRCEventRelationshipDetailInfoCell.h */ = {isa = PBXFileReference; fileEncoding = 4; lastKnownFileType = sourcecode.c.h; path = BRCEventRelationshipDetailInfoCell.h; sourceTree = "<group>"; };
		D977E0481B84082D00FFC20F /* BRCEventRelationshipDetailInfoCell.m */ = {isa = PBXFileReference; fileEncoding = 4; lastKnownFileType = sourcecode.c.objc; path = BRCEventRelationshipDetailInfoCell.m; sourceTree = "<group>"; };
		D9794B72198BBFB400D7FDA7 /* UIColor+iBurn.h */ = {isa = PBXFileReference; fileEncoding = 4; lastKnownFileType = sourcecode.c.h; path = "UIColor+iBurn.h"; sourceTree = "<group>"; };
		D9794B73198BBFB400D7FDA7 /* UIColor+iBurn.m */ = {isa = PBXFileReference; fileEncoding = 4; lastKnownFileType = sourcecode.c.objc; path = "UIColor+iBurn.m"; sourceTree = "<group>"; };
		D97D7A29198AD05000CA7828 /* BRCFilteredTableViewController_Private.h */ = {isa = PBXFileReference; lastKnownFileType = sourcecode.c.h; path = BRCFilteredTableViewController_Private.h; sourceTree = "<group>"; };
		D97D7A2F198ADBE400CA7828 /* NSDateFormatter+iBurn.h */ = {isa = PBXFileReference; fileEncoding = 4; lastKnownFileType = sourcecode.c.h; path = "NSDateFormatter+iBurn.h"; sourceTree = "<group>"; };
		D97D7A30198ADBE400CA7828 /* NSDateFormatter+iBurn.m */ = {isa = PBXFileReference; fileEncoding = 4; lastKnownFileType = sourcecode.c.objc; path = "NSDateFormatter+iBurn.m"; sourceTree = "<group>"; };
		D97D7A32198AF7BD00CA7828 /* NSDate+iBurn.h */ = {isa = PBXFileReference; fileEncoding = 4; lastKnownFileType = sourcecode.c.h; path = "NSDate+iBurn.h"; sourceTree = "<group>"; };
		D97D7A33198AF7BD00CA7828 /* NSDate+iBurn.m */ = {isa = PBXFileReference; fileEncoding = 4; lastKnownFileType = sourcecode.c.objc; path = "NSDate+iBurn.m"; sourceTree = "<group>"; };
		D980A90A1B3F5A6400BE3682 /* iBurnTests.xctest */ = {isa = PBXFileReference; explicitFileType = wrapper.cfbundle; includeInIndex = 0; path = iBurnTests.xctest; sourceTree = BUILT_PRODUCTS_DIR; };
		D980A90D1B3F5A6400BE3682 /* Info.plist */ = {isa = PBXFileReference; lastKnownFileType = text.plist.xml; path = Info.plist; sourceTree = "<group>"; };
		D980A9151B3F5AA300BE3682 /* BRCDataImportTests.m */ = {isa = PBXFileReference; fileEncoding = 4; lastKnownFileType = sourcecode.c.objc; path = BRCDataImportTests.m; sourceTree = "<group>"; };
		D9842A2E1B51EE710056455D /* BRCDataImporter_Private.h */ = {isa = PBXFileReference; lastKnownFileType = sourcecode.c.h; path = BRCDataImporter_Private.h; sourceTree = "<group>"; };
		D9895E7F1B7E7CA800A63F92 /* onboarding_loop_final.mp4 */ = {isa = PBXFileReference; lastKnownFileType = file; name = onboarding_loop_final.mp4; path = Media/onboarding_loop_final.mp4; sourceTree = SOURCE_ROOT; };
		D9914C4B1B40C54600F90663 /* initial_data */ = {isa = PBXFileReference; lastKnownFileType = folder; name = initial_data; path = TestData/2015/initial_data; sourceTree = "<group>"; };
		D9914C4C1B40C54600F90663 /* updated_data */ = {isa = PBXFileReference; lastKnownFileType = folder; name = updated_data; path = TestData/2015/updated_data; sourceTree = "<group>"; };
		D9914C511B40D61500F90663 /* BRCUpdateInfo.h */ = {isa = PBXFileReference; fileEncoding = 4; lastKnownFileType = sourcecode.c.h; path = BRCUpdateInfo.h; sourceTree = "<group>"; };
		D9914C521B40D61500F90663 /* BRCUpdateInfo.m */ = {isa = PBXFileReference; fileEncoding = 4; lastKnownFileType = sourcecode.c.objc; path = BRCUpdateInfo.m; sourceTree = "<group>"; };
		D99395A6198B897B00E9ADD2 /* BRCDetailInfoTableViewCell.h */ = {isa = PBXFileReference; fileEncoding = 4; lastKnownFileType = sourcecode.c.h; path = BRCDetailInfoTableViewCell.h; sourceTree = "<group>"; };
		D99395A7198B897B00E9ADD2 /* BRCDetailInfoTableViewCell.m */ = {isa = PBXFileReference; fileEncoding = 4; lastKnownFileType = sourcecode.c.objc; path = BRCDetailInfoTableViewCell.m; sourceTree = "<group>"; };
		D99395A9198B986B00E9ADD2 /* TTTTimeIntervalFormatter+iBurn.h */ = {isa = PBXFileReference; fileEncoding = 4; lastKnownFileType = sourcecode.c.h; path = "TTTTimeIntervalFormatter+iBurn.h"; sourceTree = "<group>"; };
		D99395AA198B986B00E9ADD2 /* TTTTimeIntervalFormatter+iBurn.m */ = {isa = PBXFileReference; fileEncoding = 4; lastKnownFileType = sourcecode.c.objc; path = "TTTTimeIntervalFormatter+iBurn.m"; sourceTree = "<group>"; };
		D99395AC198B991900E9ADD2 /* TTTLocationFormatter+iBurn.h */ = {isa = PBXFileReference; fileEncoding = 4; lastKnownFileType = sourcecode.c.h; path = "TTTLocationFormatter+iBurn.h"; sourceTree = "<group>"; };
		D99395AD198B991900E9ADD2 /* TTTLocationFormatter+iBurn.m */ = {isa = PBXFileReference; fileEncoding = 4; lastKnownFileType = sourcecode.c.objc; path = "TTTLocationFormatter+iBurn.m"; sourceTree = "<group>"; };
		D994155519871D1500D245C7 /* BRCFilteredTableViewController.h */ = {isa = PBXFileReference; fileEncoding = 4; lastKnownFileType = sourcecode.c.h; path = BRCFilteredTableViewController.h; sourceTree = "<group>"; };
		D994155619871D1500D245C7 /* BRCFilteredTableViewController.m */ = {isa = PBXFileReference; fileEncoding = 4; lastKnownFileType = sourcecode.c.objc; path = BRCFilteredTableViewController.m; sourceTree = "<group>"; };
		D994155F19871E8400D245C7 /* BRCEventsTableViewController.h */ = {isa = PBXFileReference; fileEncoding = 4; lastKnownFileType = sourcecode.c.h; path = BRCEventsTableViewController.h; sourceTree = "<group>"; };
		D994156019871E8400D245C7 /* BRCEventsTableViewController.m */ = {isa = PBXFileReference; fileEncoding = 4; lastKnownFileType = sourcecode.c.objc; path = BRCEventsTableViewController.m; sourceTree = "<group>"; };
		D99415621987222800D245C7 /* BRCDataObject.h */ = {isa = PBXFileReference; fileEncoding = 4; lastKnownFileType = sourcecode.c.h; path = BRCDataObject.h; sourceTree = "<group>"; };
		D99415631987222800D245C7 /* BRCDataObject.m */ = {isa = PBXFileReference; fileEncoding = 4; lastKnownFileType = sourcecode.c.objc; path = BRCDataObject.m; sourceTree = "<group>"; };
		D9941566198726A700D245C7 /* BRCArtObject.h */ = {isa = PBXFileReference; fileEncoding = 4; lastKnownFileType = sourcecode.c.h; path = BRCArtObject.h; sourceTree = "<group>"; };
		D9941567198726A700D245C7 /* BRCArtObject.m */ = {isa = PBXFileReference; fileEncoding = 4; lastKnownFileType = sourcecode.c.objc; path = BRCArtObject.m; sourceTree = "<group>"; };
		D9941569198726B600D245C7 /* BRCCampObject.h */ = {isa = PBXFileReference; fileEncoding = 4; lastKnownFileType = sourcecode.c.h; path = BRCCampObject.h; sourceTree = "<group>"; };
		D994156A198726B600D245C7 /* BRCCampObject.m */ = {isa = PBXFileReference; fileEncoding = 4; lastKnownFileType = sourcecode.c.objc; path = BRCCampObject.m; sourceTree = "<group>"; };
		D994156C198726C100D245C7 /* BRCEventObject.h */ = {isa = PBXFileReference; fileEncoding = 4; lastKnownFileType = sourcecode.c.h; path = BRCEventObject.h; sourceTree = "<group>"; };
		D994156D198726C100D245C7 /* BRCEventObject.m */ = {isa = PBXFileReference; fileEncoding = 4; lastKnownFileType = sourcecode.c.objc; path = BRCEventObject.m; sourceTree = "<group>"; };
		D994156F198726F400D245C7 /* BRCDataImporter.h */ = {isa = PBXFileReference; fileEncoding = 4; lastKnownFileType = sourcecode.c.h; path = BRCDataImporter.h; sourceTree = "<group>"; };
		D9941570198726F400D245C7 /* BRCDataImporter.m */ = {isa = PBXFileReference; fileEncoding = 4; lastKnownFileType = sourcecode.c.objc; path = BRCDataImporter.m; sourceTree = "<group>"; };
		D99415781987277500D245C7 /* BRCDatabaseManager.h */ = {isa = PBXFileReference; fileEncoding = 4; lastKnownFileType = sourcecode.c.h; path = BRCDatabaseManager.h; sourceTree = "<group>"; };
		D99415791987277500D245C7 /* BRCDatabaseManager.m */ = {isa = PBXFileReference; fileEncoding = 4; lastKnownFileType = sourcecode.c.objc; path = BRCDatabaseManager.m; sourceTree = "<group>"; };
		D994157D1987399F00D245C7 /* BRCEventTime.h */ = {isa = PBXFileReference; fileEncoding = 4; lastKnownFileType = sourcecode.c.h; path = BRCEventTime.h; sourceTree = "<group>"; };
		D994157E1987399F00D245C7 /* BRCEventTime.m */ = {isa = PBXFileReference; fileEncoding = 4; lastKnownFileType = sourcecode.c.objc; path = BRCEventTime.m; sourceTree = "<group>"; };
		D99A61571B2A0AAD009CC09E /* Pods-iBurnAbstract-iBurn-acknowledgements.plist */ = {isa = PBXFileReference; fileEncoding = 4; lastKnownFileType = text.plist.xml; name = "Pods-iBurnAbstract-iBurn-acknowledgements.plist"; path = "Pods/Target Support Files/Pods-iBurnAbstract-iBurn/Pods-iBurnAbstract-iBurn-acknowledgements.plist"; sourceTree = SOURCE_ROOT; };
		D9ADBF5E1D6BA9A6003A71DF /* bundle.js */ = {isa = PBXFileReference; fileEncoding = 4; lastKnownFileType = sourcecode.javascript; name = bundle.js; path = "Submodules/iBurn-Data/data/2016/bundle.js"; sourceTree = SOURCE_ROOT; };
		D9B362AF1998157B0093B441 /* BRCAcknowledgementsViewController.h */ = {isa = PBXFileReference; fileEncoding = 4; lastKnownFileType = sourcecode.c.h; path = BRCAcknowledgementsViewController.h; sourceTree = "<group>"; };
		D9B362B01998157B0093B441 /* BRCAcknowledgementsViewController.m */ = {isa = PBXFileReference; fileEncoding = 4; lastKnownFileType = sourcecode.c.objc; path = BRCAcknowledgementsViewController.m; sourceTree = "<group>"; };
		D9B362B2199821EB0093B441 /* NSURL+iBurn.h */ = {isa = PBXFileReference; fileEncoding = 4; lastKnownFileType = sourcecode.c.h; path = "NSURL+iBurn.h"; sourceTree = "<group>"; };
		D9B362B3199821EB0093B441 /* NSURL+iBurn.m */ = {isa = PBXFileReference; fileEncoding = 4; lastKnownFileType = sourcecode.c.objc; path = "NSURL+iBurn.m"; sourceTree = "<group>"; };
		D9B362B51998253A0093B441 /* BRCSocialButtonsView.h */ = {isa = PBXFileReference; fileEncoding = 4; lastKnownFileType = sourcecode.c.h; path = BRCSocialButtonsView.h; sourceTree = "<group>"; };
		D9B362B61998253A0093B441 /* BRCSocialButtonsView.m */ = {isa = PBXFileReference; fileEncoding = 4; lastKnownFileType = sourcecode.c.objc; path = BRCSocialButtonsView.m; sourceTree = "<group>"; };
		D9B362B8199AB5320093B441 /* BRCMapPoint.h */ = {isa = PBXFileReference; fileEncoding = 4; lastKnownFileType = sourcecode.c.h; path = BRCMapPoint.h; sourceTree = "<group>"; };
		D9B362B9199AB5320093B441 /* BRCMapPoint.m */ = {isa = PBXFileReference; fileEncoding = 4; lastKnownFileType = sourcecode.c.objc; path = BRCMapPoint.m; sourceTree = "<group>"; };
		D9B73FFD1B78BF34001D04E3 /* BRCNearbyViewController.swift */ = {isa = PBXFileReference; fileEncoding = 4; lastKnownFileType = sourcecode.swift; path = BRCNearbyViewController.swift; sourceTree = "<group>"; };
		D9BD4C001B7876E800313FB5 /* BRCCreditsInfo.h */ = {isa = PBXFileReference; fileEncoding = 4; lastKnownFileType = sourcecode.c.h; path = BRCCreditsInfo.h; sourceTree = "<group>"; };
		D9BD4C011B7876E800313FB5 /* BRCCreditsInfo.m */ = {isa = PBXFileReference; fileEncoding = 4; lastKnownFileType = sourcecode.c.objc; path = BRCCreditsInfo.m; sourceTree = "<group>"; };
		D9BD4C031B78788D00313FB5 /* iBurn-Bridging-Header.h */ = {isa = PBXFileReference; lastKnownFileType = sourcecode.c.h; path = "iBurn-Bridging-Header.h"; sourceTree = "<group>"; };
		D9BD4C041B78788E00313FB5 /* BRCCreditsViewController.swift */ = {isa = PBXFileReference; fileEncoding = 4; lastKnownFileType = sourcecode.swift; path = BRCCreditsViewController.swift; sourceTree = "<group>"; };
		D9BD4C061B787A4400313FB5 /* NSBundle+iBurn.h */ = {isa = PBXFileReference; fileEncoding = 4; lastKnownFileType = sourcecode.c.h; path = "NSBundle+iBurn.h"; sourceTree = "<group>"; };
		D9BD4C071B787A4400313FB5 /* NSBundle+iBurn.m */ = {isa = PBXFileReference; fileEncoding = 4; lastKnownFileType = sourcecode.c.objc; path = "NSBundle+iBurn.m"; sourceTree = "<group>"; };
		D9BF9A661D515FF7004AA63B /* 2016 */ = {isa = PBXFileReference; lastKnownFileType = folder; name = 2016; path = "Submodules/iBurn-Data/data/2016/2016"; sourceTree = SOURCE_ROOT; };
		D9BF9A691D52A86A004AA63B /* BRCAudioTourViewController.swift */ = {isa = PBXFileReference; fileEncoding = 4; lastKnownFileType = sourcecode.swift; path = BRCAudioTourViewController.swift; sourceTree = "<group>"; };
		D9C30F6D1B82EDBB00CD03CC /* BRCFavoritesViewController.swift */ = {isa = PBXFileReference; fileEncoding = 4; lastKnownFileType = sourcecode.swift; path = BRCFavoritesViewController.swift; sourceTree = "<group>"; };
		D9C30F6F1B82EE6700CD03CC /* BRCSortedViewController.swift */ = {isa = PBXFileReference; fileEncoding = 4; lastKnownFileType = sourcecode.swift; path = BRCSortedViewController.swift; sourceTree = "<group>"; };
		D9C30F731B83118200CD03CC /* iBurn-2015 */ = {isa = PBXFileReference; lastKnownFileType = folder; name = "iBurn-2015"; path = "Submodules/iBurn-Data/data/2015/iBurn-2015"; sourceTree = SOURCE_ROOT; };
		D9C94D791B2CE24800E04EB1 /* FontAwesome.ttf */ = {isa = PBXFileReference; lastKnownFileType = file; name = FontAwesome.ttf; path = Pods/BButton/BButton/resources/FontAwesome.ttf; sourceTree = SOURCE_ROOT; };
		D9C94D7F1B2CEB4C00E04EB1 /* Launch Screen.xib */ = {isa = PBXFileReference; fileEncoding = 4; lastKnownFileType = file.xib; path = "Launch Screen.xib"; sourceTree = "<group>"; };
		D9C9D2BC1B7D58F1002C95E4 /* More.storyboard */ = {isa = PBXFileReference; fileEncoding = 4; lastKnownFileType = file.storyboard; path = More.storyboard; sourceTree = "<group>"; };
		D9C9D2C01B7D64C0002C95E4 /* BRCMoreViewController.swift */ = {isa = PBXFileReference; fileEncoding = 4; lastKnownFileType = sourcecode.swift; path = BRCMoreViewController.swift; sourceTree = "<group>"; };
		D9D12F591B5AF4DE0048229A /* libsqlite3.dylib */ = {isa = PBXFileReference; lastKnownFileType = "compiled.mach-o.dylib"; name = libsqlite3.dylib; path = usr/lib/libsqlite3.dylib; sourceTree = SDKROOT; };
		D9D12F5B1B5AF4EE0048229A /* Accounts.framework */ = {isa = PBXFileReference; lastKnownFileType = wrapper.framework; name = Accounts.framework; path = System/Library/Frameworks/Accounts.framework; sourceTree = SDKROOT; };
		D9D12F5D1B5AF4F70048229A /* SystemConfiguration.framework */ = {isa = PBXFileReference; lastKnownFileType = wrapper.framework; name = SystemConfiguration.framework; path = System/Library/Frameworks/SystemConfiguration.framework; sourceTree = SDKROOT; };
		D9D12F5F1B5AF4FF0048229A /* AudioToolbox.framework */ = {isa = PBXFileReference; lastKnownFileType = wrapper.framework; name = AudioToolbox.framework; path = System/Library/Frameworks/AudioToolbox.framework; sourceTree = SDKROOT; };
		D9D12F611B5AF5070048229A /* Social.framework */ = {isa = PBXFileReference; lastKnownFileType = wrapper.framework; name = Social.framework; path = System/Library/Frameworks/Social.framework; sourceTree = SDKROOT; };
		D9D42BFC1D59439C0002AC96 /* BRCMediaDownloader.swift */ = {isa = PBXFileReference; fileEncoding = 4; lastKnownFileType = sourcecode.swift; path = BRCMediaDownloader.swift; sourceTree = "<group>"; };
		D9DE7BAF1EF25C11007A983E /* MapViewController.swift */ = {isa = PBXFileReference; lastKnownFileType = sourcecode.swift; path = MapViewController.swift; sourceTree = "<group>"; };
		D9DE7BB11EF27AE9007A983E /* SidebarButtonsView.swift */ = {isa = PBXFileReference; lastKnownFileType = sourcecode.swift; path = SidebarButtonsView.swift; sourceTree = "<group>"; };
		D9E28F84198823CC009B3A7A /* BRCRecurringEventObject.h */ = {isa = PBXFileReference; fileEncoding = 4; lastKnownFileType = sourcecode.c.h; path = BRCRecurringEventObject.h; sourceTree = "<group>"; };
		D9E28F85198823CC009B3A7A /* BRCRecurringEventObject.m */ = {isa = PBXFileReference; fileEncoding = 4; lastKnownFileType = sourcecode.c.objc; path = BRCRecurringEventObject.m; sourceTree = "<group>"; };
		D9E28F8719882F4E009B3A7A /* BRCDataObject_Private.h */ = {isa = PBXFileReference; lastKnownFileType = sourcecode.c.h; path = BRCDataObject_Private.h; sourceTree = "<group>"; };
		D9E28F8819882F96009B3A7A /* BRCEventObject_Private.h */ = {isa = PBXFileReference; lastKnownFileType = sourcecode.c.h; path = BRCEventObject_Private.h; sourceTree = "<group>"; };
		D9EC0E581B7DE0200042B596 /* BRCPermissions.swift */ = {isa = PBXFileReference; fileEncoding = 4; lastKnownFileType = sourcecode.swift; path = BRCPermissions.swift; sourceTree = "<group>"; };
		D9EC1BED1D47E29A004A62E6 /* BRCOnboardingViewController.h */ = {isa = PBXFileReference; fileEncoding = 4; lastKnownFileType = sourcecode.c.h; path = BRCOnboardingViewController.h; sourceTree = "<group>"; };
		D9EC1BEE1D47E29A004A62E6 /* BRCOnboardingViewController.m */ = {isa = PBXFileReference; fileEncoding = 4; lastKnownFileType = sourcecode.c.objc; path = BRCOnboardingViewController.m; sourceTree = "<group>"; };
		D9F3BF0D1D5528EB00013153 /* BRCAudioPlayer.swift */ = {isa = PBXFileReference; fileEncoding = 4; lastKnownFileType = sourcecode.swift; path = BRCAudioPlayer.swift; sourceTree = "<group>"; };
		D9FC5E311D54110300D41AEE /* BRCArtObjectTableViewCell.h */ = {isa = PBXFileReference; fileEncoding = 4; lastKnownFileType = sourcecode.c.h; path = BRCArtObjectTableViewCell.h; sourceTree = "<group>"; };
		D9FC5E321D54110300D41AEE /* BRCArtObjectTableViewCell.m */ = {isa = PBXFileReference; fileEncoding = 4; lastKnownFileType = sourcecode.c.objc; path = BRCArtObjectTableViewCell.m; sourceTree = "<group>"; };
		D9FC5E341D54112D00D41AEE /* BRCArtObjectTableViewCell.xib */ = {isa = PBXFileReference; fileEncoding = 4; lastKnownFileType = file.xib; path = BRCArtObjectTableViewCell.xib; sourceTree = "<group>"; };
		E4EF5D0A0750A3E3C14DA796 /* Pods-iBurnAbstract-iBurnTests.release.xcconfig */ = {isa = PBXFileReference; includeInIndex = 1; lastKnownFileType = text.xcconfig; name = "Pods-iBurnAbstract-iBurnTests.release.xcconfig"; path = "Pods/Target Support Files/Pods-iBurnAbstract-iBurnTests/Pods-iBurnAbstract-iBurnTests.release.xcconfig"; sourceTree = "<group>"; };
/* End PBXFileReference section */

/* Begin PBXFrameworksBuildPhase section */
		63CE2A511987140F00F65B01 /* Frameworks */ = {
			isa = PBXFrameworksBuildPhase;
			buildActionMask = 2147483647;
			files = (
				D9D12F621B5AF5070048229A /* Social.framework in Frameworks */,
				D9D12F601B5AF4FF0048229A /* AudioToolbox.framework in Frameworks */,
				D9D12F5E1B5AF4F70048229A /* SystemConfiguration.framework in Frameworks */,
				D9D12F5C1B5AF4EE0048229A /* Accounts.framework in Frameworks */,
				D9D12F5A1B5AF4DE0048229A /* libsqlite3.dylib in Frameworks */,
				63CE2A5A1987140F00F65B01 /* CoreGraphics.framework in Frameworks */,
				63CE2A5C1987140F00F65B01 /* UIKit.framework in Frameworks */,
				63CE2A581987140F00F65B01 /* Foundation.framework in Frameworks */,
				42686B30A7FF923440BC38BC /* Pods_iBurnAbstract_iBurn.framework in Frameworks */,
			);
			runOnlyForDeploymentPostprocessing = 0;
		};
		D980A9071B3F5A6400BE3682 /* Frameworks */ = {
			isa = PBXFrameworksBuildPhase;
			buildActionMask = 2147483647;
			files = (
				F23C8310E424F497B2CFDE53 /* Pods_iBurnAbstract_iBurnTests.framework in Frameworks */,
			);
			runOnlyForDeploymentPostprocessing = 0;
		};
/* End PBXFrameworksBuildPhase section */

/* Begin PBXGroup section */
		16AFD3CDCF12A2E73AC3DB68 /* Pods */ = {
			isa = PBXGroup;
			children = (
				5C938B49996428877731060F /* Pods-iBurnAbstract-iBurn.debug.xcconfig */,
				65C20DF5B15D2087485F0E97 /* Pods-iBurnAbstract-iBurn.release.xcconfig */,
				C8C62A2C07A29EED6BD93DDA /* Pods-iBurnAbstract-iBurnTests.debug.xcconfig */,
				E4EF5D0A0750A3E3C14DA796 /* Pods-iBurnAbstract-iBurnTests.release.xcconfig */,
			);
			name = Pods;
			sourceTree = "<group>";
		};
		6322830219881E27009E472B /* DetailViewControllers */ = {
			isa = PBXGroup;
			children = (
				D977E04A1B84085600FFC20F /* DetailInfo */,
				632282FF19881DDE009E472B /* BRCDetailViewController.h */,
				6322830019881DDE009E472B /* BRCDetailViewController.m */,
				D99395A6198B897B00E9ADD2 /* BRCDetailInfoTableViewCell.h */,
				D99395A7198B897B00E9ADD2 /* BRCDetailInfoTableViewCell.m */,
			);
			name = DetailViewControllers;
			sourceTree = "<group>";
		};
		63CE2A4B1987140F00F65B01 = {
			isa = PBXGroup;
			children = (
				63CE2A5D1987140F00F65B01 /* iBurn */,
				D980A90B1B3F5A6400BE3682 /* iBurnTests */,
				63CE2A561987140F00F65B01 /* Frameworks */,
				63CE2A551987140F00F65B01 /* Products */,
				16AFD3CDCF12A2E73AC3DB68 /* Pods */,
			);
			sourceTree = "<group>";
		};
		63CE2A551987140F00F65B01 /* Products */ = {
			isa = PBXGroup;
			children = (
				63CE2A541987140F00F65B01 /* iBurn.app */,
				D980A90A1B3F5A6400BE3682 /* iBurnTests.xctest */,
			);
			name = Products;
			sourceTree = "<group>";
		};
		63CE2A561987140F00F65B01 /* Frameworks */ = {
			isa = PBXGroup;
			children = (
				D9D12F611B5AF5070048229A /* Social.framework */,
				D9D12F5F1B5AF4FF0048229A /* AudioToolbox.framework */,
				D9D12F5D1B5AF4F70048229A /* SystemConfiguration.framework */,
				D9D12F5B1B5AF4EE0048229A /* Accounts.framework */,
				D9D12F591B5AF4DE0048229A /* libsqlite3.dylib */,
				63CE2A571987140F00F65B01 /* Foundation.framework */,
				63CE2A591987140F00F65B01 /* CoreGraphics.framework */,
				63CE2A5B1987140F00F65B01 /* UIKit.framework */,
				63CE2A701987140F00F65B01 /* XCTest.framework */,
				5C8C085A67599EA761E94627 /* Pods.framework */,
				AD46B030994031DA5726D21C /* Pods_iBurnAbstract_iBurn.framework */,
				B32B80036C680FE7F3185B79 /* Pods_iBurnAbstract_iBurnTests.framework */,
			);
			name = Frameworks;
			sourceTree = "<group>";
		};
		63CE2A5D1987140F00F65B01 /* iBurn */ = {
			isa = PBXGroup;
			children = (
				D9EC0E5B1B7DE0350042B596 /* Utilities */,
				D9EC0E5A1B7DE02F0042B596 /* Views */,
				D979CEC7199AF11E007F0313 /* Categories */,
				D994157B1987278400D245C7 /* Data */,
				63CE2A661987140F00F65B01 /* BRCAppDelegate.h */,
				63CE2A671987140F00F65B01 /* BRCAppDelegate.m */,
				63D270F61987157900204954 /* ViewControllers */,
				63D270FA198716C600204954 /* Resources */,
				63CE2A5E1987140F00F65B01 /* Supporting Files */,
			);
			path = iBurn;
			sourceTree = "<group>";
		};
		63CE2A5E1987140F00F65B01 /* Supporting Files */ = {
			isa = PBXGroup;
			children = (
				63CE2A5F1987140F00F65B01 /* iBurn-Info.plist */,
				63CE2A601987140F00F65B01 /* InfoPlist.strings */,
				63CE2A631987140F00F65B01 /* main.m */,
				63CE2A651987140F00F65B01 /* iBurn-Prefix.pch */,
			);
			name = "Supporting Files";
			sourceTree = "<group>";
		};
		63D270F61987157900204954 /* ViewControllers */ = {
			isa = PBXGroup;
			children = (
				D9EC1BED1D47E29A004A62E6 /* BRCOnboardingViewController.h */,
				D9EC1BEE1D47E29A004A62E6 /* BRCOnboardingViewController.m */,
				D9C30F711B82EE7100CD03CC /* Sorted */,
				D9C9D2BC1B7D58F1002C95E4 /* More.storyboard */,
				D9BF9A691D52A86A004AA63B /* BRCAudioTourViewController.swift */,
				D9C9D2C01B7D64C0002C95E4 /* BRCMoreViewController.swift */,
				D9BD4C041B78788E00313FB5 /* BRCCreditsViewController.swift */,
				D9B362AF1998157B0093B441 /* BRCAcknowledgementsViewController.h */,
				D9B362B01998157B0093B441 /* BRCAcknowledgementsViewController.m */,
				6322830219881E27009E472B /* DetailViewControllers */,
				D994155E19871D9000D245C7 /* Filtered Tables */,
				D99395A5198B806800E9ADD2 /* MapViewControllers */,
				632F77551993FC8100707FAF /* BRCEmbargoPasscodeViewController.h */,
				632F77561993FC8100707FAF /* BRCEmbargoPasscodeViewController.m */,
				D9BD4C031B78788D00313FB5 /* iBurn-Bridging-Header.h */,
			);
			name = ViewControllers;
			sourceTree = "<group>";
		};
		63D270FA198716C600204954 /* Resources */ = {
			isa = PBXGroup;
			children = (
				D90FFA3F1EEFB4F6005127D0 /* UserTracking.xcassets */,
				D9BF9A651D515FC2004AA63B /* 2016 */,
				63CE2A691987140F00F65B01 /* Images.xcassets */,
				D99A61571B2A0AAD009CC09E /* Pods-iBurnAbstract-iBurn-acknowledgements.plist */,
				D9C94D791B2CE24800E04EB1 /* FontAwesome.ttf */,
				D9C94D7F1B2CEB4C00E04EB1 /* Launch Screen.xib */,
				D9842A2B1B51C71C0056455D /* 2015 */,
				D9046EF5198C65F40013CCF4 /* 2014 */,
				D9046ED2198C65D70013CCF4 /* 2013 */,
			);
			name = Resources;
			sourceTree = "<group>";
		};
		D9046ED2198C65D70013CCF4 /* 2013 */ = {
			isa = PBXGroup;
			children = (
				D9046ED3198C65D70013CCF4 /* art_data.json */,
				D9046ED4198C65D70013CCF4 /* camp_data.json */,
				D9046ED5198C65D70013CCF4 /* dates_info.json */,
				D9046ED6198C65D70013CCF4 /* event_data.json */,
				D9046EF4198C65D70013CCF4 /* iburn.mbtiles */,
			);
			name = 2013;
			path = "Submodules/iBurn-Data/data/2013";
			sourceTree = SOURCE_ROOT;
		};
		D9046EF5198C65F40013CCF4 /* 2014 */ = {
			isa = PBXGroup;
			children = (
				D972BD2319934037008057DB /* iBurn-database */,
				D9046F37198C6CDE0013CCF4 /* events.json */,
				D9046EF6198C65F40013CCF4 /* art.json */,
				D9046EF7198C65F40013CCF4 /* camps.json */,
				D9046EF8198C65F40013CCF4 /* dates_info.json */,
				D9046F19198C65F40013CCF4 /* iburn.mbtiles */,
			);
			name = 2014;
			path = "Submodules/iBurn-Data/data/2014";
			sourceTree = SOURCE_ROOT;
		};
		D92562C91988772600ED6B50 /* Cells */ = {
			isa = PBXGroup;
			children = (
				D9FC5E311D54110300D41AEE /* BRCArtObjectTableViewCell.h */,
				D9FC5E321D54110300D41AEE /* BRCArtObjectTableViewCell.m */,
				D9FC5E341D54112D00D41AEE /* BRCArtObjectTableViewCell.xib */,
				D92562C4198876C400ED6B50 /* BRCEventObjectTableViewCell.h */,
				D92562C5198876C400ED6B50 /* BRCEventObjectTableViewCell.m */,
				D92562C71988771400ED6B50 /* BRCEventObjectTableViewCell.xib */,
				D92562BF19886EBF00ED6B50 /* BRCDataObjectTableViewCell.h */,
				D92562C019886EBF00ED6B50 /* BRCDataObjectTableViewCell.m */,
				D92562C119886EBF00ED6B50 /* BRCDataObjectTableViewCell.xib */,
			);
			name = Cells;
			sourceTree = "<group>";
		};
		D95AB0EC1B7FC7C800DFC2FD /* POI */ = {
			isa = PBXGroup;
			children = (
				D9B362B8199AB5320093B441 /* BRCMapPoint.h */,
				D9B362B9199AB5320093B441 /* BRCMapPoint.m */,
				D95AB0F01B802CA000DFC2FD /* BRCBreadcrumbPoint.h */,
				D95AB0F11B802CA000DFC2FD /* BRCBreadcrumbPoint.m */,
				D95AB0ED1B7FF5FF00DFC2FD /* BRCUserMapPoint.h */,
				D95AB0EE1B7FF5FF00DFC2FD /* BRCUserMapPoint.m */,
			);
			name = POI;
			sourceTree = "<group>";
		};
		D972BD281993423E008057DB /* Events */ = {
			isa = PBXGroup;
			children = (
				63228325198C1BF7009E472B /* BRCEventsFilterTableViewController.h */,
				63228326198C1BF7009E472B /* BRCEventsFilterTableViewController.m */,
				D994155F19871E8400D245C7 /* BRCEventsTableViewController.h */,
				D994156019871E8400D245C7 /* BRCEventsTableViewController.m */,
			);
			name = Events;
			sourceTree = "<group>";
		};
		D977E04A1B84085600FFC20F /* DetailInfo */ = {
			isa = PBXGroup;
			children = (
				D977E0471B84082D00FFC20F /* BRCEventRelationshipDetailInfoCell.h */,
				D977E0481B84082D00FFC20F /* BRCEventRelationshipDetailInfoCell.m */,
				6322830319881F41009E472B /* BRCDetailCellInfo.h */,
				6322830419881F41009E472B /* BRCDetailCellInfo.m */,
				6322830919882153009E472B /* BRCRelationshipDetailInfoCell.h */,
				6322830A19882153009E472B /* BRCRelationshipDetailInfoCell.m */,
			);
			name = DetailInfo;
			sourceTree = "<group>";
		};
		D979CEC7199AF11E007F0313 /* Categories */ = {
			isa = PBXGroup;
			children = (
				D90132051B7C685D007A11B8 /* PFAnalytics+iBurn.h */,
				D90132061B7C685D007A11B8 /* PFAnalytics+iBurn.m */,
				D9BD4C061B787A4400313FB5 /* NSBundle+iBurn.h */,
				D9BD4C071B787A4400313FB5 /* NSBundle+iBurn.m */,
				D99395AC198B991900E9ADD2 /* TTTLocationFormatter+iBurn.h */,
				D99395AD198B991900E9ADD2 /* TTTLocationFormatter+iBurn.m */,
				D99395A9198B986B00E9ADD2 /* TTTTimeIntervalFormatter+iBurn.h */,
				D99395AA198B986B00E9ADD2 /* TTTTimeIntervalFormatter+iBurn.m */,
				D92562CD198A20D600ED6B50 /* MGLMapView+iBurn.h */,
				D92562CE198A20D600ED6B50 /* MGLMapView+iBurn.m */,
				D94EFA4F199158D2009F12F4 /* CLLocationManager+iBurn.h */,
				D94EFA50199158D2009F12F4 /* CLLocationManager+iBurn.m */,
				D9794B72198BBFB400D7FDA7 /* UIColor+iBurn.h */,
				D9794B73198BBFB400D7FDA7 /* UIColor+iBurn.m */,
				D97D7A32198AF7BD00CA7828 /* NSDate+iBurn.h */,
				D97D7A33198AF7BD00CA7828 /* NSDate+iBurn.m */,
				D97D7A2F198ADBE400CA7828 /* NSDateFormatter+iBurn.h */,
				D97D7A30198ADBE400CA7828 /* NSDateFormatter+iBurn.m */,
				D9B362B2199821EB0093B441 /* NSURL+iBurn.h */,
				D9B362B3199821EB0093B441 /* NSURL+iBurn.m */,
				D9071FE51996C4A7005C3639 /* NSData+iBurn.h */,
				D9071FE61996C4A7005C3639 /* NSData+iBurn.m */,
				63228329198C2B48009E472B /* NSUserDefaults+iBurn.h */,
				6322832A198C2B48009E472B /* NSUserDefaults+iBurn.m */,
			);
			name = Categories;
			sourceTree = "<group>";
		};
		D980A90B1B3F5A6400BE3682 /* iBurnTests */ = {
			isa = PBXGroup;
			children = (
				D902DF0D1B7B1F2D00057898 /* BRCDataSorterTests.swift */,
				D9914C4A1B40C52E00F90663 /* TestData */,
				D980A9151B3F5AA300BE3682 /* BRCDataImportTests.m */,
				D902DF0F1B7B228100057898 /* BRCDataImportTests.h */,
				63010F001B72E2EA000A847C /* BRCGeocoderTest.m */,
				D980A90C1B3F5A6400BE3682 /* Supporting Files */,
				D902DF0C1B7B1F2D00057898 /* iBurnTests-Bridging-Header.h */,
			);
			path = iBurnTests;
			sourceTree = "<group>";
		};
		D980A90C1B3F5A6400BE3682 /* Supporting Files */ = {
			isa = PBXGroup;
			children = (
				D980A90D1B3F5A6400BE3682 /* Info.plist */,
			);
			name = "Supporting Files";
			sourceTree = "<group>";
		};
		D9842A2B1B51C71C0056455D /* 2015 */ = {
			isa = PBXGroup;
			children = (
				D9C30F731B83118200CD03CC /* iBurn-2015 */,
				63C11EB31B7C580400428FB8 /* bundle.js */,
				D92B95991B7B0CC300116781 /* 2015 */,
			);
			name = 2015;
			path = "../Submodules/iBurn-Data/data/2014";
			sourceTree = "<group>";
		};
		D9914C4A1B40C52E00F90663 /* TestData */ = {
			isa = PBXGroup;
			children = (
				D9914C4B1B40C54600F90663 /* initial_data */,
				D9914C4C1B40C54600F90663 /* updated_data */,
			);
			name = TestData;
			sourceTree = "<group>";
		};
		D9914C541B40D7B700F90663 /* iBurn Update API */ = {
			isa = PBXGroup;
			children = (
				D9914C511B40D61500F90663 /* BRCUpdateInfo.h */,
				D9914C521B40D61500F90663 /* BRCUpdateInfo.m */,
			);
			name = "iBurn Update API";
			sourceTree = "<group>";
		};
		D99395A5198B806800E9ADD2 /* MapViewControllers */ = {
			isa = PBXGroup;
			children = (
				D9DE7BB11EF27AE9007A983E /* SidebarButtonsView.swift */,
				D9DE7BAF1EF25C11007A983E /* MapViewController.swift */,
				D977C8631EF23994007766A9 /* MapDetailViewController.swift */,
				D977C8611EF238F7007766A9 /* MGLMapView+iBurn.swift */,
				D977C85F1EF23036007766A9 /* BaseMapViewController.swift */,
				D90FFA3C1EEFB279005127D0 /* BRCUserTrackingBarButtonItem.h */,
				D90FFA3D1EEFB279005127D0 /* BRCUserTrackingBarButtonItem.m */,
				D90FFA381EEFAF19005127D0 /* BRCAnnotationView.swift */,
				D90FFA361EEFAC10005127D0 /* MapViewDelegate.swift */,
				63CD6909199AB4EE0025C8A1 /* BRCAnnotationEditView.h */,
				63CD690A199AB4EE0025C8A1 /* BRCAnnotationEditView.m */,
				63D270F71987159A00204954 /* BRCMapViewController.h */,
				63D270F81987159A00204954 /* BRCMapViewController.m */,
				632283191989B139009E472B /* BRCDetailMapViewController.h */,
				6322831A1989B139009E472B /* BRCDetailMapViewController.m */,
				632283131989AF92009E472B /* BRCBaseMapViewController.h */,
				632283141989AF92009E472B /* BRCBaseMapViewController.m */,
			);
			name = MapViewControllers;
			sourceTree = "<group>";
		};
		D994155E19871D9000D245C7 /* Filtered Tables */ = {
			isa = PBXGroup;
			children = (
				D92562C91988772600ED6B50 /* Cells */,
				D972BD281993423E008057DB /* Events */,
				D994155519871D1500D245C7 /* BRCFilteredTableViewController.h */,
				D97D7A29198AD05000CA7828 /* BRCFilteredTableViewController_Private.h */,
				D994155619871D1500D245C7 /* BRCFilteredTableViewController.m */,
			);
			name = "Filtered Tables";
			sourceTree = "<group>";
		};
		D99415651987222F00D245C7 /* Model */ = {
			isa = PBXGroup;
			children = (
				D95AB0EC1B7FC7C800DFC2FD /* POI */,
				D9941566198726A700D245C7 /* BRCArtObject.h */,
				D9941567198726A700D245C7 /* BRCArtObject.m */,
				D9941569198726B600D245C7 /* BRCCampObject.h */,
				D994156A198726B600D245C7 /* BRCCampObject.m */,
				D9E28F84198823CC009B3A7A /* BRCRecurringEventObject.h */,
				D9E28F85198823CC009B3A7A /* BRCRecurringEventObject.m */,
				D994156C198726C100D245C7 /* BRCEventObject.h */,
				D994156D198726C100D245C7 /* BRCEventObject.m */,
				D977E0441B83F6E900FFC20F /* BRCDataObject+Relationships.h */,
				D977E0451B83F6E900FFC20F /* BRCDataObject+Relationships.m */,
				D9E28F8819882F96009B3A7A /* BRCEventObject_Private.h */,
				D994157D1987399F00D245C7 /* BRCEventTime.h */,
				D994157E1987399F00D245C7 /* BRCEventTime.m */,
				D9E28F8719882F4E009B3A7A /* BRCDataObject_Private.h */,
				D99415621987222800D245C7 /* BRCDataObject.h */,
				D99415631987222800D245C7 /* BRCDataObject.m */,
				D9914C541B40D7B700F90663 /* iBurn Update API */,
				D9BD4C001B7876E800313FB5 /* BRCCreditsInfo.h */,
				D9BD4C011B7876E800313FB5 /* BRCCreditsInfo.m */,
			);
			name = Model;
			sourceTree = "<group>";
		};
		D994157B1987278400D245C7 /* Data */ = {
			isa = PBXGroup;
			children = (
				D902DF0A1B7B19FC00057898 /* BRCDataSorter.swift */,
				D99415781987277500D245C7 /* BRCDatabaseManager.h */,
				D99415791987277500D245C7 /* BRCDatabaseManager.m */,
				D994156F198726F400D245C7 /* BRCDataImporter.h */,
				D9842A2E1B51EE710056455D /* BRCDataImporter_Private.h */,
				D9941570198726F400D245C7 /* BRCDataImporter.m */,
				D99415651987222F00D245C7 /* Model */,
			);
			name = Data;
			sourceTree = "<group>";
		};
		D9BF9A651D515FC2004AA63B /* 2016 */ = {
			isa = PBXGroup;
			children = (
				D9ADBF5E1D6BA9A6003A71DF /* bundle.js */,
				D91392DF1D6519300090E093 /* iBurn-2016 */,
				D9BF9A661D515FF7004AA63B /* 2016 */,
				D9895E7F1B7E7CA800A63F92 /* onboarding_loop_final.mp4 */,
			);
			name = 2016;
			sourceTree = "<group>";
		};
		D9C30F711B82EE7100CD03CC /* Sorted */ = {
			isa = PBXGroup;
			children = (
				D9C30F6D1B82EDBB00CD03CC /* BRCFavoritesViewController.swift */,
				D9B73FFD1B78BF34001D04E3 /* BRCNearbyViewController.swift */,
				D9C30F6F1B82EE6700CD03CC /* BRCSortedViewController.swift */,
				D977E0421B83F43900FFC20F /* BRCEventsViewController.swift */,
			);
			name = Sorted;
			sourceTree = "<group>";
		};
		D9EC0E5A1B7DE02F0042B596 /* Views */ = {
			isa = PBXGroup;
			children = (
				D95AB0F31B80662C00DFC2FD /* BRCDistanceView.swift */,
				D9B362B51998253A0093B441 /* BRCSocialButtonsView.h */,
				D9B362B61998253A0093B441 /* BRCSocialButtonsView.m */,
			);
			name = Views;
			sourceTree = "<group>";
		};
		D9EC0E5B1B7DE0350042B596 /* Utilities */ = {
			isa = PBXGroup;
			children = (
				D927BDB11EF4778000B7324D /* UserGuidance.swift */,
				D9F3BF0D1D5528EB00013153 /* BRCAudioPlayer.swift */,
				D9D42BFC1D59439C0002AC96 /* BRCMediaDownloader.swift */,
				630861C7199029D100AD7109 /* BRCLocations.h */,
				630861C8199029D100AD7109 /* BRCLocations.m */,
				63010EFD1B72DEEA000A847C /* BRCGeocoder.h */,
				63010EFE1B72DEEA000A847C /* BRCGeocoder.m */,
				D975CAF0198DAB5A00CC8226 /* BRCSecrets.h */,
				D975CAF1198DAB5A00CC8226 /* BRCSecrets.m */,
				639E638B1994178500B62A92 /* BRCEmbargo.h */,
				639E638C1994178500B62A92 /* BRCEmbargo.m */,
				D9EC0E581B7DE0200042B596 /* BRCPermissions.swift */,
			);
			name = Utilities;
			sourceTree = "<group>";
		};
/* End PBXGroup section */

/* Begin PBXNativeTarget section */
		63CE2A531987140F00F65B01 /* iBurn */ = {
			isa = PBXNativeTarget;
			buildConfigurationList = 63CE2A801987140F00F65B01 /* Build configuration list for PBXNativeTarget "iBurn" */;
			buildPhases = (
				D7B18F91C1AE7095AA93FD85 /* [CP] Check Pods Manifest.lock */,
				63CE2A501987140F00F65B01 /* Sources */,
				63CE2A511987140F00F65B01 /* Frameworks */,
				63CE2A521987140F00F65B01 /* Resources */,
				E161ADB7ACA7D83761C1C90B /* [CP] Embed Pods Frameworks */,
				24CB1614D6C9984EF659371A /* [CP] Copy Pods Resources */,
			);
			buildRules = (
			);
			dependencies = (
			);
			name = iBurn;
			productName = iBurn;
			productReference = 63CE2A541987140F00F65B01 /* iBurn.app */;
			productType = "com.apple.product-type.application";
		};
		D980A9091B3F5A6400BE3682 /* iBurnTests */ = {
			isa = PBXNativeTarget;
			buildConfigurationList = D980A9141B3F5A6400BE3682 /* Build configuration list for PBXNativeTarget "iBurnTests" */;
			buildPhases = (
				494E5894B2B0684522784BC0 /* [CP] Check Pods Manifest.lock */,
				D980A9061B3F5A6400BE3682 /* Sources */,
				D980A9071B3F5A6400BE3682 /* Frameworks */,
				D980A9081B3F5A6400BE3682 /* Resources */,
				DB9C5A21BC9017032482FB42 /* [CP] Embed Pods Frameworks */,
				CB3909D816332073F6AC7A7B /* [CP] Copy Pods Resources */,
			);
			buildRules = (
			);
			dependencies = (
				D980A9111B3F5A6400BE3682 /* PBXTargetDependency */,
			);
			name = iBurnTests;
			productName = iBurnTests;
			productReference = D980A90A1B3F5A6400BE3682 /* iBurnTests.xctest */;
			productType = "com.apple.product-type.bundle.unit-test";
		};
/* End PBXNativeTarget section */

/* Begin PBXProject section */
		63CE2A4C1987140F00F65B01 /* Project object */ = {
			isa = PBXProject;
			attributes = {
				CLASSPREFIX = BRC;
				LastUpgradeCheck = 0900;
				ORGANIZATIONNAME = "Burning Man Earth";
				TargetAttributes = {
					63CE2A531987140F00F65B01 = {
						DevelopmentTeam = 4T8JLQR6GR;
						LastSwiftMigration = 0830;
						ProvisioningStyle = Automatic;
						SystemCapabilities = {
							com.apple.BackgroundModes = {
								enabled = 1;
							};
						};
					};
					D980A9091B3F5A6400BE3682 = {
						CreatedOnToolsVersion = 6.3;
						LastSwiftMigration = 0830;
						TestTargetID = 63CE2A531987140F00F65B01;
					};
				};
			};
			buildConfigurationList = 63CE2A4F1987140F00F65B01 /* Build configuration list for PBXProject "iBurn" */;
			compatibilityVersion = "Xcode 3.2";
			developmentRegion = English;
			hasScannedForEncodings = 0;
			knownRegions = (
				en,
			);
			mainGroup = 63CE2A4B1987140F00F65B01;
			productRefGroup = 63CE2A551987140F00F65B01 /* Products */;
			projectDirPath = "";
			projectRoot = "";
			targets = (
				63CE2A531987140F00F65B01 /* iBurn */,
				D980A9091B3F5A6400BE3682 /* iBurnTests */,
			);
		};
/* End PBXProject section */

/* Begin PBXResourcesBuildPhase section */
		63CE2A521987140F00F65B01 /* Resources */ = {
			isa = PBXResourcesBuildPhase;
			buildActionMask = 2147483647;
			files = (
				D9C94D7A1B2CE24800E04EB1 /* FontAwesome.ttf in Resources */,
				D9ADBF5F1D6BA9A7003A71DF /* bundle.js in Resources */,
				D9FC5E351D54112D00D41AEE /* BRCArtObjectTableViewCell.xib in Resources */,
				D9C9D2BD1B7D58F1002C95E4 /* More.storyboard in Resources */,
				D92562C319886EBF00ED6B50 /* BRCDataObjectTableViewCell.xib in Resources */,
				D9895E801B7E7CA800A63F92 /* onboarding_loop_final.mp4 in Resources */,
				D9C94D801B2CEB4C00E04EB1 /* Launch Screen.xib in Resources */,
				D99A61581B2A0AAD009CC09E /* Pods-iBurnAbstract-iBurn-acknowledgements.plist in Resources */,
				63CE2A621987140F00F65B01 /* InfoPlist.strings in Resources */,
				D9ADBF601D6BAEB1003A71DF /* iBurn-2016 in Resources */,
				D9BF9A671D515FF7004AA63B /* 2016 in Resources */,
				D90FFA401EEFB4F6005127D0 /* UserTracking.xcassets in Resources */,
				D92562C81988771400ED6B50 /* BRCEventObjectTableViewCell.xib in Resources */,
				63CE2A6A1987140F00F65B01 /* Images.xcassets in Resources */,
			);
			runOnlyForDeploymentPostprocessing = 0;
		};
		D980A9081B3F5A6400BE3682 /* Resources */ = {
			isa = PBXResourcesBuildPhase;
			buildActionMask = 2147483647;
			files = (
				D9914C4E1B40C54600F90663 /* updated_data in Resources */,
				D9914C4D1B40C54600F90663 /* initial_data in Resources */,
			);
			runOnlyForDeploymentPostprocessing = 0;
		};
/* End PBXResourcesBuildPhase section */

/* Begin PBXShellScriptBuildPhase section */
		24CB1614D6C9984EF659371A /* [CP] Copy Pods Resources */ = {
			isa = PBXShellScriptBuildPhase;
			buildActionMask = 2147483647;
			files = (
			);
			inputPaths = (
			);
			name = "[CP] Copy Pods Resources";
			outputPaths = (
			);
			runOnlyForDeploymentPostprocessing = 0;
			shellPath = /bin/sh;
			shellScript = "\"${SRCROOT}/Pods/Target Support Files/Pods-iBurnAbstract-iBurn/Pods-iBurnAbstract-iBurn-resources.sh\"\n";
			showEnvVarsInLog = 0;
		};
		494E5894B2B0684522784BC0 /* [CP] Check Pods Manifest.lock */ = {
			isa = PBXShellScriptBuildPhase;
			buildActionMask = 2147483647;
			files = (
			);
			inputPaths = (
			);
			name = "[CP] Check Pods Manifest.lock";
			outputPaths = (
			);
			runOnlyForDeploymentPostprocessing = 0;
			shellPath = /bin/sh;
			shellScript = "diff \"${PODS_PODFILE_DIR_PATH}/Podfile.lock\" \"${PODS_ROOT}/Manifest.lock\" > /dev/null\nif [ $? != 0 ] ; then\n    # print error to STDERR\n    echo \"error: The sandbox is not in sync with the Podfile.lock. Run 'pod install' or update your CocoaPods installation.\" >&2\n    exit 1\nfi\n";
			showEnvVarsInLog = 0;
		};
		CB3909D816332073F6AC7A7B /* [CP] Copy Pods Resources */ = {
			isa = PBXShellScriptBuildPhase;
			buildActionMask = 2147483647;
			files = (
			);
			inputPaths = (
			);
			name = "[CP] Copy Pods Resources";
			outputPaths = (
			);
			runOnlyForDeploymentPostprocessing = 0;
			shellPath = /bin/sh;
			shellScript = "\"${SRCROOT}/Pods/Target Support Files/Pods-iBurnAbstract-iBurnTests/Pods-iBurnAbstract-iBurnTests-resources.sh\"\n";
			showEnvVarsInLog = 0;
		};
		D7B18F91C1AE7095AA93FD85 /* [CP] Check Pods Manifest.lock */ = {
			isa = PBXShellScriptBuildPhase;
			buildActionMask = 2147483647;
			files = (
			);
			inputPaths = (
			);
			name = "[CP] Check Pods Manifest.lock";
			outputPaths = (
			);
			runOnlyForDeploymentPostprocessing = 0;
			shellPath = /bin/sh;
			shellScript = "diff \"${PODS_PODFILE_DIR_PATH}/Podfile.lock\" \"${PODS_ROOT}/Manifest.lock\" > /dev/null\nif [ $? != 0 ] ; then\n    # print error to STDERR\n    echo \"error: The sandbox is not in sync with the Podfile.lock. Run 'pod install' or update your CocoaPods installation.\" >&2\n    exit 1\nfi\n";
			showEnvVarsInLog = 0;
		};
		DB9C5A21BC9017032482FB42 /* [CP] Embed Pods Frameworks */ = {
			isa = PBXShellScriptBuildPhase;
			buildActionMask = 2147483647;
			files = (
			);
			inputPaths = (
			);
			name = "[CP] Embed Pods Frameworks";
			outputPaths = (
			);
			runOnlyForDeploymentPostprocessing = 0;
			shellPath = /bin/sh;
			shellScript = "\"${SRCROOT}/Pods/Target Support Files/Pods-iBurnAbstract-iBurnTests/Pods-iBurnAbstract-iBurnTests-frameworks.sh\"\n";
			showEnvVarsInLog = 0;
		};
		E161ADB7ACA7D83761C1C90B /* [CP] Embed Pods Frameworks */ = {
			isa = PBXShellScriptBuildPhase;
			buildActionMask = 2147483647;
			files = (
			);
			inputPaths = (
			);
			name = "[CP] Embed Pods Frameworks";
			outputPaths = (
			);
			runOnlyForDeploymentPostprocessing = 0;
			shellPath = /bin/sh;
			shellScript = "\"${SRCROOT}/Pods/Target Support Files/Pods-iBurnAbstract-iBurn/Pods-iBurnAbstract-iBurn-frameworks.sh\"\n";
			showEnvVarsInLog = 0;
		};
/* End PBXShellScriptBuildPhase section */

/* Begin PBXSourcesBuildPhase section */
		63CE2A501987140F00F65B01 /* Sources */ = {
			isa = PBXSourcesBuildPhase;
			buildActionMask = 2147483647;
			files = (
				D994156119871E8400D245C7 /* BRCEventsTableViewController.m in Sources */,
				D97D7A31198ADBE400CA7828 /* NSDateFormatter+iBurn.m in Sources */,
				639E638D1994178500B62A92 /* BRCEmbargo.m in Sources */,
				630861C9199029D100AD7109 /* BRCLocations.m in Sources */,
				D92562C6198876C400ED6B50 /* BRCEventObjectTableViewCell.m in Sources */,
				D9C9D2C11B7D64C0002C95E4 /* BRCMoreViewController.swift in Sources */,
				6322830B19882153009E472B /* BRCRelationshipDetailInfoCell.m in Sources */,
				D99395A8198B897B00E9ADD2 /* BRCDetailInfoTableViewCell.m in Sources */,
				D90FFA391EEFAF19005127D0 /* BRCAnnotationView.swift in Sources */,
				632F77571993FC8100707FAF /* BRCEmbargoPasscodeViewController.m in Sources */,
				6322830119881DDE009E472B /* BRCDetailViewController.m in Sources */,
				D95AB0F41B80662C00DFC2FD /* BRCDistanceView.swift in Sources */,
				D94EFA51199158D2009F12F4 /* CLLocationManager+iBurn.m in Sources */,
				D9DE7BB01EF25C11007A983E /* MapViewController.swift in Sources */,
				D9941568198726A700D245C7 /* BRCArtObject.m in Sources */,
				D9D42BFD1D59439C0002AC96 /* BRCMediaDownloader.swift in Sources */,
				D9BD4C021B7876E800313FB5 /* BRCCreditsInfo.m in Sources */,
				D9FC5E331D54110300D41AEE /* BRCArtObjectTableViewCell.m in Sources */,
				6322830519881F41009E472B /* BRCDetailCellInfo.m in Sources */,
				D99395AE198B991900E9ADD2 /* TTTLocationFormatter+iBurn.m in Sources */,
				D977E0461B83F6E900FFC20F /* BRCDataObject+Relationships.m in Sources */,
				D9B73FFE1B78BF34001D04E3 /* BRCNearbyViewController.swift in Sources */,
				D902DF0B1B7B19FC00057898 /* BRCDataSorter.swift in Sources */,
				D9BD4C051B78788E00313FB5 /* BRCCreditsViewController.swift in Sources */,
				D99415641987222800D245C7 /* BRCDataObject.m in Sources */,
				D9B362B11998157B0093B441 /* BRCAcknowledgementsViewController.m in Sources */,
				D977C8621EF238F7007766A9 /* MGLMapView+iBurn.swift in Sources */,
				D994155719871D1500D245C7 /* BRCFilteredTableViewController.m in Sources */,
				D9BF9A6A1D52A86A004AA63B /* BRCAudioTourViewController.swift in Sources */,
				D95AB0EF1B7FF5FF00DFC2FD /* BRCUserMapPoint.m in Sources */,
				D9E28F86198823CC009B3A7A /* BRCRecurringEventObject.m in Sources */,
				D9794B74198BBFB400D7FDA7 /* UIColor+iBurn.m in Sources */,
				D9C30F701B82EE6700CD03CC /* BRCSortedViewController.swift in Sources */,
				D977C8641EF23994007766A9 /* MapDetailViewController.swift in Sources */,
				D90132071B7C685D007A11B8 /* PFAnalytics+iBurn.m in Sources */,
				D9B362B71998253A0093B441 /* BRCSocialButtonsView.m in Sources */,
				D977E0431B83F43900FFC20F /* BRCEventsViewController.swift in Sources */,
				D9914C531B40D61500F90663 /* BRCUpdateInfo.m in Sources */,
				D9EC1BEF1D47E29A004A62E6 /* BRCOnboardingViewController.m in Sources */,
				D9071FE71996C4A7005C3639 /* NSData+iBurn.m in Sources */,
				D994157F1987399F00D245C7 /* BRCEventTime.m in Sources */,
				D9F3BF0E1D5528EB00013153 /* BRCAudioPlayer.swift in Sources */,
				63010EFF1B72DEEA000A847C /* BRCGeocoder.m in Sources */,
				D94D97D21B8FC11A008FC86E /* BRCDataImporter.m in Sources */,
				D9DE7BB21EF27AE9007A983E /* SidebarButtonsView.swift in Sources */,
				63CE2A681987140F00F65B01 /* BRCAppDelegate.m in Sources */,
				D90FFA371EEFAC10005127D0 /* MapViewDelegate.swift in Sources */,
				D975CAF2198DAB5A00CC8226 /* BRCSecrets.m in Sources */,
				D9BD4C081B787A4400313FB5 /* NSBundle+iBurn.m in Sources */,
				63CD690B199AB4EE0025C8A1 /* BRCAnnotationEditView.m in Sources */,
				D92562C219886EBF00ED6B50 /* BRCDataObjectTableViewCell.m in Sources */,
				D92562CF198A20D600ED6B50 /* MGLMapView+iBurn.m in Sources */,
				63D270F91987159A00204954 /* BRCMapViewController.m in Sources */,
				D97D7A34198AF7BD00CA7828 /* NSDate+iBurn.m in Sources */,
				D9B362BA199AB5320093B441 /* BRCMapPoint.m in Sources */,
				632283151989AF92009E472B /* BRCBaseMapViewController.m in Sources */,
				D994156B198726B600D245C7 /* BRCCampObject.m in Sources */,
				63228327198C1BF7009E472B /* BRCEventsFilterTableViewController.m in Sources */,
				D994156E198726C100D245C7 /* BRCEventObject.m in Sources */,
				D977C8601EF23036007766A9 /* BaseMapViewController.swift in Sources */,
				D927BDB21EF4778000B7324D /* UserGuidance.swift in Sources */,
				D994157A1987277500D245C7 /* BRCDatabaseManager.m in Sources */,
				D90FFA3E1EEFB279005127D0 /* BRCUserTrackingBarButtonItem.m in Sources */,
				6322831B1989B139009E472B /* BRCDetailMapViewController.m in Sources */,
				63CE2A641987140F00F65B01 /* main.m in Sources */,
				D9C30F6E1B82EDBB00CD03CC /* BRCFavoritesViewController.swift in Sources */,
				D9B362B4199821EB0093B441 /* NSURL+iBurn.m in Sources */,
				D977E0491B84082D00FFC20F /* BRCEventRelationshipDetailInfoCell.m in Sources */,
				D99395AB198B986B00E9ADD2 /* TTTTimeIntervalFormatter+iBurn.m in Sources */,
				D9EC0E591B7DE0200042B596 /* BRCPermissions.swift in Sources */,
				6322832B198C2B48009E472B /* NSUserDefaults+iBurn.m in Sources */,
				D95AB0F21B802CA000DFC2FD /* BRCBreadcrumbPoint.m in Sources */,
			);
			runOnlyForDeploymentPostprocessing = 0;
		};
		D980A9061B3F5A6400BE3682 /* Sources */ = {
			isa = PBXSourcesBuildPhase;
			buildActionMask = 2147483647;
			files = (
				D902DF0E1B7B1F2D00057898 /* BRCDataSorterTests.swift in Sources */,
				D980A9161B3F5AA300BE3682 /* BRCDataImportTests.m in Sources */,
				63010F011B72E2EA000A847C /* BRCGeocoderTest.m in Sources */,
			);
			runOnlyForDeploymentPostprocessing = 0;
		};
/* End PBXSourcesBuildPhase section */

/* Begin PBXTargetDependency section */
		D980A9111B3F5A6400BE3682 /* PBXTargetDependency */ = {
			isa = PBXTargetDependency;
			target = 63CE2A531987140F00F65B01 /* iBurn */;
			targetProxy = D980A9101B3F5A6400BE3682 /* PBXContainerItemProxy */;
		};
/* End PBXTargetDependency section */

/* Begin PBXVariantGroup section */
		63CE2A601987140F00F65B01 /* InfoPlist.strings */ = {
			isa = PBXVariantGroup;
			children = (
				63CE2A611987140F00F65B01 /* en */,
			);
			name = InfoPlist.strings;
			sourceTree = "<group>";
		};
/* End PBXVariantGroup section */

/* Begin XCBuildConfiguration section */
		63CE2A7E1987140F00F65B01 /* Debug */ = {
			isa = XCBuildConfiguration;
			buildSettings = {
				ALWAYS_SEARCH_USER_PATHS = NO;
				CLANG_ENABLE_MODULES = YES;
				CLANG_ENABLE_OBJC_ARC = YES;
				CLANG_WARN_BLOCK_CAPTURE_AUTORELEASING = YES;
				CLANG_WARN_BOOL_CONVERSION = YES;
				CLANG_WARN_COMMA = YES;
				CLANG_WARN_CONSTANT_CONVERSION = YES;
				CLANG_WARN_DIRECT_OBJC_ISA_USAGE = YES_ERROR;
				CLANG_WARN_EMPTY_BODY = YES;
				CLANG_WARN_ENUM_CONVERSION = YES;
				CLANG_WARN_INFINITE_RECURSION = YES;
				CLANG_WARN_INT_CONVERSION = YES;
				CLANG_WARN_NON_LITERAL_NULL_CONVERSION = YES;
				CLANG_WARN_OBJC_LITERAL_CONVERSION = YES;
				CLANG_WARN_OBJC_ROOT_CLASS = YES_ERROR;
				CLANG_WARN_RANGE_LOOP_ANALYSIS = YES;
				CLANG_WARN_STRICT_PROTOTYPES = YES;
				CLANG_WARN_SUSPICIOUS_MOVE = YES;
				CLANG_WARN_UNREACHABLE_CODE = YES;
				CLANG_WARN__DUPLICATE_METHOD_MATCH = YES;
				"CODE_SIGN_IDENTITY[sdk=iphoneos*]" = "iPhone Developer";
				COPY_PHASE_STRIP = NO;
				ENABLE_STRICT_OBJC_MSGSEND = YES;
				ENABLE_TESTABILITY = YES;
				GCC_DYNAMIC_NO_PIC = NO;
				GCC_FAST_MATH = NO;
				GCC_NO_COMMON_BLOCKS = YES;
				GCC_OPTIMIZATION_LEVEL = 0;
				GCC_PREPROCESSOR_DEFINITIONS = (
					"DEBUG=1",
					"$(inherited)",
				);
				GCC_SYMBOLS_PRIVATE_EXTERN = NO;
				GCC_UNROLL_LOOPS = NO;
				GCC_WARN_64_TO_32_BIT_CONVERSION = YES;
				GCC_WARN_ABOUT_RETURN_TYPE = YES_ERROR;
				GCC_WARN_UNDECLARED_SELECTOR = YES;
				GCC_WARN_UNINITIALIZED_AUTOS = YES_AGGRESSIVE;
				GCC_WARN_UNUSED_FUNCTION = YES;
				GCC_WARN_UNUSED_VARIABLE = YES;
				IPHONEOS_DEPLOYMENT_TARGET = 8.0;
				LLVM_LTO = NO;
				ONLY_ACTIVE_ARCH = YES;
				SDKROOT = iphoneos;
				TARGETED_DEVICE_FAMILY = "1,2";
			};
			name = Debug;
		};
		63CE2A7F1987140F00F65B01 /* Release */ = {
			isa = XCBuildConfiguration;
			buildSettings = {
				ALWAYS_SEARCH_USER_PATHS = NO;
				CLANG_ENABLE_MODULES = YES;
				CLANG_ENABLE_OBJC_ARC = YES;
				CLANG_WARN_BLOCK_CAPTURE_AUTORELEASING = YES;
				CLANG_WARN_BOOL_CONVERSION = YES;
				CLANG_WARN_COMMA = YES;
				CLANG_WARN_CONSTANT_CONVERSION = YES;
				CLANG_WARN_DIRECT_OBJC_ISA_USAGE = YES_ERROR;
				CLANG_WARN_EMPTY_BODY = YES;
				CLANG_WARN_ENUM_CONVERSION = YES;
				CLANG_WARN_INFINITE_RECURSION = YES;
				CLANG_WARN_INT_CONVERSION = YES;
				CLANG_WARN_NON_LITERAL_NULL_CONVERSION = YES;
				CLANG_WARN_OBJC_LITERAL_CONVERSION = YES;
				CLANG_WARN_OBJC_ROOT_CLASS = YES_ERROR;
				CLANG_WARN_RANGE_LOOP_ANALYSIS = YES;
				CLANG_WARN_STRICT_PROTOTYPES = YES;
				CLANG_WARN_SUSPICIOUS_MOVE = YES;
				CLANG_WARN_UNREACHABLE_CODE = YES;
				CLANG_WARN__DUPLICATE_METHOD_MATCH = YES;
				"CODE_SIGN_IDENTITY[sdk=iphoneos*]" = "iPhone Developer";
				COPY_PHASE_STRIP = YES;
				ENABLE_NS_ASSERTIONS = NO;
				ENABLE_STRICT_OBJC_MSGSEND = YES;
				GCC_FAST_MATH = YES;
				GCC_NO_COMMON_BLOCKS = YES;
				GCC_OPTIMIZATION_LEVEL = fast;
				GCC_UNROLL_LOOPS = YES;
				GCC_WARN_64_TO_32_BIT_CONVERSION = YES;
				GCC_WARN_ABOUT_RETURN_TYPE = YES_ERROR;
				GCC_WARN_UNDECLARED_SELECTOR = YES;
				GCC_WARN_UNINITIALIZED_AUTOS = YES_AGGRESSIVE;
				GCC_WARN_UNUSED_FUNCTION = YES;
				GCC_WARN_UNUSED_VARIABLE = YES;
				IPHONEOS_DEPLOYMENT_TARGET = 8.0;
				LLVM_LTO = YES;
				SDKROOT = iphoneos;
				SWIFT_OPTIMIZATION_LEVEL = "-Owholemodule";
				TARGETED_DEVICE_FAMILY = "1,2";
				VALIDATE_PRODUCT = YES;
			};
			name = Release;
		};
		63CE2A811987140F00F65B01 /* Debug */ = {
			isa = XCBuildConfiguration;
			baseConfigurationReference = 5C938B49996428877731060F /* Pods-iBurnAbstract-iBurn.debug.xcconfig */;
			buildSettings = {
				ASSETCATALOG_COMPILER_APPICON_NAME = AppIcon;
				ASSETCATALOG_COMPILER_LAUNCHIMAGE_NAME = LaunchImage;
				CLANG_ENABLE_MODULES = YES;
				"CODE_SIGN_IDENTITY[sdk=iphoneos*]" = "iPhone Developer";
				DEVELOPMENT_TEAM = 4T8JLQR6GR;
				GCC_PRECOMPILE_PREFIX_HEADER = YES;
				GCC_PREFIX_HEADER = "iBurn/iBurn-Prefix.pch";
				INFOPLIST_FILE = "iBurn/iBurn-Info.plist";
				IPHONEOS_DEPLOYMENT_TARGET = 9.0;
				LD_RUNPATH_SEARCH_PATHS = "$(inherited) @executable_path/Frameworks";
				LIBRARY_SEARCH_PATHS = (
					"$(inherited)",
					"$(PROJECT_DIR)/Pods/Parse",
				);
				OTHER_SWIFT_FLAGS = "$(inherited) \"-D\" \"COCOAPODS\" -D DEBUG";
				PRODUCT_BUNDLE_IDENTIFIER = "com.trailbehind.${PRODUCT_NAME:rfc1034identifier}2010";
				PRODUCT_NAME = "$(TARGET_NAME)";
				PROVISIONING_PROFILE = "";
				PROVISIONING_PROFILE_SPECIFIER = "";
				SWIFT_OBJC_BRIDGING_HEADER = "iBurn/iBurn-Bridging-Header.h";
				SWIFT_OPTIMIZATION_LEVEL = "-Onone";
				SWIFT_VERSION = 3.0;
				WRAPPER_EXTENSION = app;
			};
			name = Debug;
		};
		63CE2A821987140F00F65B01 /* Release */ = {
			isa = XCBuildConfiguration;
			baseConfigurationReference = 65C20DF5B15D2087485F0E97 /* Pods-iBurnAbstract-iBurn.release.xcconfig */;
			buildSettings = {
				ASSETCATALOG_COMPILER_APPICON_NAME = AppIcon;
				ASSETCATALOG_COMPILER_LAUNCHIMAGE_NAME = LaunchImage;
				CLANG_ENABLE_MODULES = YES;
				"CODE_SIGN_IDENTITY[sdk=iphoneos*]" = "iPhone Developer";
				DEVELOPMENT_TEAM = 4T8JLQR6GR;
				GCC_PRECOMPILE_PREFIX_HEADER = YES;
				GCC_PREFIX_HEADER = "iBurn/iBurn-Prefix.pch";
				INFOPLIST_FILE = "iBurn/iBurn-Info.plist";
				IPHONEOS_DEPLOYMENT_TARGET = 9.0;
				LD_RUNPATH_SEARCH_PATHS = "$(inherited) @executable_path/Frameworks";
				LIBRARY_SEARCH_PATHS = (
					"$(inherited)",
					"$(PROJECT_DIR)/Pods/Parse",
				);
				PRODUCT_BUNDLE_IDENTIFIER = "com.trailbehind.${PRODUCT_NAME:rfc1034identifier}2010";
				PRODUCT_NAME = "$(TARGET_NAME)";
				PROVISIONING_PROFILE = "";
				PROVISIONING_PROFILE_SPECIFIER = "";
				SWIFT_OBJC_BRIDGING_HEADER = "iBurn/iBurn-Bridging-Header.h";
				SWIFT_VERSION = 3.0;
				WRAPPER_EXTENSION = app;
			};
			name = Release;
		};
		D980A9121B3F5A6400BE3682 /* Debug */ = {
			isa = XCBuildConfiguration;
			baseConfigurationReference = C8C62A2C07A29EED6BD93DDA /* Pods-iBurnAbstract-iBurnTests.debug.xcconfig */;
			buildSettings = {
				BUNDLE_LOADER = "$(TEST_HOST)";
				CLANG_ENABLE_MODULES = YES;
				CLANG_WARN_UNREACHABLE_CODE = YES;
				DEBUG_INFORMATION_FORMAT = "dwarf-with-dsym";
				ENABLE_STRICT_OBJC_MSGSEND = YES;
				FRAMEWORK_SEARCH_PATHS = (
					"$(SDKROOT)/Developer/Library/Frameworks",
					"$(inherited)",
					"$(PROJECT_DIR)/build/Debug-iphoneos/Pods",
				);
				GCC_C_LANGUAGE_STANDARD = gnu99;
				GCC_NO_COMMON_BLOCKS = YES;
				INFOPLIST_FILE = iBurnTests/Info.plist;
				IPHONEOS_DEPLOYMENT_TARGET = 8.3;
				LD_RUNPATH_SEARCH_PATHS = "$(inherited) @executable_path/Frameworks @loader_path/Frameworks";
				MTL_ENABLE_DEBUG_INFO = YES;
				PRODUCT_BUNDLE_IDENTIFIER = "com.iburnapp.$(PRODUCT_NAME:rfc1034identifier)";
				PRODUCT_NAME = "$(TARGET_NAME)";
				SWIFT_OBJC_BRIDGING_HEADER = "iBurnTests/iBurnTests-Bridging-Header.h";
				SWIFT_OPTIMIZATION_LEVEL = "-Onone";
				SWIFT_VERSION = 3.0;
				TEST_HOST = "$(BUILT_PRODUCTS_DIR)/iBurn.app/iBurn";
			};
			name = Debug;
		};
		D980A9131B3F5A6400BE3682 /* Release */ = {
			isa = XCBuildConfiguration;
			baseConfigurationReference = E4EF5D0A0750A3E3C14DA796 /* Pods-iBurnAbstract-iBurnTests.release.xcconfig */;
			buildSettings = {
				BUNDLE_LOADER = "$(TEST_HOST)";
				CLANG_ENABLE_MODULES = YES;
				CLANG_WARN_UNREACHABLE_CODE = YES;
				COPY_PHASE_STRIP = NO;
				DEBUG_INFORMATION_FORMAT = "dwarf-with-dsym";
				ENABLE_STRICT_OBJC_MSGSEND = YES;
				FRAMEWORK_SEARCH_PATHS = (
					"$(SDKROOT)/Developer/Library/Frameworks",
					"$(inherited)",
					"$(PROJECT_DIR)/build/Debug-iphoneos/Pods",
				);
				GCC_C_LANGUAGE_STANDARD = gnu99;
				GCC_NO_COMMON_BLOCKS = YES;
				INFOPLIST_FILE = iBurnTests/Info.plist;
				IPHONEOS_DEPLOYMENT_TARGET = 8.3;
				LD_RUNPATH_SEARCH_PATHS = "$(inherited) @executable_path/Frameworks @loader_path/Frameworks";
				MTL_ENABLE_DEBUG_INFO = NO;
				PRODUCT_BUNDLE_IDENTIFIER = "com.iburnapp.$(PRODUCT_NAME:rfc1034identifier)";
				PRODUCT_NAME = "$(TARGET_NAME)";
				SWIFT_OBJC_BRIDGING_HEADER = "iBurnTests/iBurnTests-Bridging-Header.h";
				SWIFT_VERSION = 3.0;
				TEST_HOST = "$(BUILT_PRODUCTS_DIR)/iBurn.app/iBurn";
			};
			name = Release;
		};
/* End XCBuildConfiguration section */

/* Begin XCConfigurationList section */
		63CE2A4F1987140F00F65B01 /* Build configuration list for PBXProject "iBurn" */ = {
			isa = XCConfigurationList;
			buildConfigurations = (
				63CE2A7E1987140F00F65B01 /* Debug */,
				63CE2A7F1987140F00F65B01 /* Release */,
			);
			defaultConfigurationIsVisible = 0;
			defaultConfigurationName = Release;
		};
		63CE2A801987140F00F65B01 /* Build configuration list for PBXNativeTarget "iBurn" */ = {
			isa = XCConfigurationList;
			buildConfigurations = (
				63CE2A811987140F00F65B01 /* Debug */,
				63CE2A821987140F00F65B01 /* Release */,
			);
			defaultConfigurationIsVisible = 0;
			defaultConfigurationName = Release;
		};
		D980A9141B3F5A6400BE3682 /* Build configuration list for PBXNativeTarget "iBurnTests" */ = {
			isa = XCConfigurationList;
			buildConfigurations = (
				D980A9121B3F5A6400BE3682 /* Debug */,
				D980A9131B3F5A6400BE3682 /* Release */,
			);
			defaultConfigurationIsVisible = 0;
			defaultConfigurationName = Release;
		};
/* End XCConfigurationList section */
	};
	rootObject = 63CE2A4C1987140F00F65B01 /* Project object */;
}
