// !$*UTF8*$!
{
	archiveVersion = 1;
	classes = {
	};
	objectVersion = 46;
	objects = {

/* Begin PBXBuildFile section */
		630861C9199029D100AD7109 /* BRCLocations.m in Sources */ = {isa = PBXBuildFile; fileRef = 630861C8199029D100AD7109 /* BRCLocations.m */; };
		6322830119881DDE009E472B /* BRCDetailViewController.m in Sources */ = {isa = PBXBuildFile; fileRef = 6322830019881DDE009E472B /* BRCDetailViewController.m */; };
		6322830519881F41009E472B /* BRCDetailCellInfo.m in Sources */ = {isa = PBXBuildFile; fileRef = 6322830419881F41009E472B /* BRCDetailCellInfo.m */; };
		6322830B19882153009E472B /* BRCRelationshipDetailInfoCell.m in Sources */ = {isa = PBXBuildFile; fileRef = 6322830A19882153009E472B /* BRCRelationshipDetailInfoCell.m */; };
		632283151989AF92009E472B /* BRCBaseMapViewController.m in Sources */ = {isa = PBXBuildFile; fileRef = 632283141989AF92009E472B /* BRCBaseMapViewController.m */; };
		6322831B1989B139009E472B /* BRCDetailMapViewController.m in Sources */ = {isa = PBXBuildFile; fileRef = 6322831A1989B139009E472B /* BRCDetailMapViewController.m */; };
		63228321198AB383009E472B /* RMMarker+iBurn.m in Sources */ = {isa = PBXBuildFile; fileRef = 63228320198AB383009E472B /* RMMarker+iBurn.m */; };
		63228327198C1BF7009E472B /* BRCEventsFilterTableViewController.m in Sources */ = {isa = PBXBuildFile; fileRef = 63228326198C1BF7009E472B /* BRCEventsFilterTableViewController.m */; };
		6322832B198C2B48009E472B /* NSUserDefaults+iBurn.m in Sources */ = {isa = PBXBuildFile; fileRef = 6322832A198C2B48009E472B /* NSUserDefaults+iBurn.m */; };
		632F77571993FC8100707FAF /* BRCEmbargoPasscodeViewController.m in Sources */ = {isa = PBXBuildFile; fileRef = 632F77561993FC8100707FAF /* BRCEmbargoPasscodeViewController.m */; };
		639E638D1994178500B62A92 /* BRCEmbargo.m in Sources */ = {isa = PBXBuildFile; fileRef = 639E638C1994178500B62A92 /* BRCEmbargo.m */; };
		63CD690B199AB4EE0025C8A1 /* BRCAnnotationEditView.m in Sources */ = {isa = PBXBuildFile; fileRef = 63CD690A199AB4EE0025C8A1 /* BRCAnnotationEditView.m */; };
		63CE2A581987140F00F65B01 /* Foundation.framework in Frameworks */ = {isa = PBXBuildFile; fileRef = 63CE2A571987140F00F65B01 /* Foundation.framework */; };
		63CE2A5A1987140F00F65B01 /* CoreGraphics.framework in Frameworks */ = {isa = PBXBuildFile; fileRef = 63CE2A591987140F00F65B01 /* CoreGraphics.framework */; };
		63CE2A5C1987140F00F65B01 /* UIKit.framework in Frameworks */ = {isa = PBXBuildFile; fileRef = 63CE2A5B1987140F00F65B01 /* UIKit.framework */; };
		63CE2A621987140F00F65B01 /* InfoPlist.strings in Resources */ = {isa = PBXBuildFile; fileRef = 63CE2A601987140F00F65B01 /* InfoPlist.strings */; };
		63CE2A641987140F00F65B01 /* main.m in Sources */ = {isa = PBXBuildFile; fileRef = 63CE2A631987140F00F65B01 /* main.m */; };
		63CE2A681987140F00F65B01 /* BRCAppDelegate.m in Sources */ = {isa = PBXBuildFile; fileRef = 63CE2A671987140F00F65B01 /* BRCAppDelegate.m */; };
		63CE2A6A1987140F00F65B01 /* Images.xcassets in Resources */ = {isa = PBXBuildFile; fileRef = 63CE2A691987140F00F65B01 /* Images.xcassets */; };
		63D270F91987159A00204954 /* BRCMapViewController.m in Sources */ = {isa = PBXBuildFile; fileRef = 63D270F81987159A00204954 /* BRCMapViewController.m */; };
		82C658358D864A46A4EEAEE1 /* libPods.a in Frameworks */ = {isa = PBXBuildFile; fileRef = 6E22C90E6C34438BB9A7F78E /* libPods.a */; };
		D9046F1C198C65F40013CCF4 /* dates_info.json in Resources */ = {isa = PBXBuildFile; fileRef = D9046EF8198C65F40013CCF4 /* dates_info.json */; };
		D9046F36198C65F40013CCF4 /* iburn.mbtiles in Resources */ = {isa = PBXBuildFile; fileRef = D9046F19198C65F40013CCF4 /* iburn.mbtiles */; };
		D9071FE71996C4A7005C3639 /* NSData+iBurn.m in Sources */ = {isa = PBXBuildFile; fileRef = D9071FE61996C4A7005C3639 /* NSData+iBurn.m */; };
		D92562C219886EBF00ED6B50 /* BRCDataObjectTableViewCell.m in Sources */ = {isa = PBXBuildFile; fileRef = D92562C019886EBF00ED6B50 /* BRCDataObjectTableViewCell.m */; };
		D92562C319886EBF00ED6B50 /* BRCDataObjectTableViewCell.xib in Resources */ = {isa = PBXBuildFile; fileRef = D92562C119886EBF00ED6B50 /* BRCDataObjectTableViewCell.xib */; };
		D92562C6198876C400ED6B50 /* BRCEventObjectTableViewCell.m in Sources */ = {isa = PBXBuildFile; fileRef = D92562C5198876C400ED6B50 /* BRCEventObjectTableViewCell.m */; };
		D92562C81988771400ED6B50 /* BRCEventObjectTableViewCell.xib in Resources */ = {isa = PBXBuildFile; fileRef = D92562C71988771400ED6B50 /* BRCEventObjectTableViewCell.xib */; };
		D92562CF198A20D600ED6B50 /* RMMapView+iBurn.m in Sources */ = {isa = PBXBuildFile; fileRef = D92562CE198A20D600ED6B50 /* RMMapView+iBurn.m */; };
		D94EFA51199158D2009F12F4 /* CLLocationManager+iBurn.m in Sources */ = {isa = PBXBuildFile; fileRef = D94EFA50199158D2009F12F4 /* CLLocationManager+iBurn.m */; };
		D972BD271993422E008057DB /* BRCStringPickerView.m in Sources */ = {isa = PBXBuildFile; fileRef = D972BD261993422E008057DB /* BRCStringPickerView.m */; };
		D975CAF2198DAB5A00CC8226 /* BRCSecrets.m in Sources */ = {isa = PBXBuildFile; fileRef = D975CAF1198DAB5A00CC8226 /* BRCSecrets.m */; };
		D9794B74198BBFB400D7FDA7 /* UIColor+iBurn.m in Sources */ = {isa = PBXBuildFile; fileRef = D9794B73198BBFB400D7FDA7 /* UIColor+iBurn.m */; };
		D979CEC6199AED4C007F0313 /* RMAnnotation+iBurn.m in Sources */ = {isa = PBXBuildFile; fileRef = D979CEC5199AED4C007F0313 /* RMAnnotation+iBurn.m */; };
		D97D7A31198ADBE400CA7828 /* NSDateFormatter+iBurn.m in Sources */ = {isa = PBXBuildFile; fileRef = D97D7A30198ADBE400CA7828 /* NSDateFormatter+iBurn.m */; };
		D97D7A34198AF7BD00CA7828 /* NSDate+iBurn.m in Sources */ = {isa = PBXBuildFile; fileRef = D97D7A33198AF7BD00CA7828 /* NSDate+iBurn.m */; };
		D99395A8198B897B00E9ADD2 /* BRCDetailInfoTableViewCell.m in Sources */ = {isa = PBXBuildFile; fileRef = D99395A7198B897B00E9ADD2 /* BRCDetailInfoTableViewCell.m */; };
		D99395AB198B986B00E9ADD2 /* TTTTimeIntervalFormatter+iBurn.m in Sources */ = {isa = PBXBuildFile; fileRef = D99395AA198B986B00E9ADD2 /* TTTTimeIntervalFormatter+iBurn.m */; };
		D99395AE198B991900E9ADD2 /* TTTLocationFormatter+iBurn.m in Sources */ = {isa = PBXBuildFile; fileRef = D99395AD198B991900E9ADD2 /* TTTLocationFormatter+iBurn.m */; };
		D994155719871D1500D245C7 /* BRCFilteredTableViewController.m in Sources */ = {isa = PBXBuildFile; fileRef = D994155619871D1500D245C7 /* BRCFilteredTableViewController.m */; };
		D994156119871E8400D245C7 /* BRCEventsTableViewController.m in Sources */ = {isa = PBXBuildFile; fileRef = D994156019871E8400D245C7 /* BRCEventsTableViewController.m */; };
		D99415641987222800D245C7 /* BRCDataObject.m in Sources */ = {isa = PBXBuildFile; fileRef = D99415631987222800D245C7 /* BRCDataObject.m */; };
		D9941568198726A700D245C7 /* BRCArtObject.m in Sources */ = {isa = PBXBuildFile; fileRef = D9941567198726A700D245C7 /* BRCArtObject.m */; };
		D994156B198726B600D245C7 /* BRCCampObject.m in Sources */ = {isa = PBXBuildFile; fileRef = D994156A198726B600D245C7 /* BRCCampObject.m */; };
		D994156E198726C100D245C7 /* BRCEventObject.m in Sources */ = {isa = PBXBuildFile; fileRef = D994156D198726C100D245C7 /* BRCEventObject.m */; };
		D9941571198726F400D245C7 /* BRCDataImporter.m in Sources */ = {isa = PBXBuildFile; fileRef = D9941570198726F400D245C7 /* BRCDataImporter.m */; };
		D994157A1987277500D245C7 /* BRCDatabaseManager.m in Sources */ = {isa = PBXBuildFile; fileRef = D99415791987277500D245C7 /* BRCDatabaseManager.m */; };
		D994157F1987399F00D245C7 /* BRCEventTime.m in Sources */ = {isa = PBXBuildFile; fileRef = D994157E1987399F00D245C7 /* BRCEventTime.m */; };
		D99A61581B2A0AAD009CC09E /* Pods-acknowledgements.plist in Resources */ = {isa = PBXBuildFile; fileRef = D99A61571B2A0AAD009CC09E /* Pods-acknowledgements.plist */; };
		D99A61591B2A1483009CC09E /* events.json in Resources */ = {isa = PBXBuildFile; fileRef = D9046F37198C6CDE0013CCF4 /* events.json */; };
		D99A615A1B2A1487009CC09E /* art.json in Resources */ = {isa = PBXBuildFile; fileRef = D9046EF6198C65F40013CCF4 /* art.json */; };
		D99A615B1B2A148A009CC09E /* camps.json in Resources */ = {isa = PBXBuildFile; fileRef = D9046EF7198C65F40013CCF4 /* camps.json */; };
		D9B362B11998157B0093B441 /* BRCAcknowledgementsViewController.m in Sources */ = {isa = PBXBuildFile; fileRef = D9B362B01998157B0093B441 /* BRCAcknowledgementsViewController.m */; };
		D9B362B4199821EB0093B441 /* NSURL+iBurn.m in Sources */ = {isa = PBXBuildFile; fileRef = D9B362B3199821EB0093B441 /* NSURL+iBurn.m */; };
		D9B362B71998253A0093B441 /* BRCSocialButtonsView.m in Sources */ = {isa = PBXBuildFile; fileRef = D9B362B61998253A0093B441 /* BRCSocialButtonsView.m */; };
		D9B362BA199AB5320093B441 /* BRCMapPoint.m in Sources */ = {isa = PBXBuildFile; fileRef = D9B362B9199AB5320093B441 /* BRCMapPoint.m */; };
		D9E28F86198823CC009B3A7A /* BRCRecurringEventObject.m in Sources */ = {isa = PBXBuildFile; fileRef = D9E28F85198823CC009B3A7A /* BRCRecurringEventObject.m */; };
/* End PBXBuildFile section */

/* Begin PBXFileReference section */
		6200215A1BF28D44858F48C4 /* Pods.release.xcconfig */ = {isa = PBXFileReference; includeInIndex = 1; lastKnownFileType = text.xcconfig; name = Pods.release.xcconfig; path = "Pods/Target Support Files/Pods/Pods.release.xcconfig"; sourceTree = "<group>"; };
		630861C7199029D100AD7109 /* BRCLocations.h */ = {isa = PBXFileReference; fileEncoding = 4; lastKnownFileType = sourcecode.c.h; path = BRCLocations.h; sourceTree = "<group>"; };
		630861C8199029D100AD7109 /* BRCLocations.m */ = {isa = PBXFileReference; fileEncoding = 4; lastKnownFileType = sourcecode.c.objc; path = BRCLocations.m; sourceTree = "<group>"; };
		632282FF19881DDE009E472B /* BRCDetailViewController.h */ = {isa = PBXFileReference; fileEncoding = 4; lastKnownFileType = sourcecode.c.h; path = BRCDetailViewController.h; sourceTree = "<group>"; };
		6322830019881DDE009E472B /* BRCDetailViewController.m */ = {isa = PBXFileReference; fileEncoding = 4; lastKnownFileType = sourcecode.c.objc; path = BRCDetailViewController.m; sourceTree = "<group>"; };
		6322830319881F41009E472B /* BRCDetailCellInfo.h */ = {isa = PBXFileReference; fileEncoding = 4; lastKnownFileType = sourcecode.c.h; path = BRCDetailCellInfo.h; sourceTree = "<group>"; };
		6322830419881F41009E472B /* BRCDetailCellInfo.m */ = {isa = PBXFileReference; fileEncoding = 4; lastKnownFileType = sourcecode.c.objc; path = BRCDetailCellInfo.m; sourceTree = "<group>"; };
		6322830919882153009E472B /* BRCRelationshipDetailInfoCell.h */ = {isa = PBXFileReference; fileEncoding = 4; lastKnownFileType = sourcecode.c.h; path = BRCRelationshipDetailInfoCell.h; sourceTree = "<group>"; };
		6322830A19882153009E472B /* BRCRelationshipDetailInfoCell.m */ = {isa = PBXFileReference; fileEncoding = 4; lastKnownFileType = sourcecode.c.objc; path = BRCRelationshipDetailInfoCell.m; sourceTree = "<group>"; };
		632283131989AF92009E472B /* BRCBaseMapViewController.h */ = {isa = PBXFileReference; fileEncoding = 4; lastKnownFileType = sourcecode.c.h; path = BRCBaseMapViewController.h; sourceTree = "<group>"; };
		632283141989AF92009E472B /* BRCBaseMapViewController.m */ = {isa = PBXFileReference; fileEncoding = 4; lastKnownFileType = sourcecode.c.objc; path = BRCBaseMapViewController.m; sourceTree = "<group>"; };
		632283191989B139009E472B /* BRCDetailMapViewController.h */ = {isa = PBXFileReference; fileEncoding = 4; lastKnownFileType = sourcecode.c.h; path = BRCDetailMapViewController.h; sourceTree = "<group>"; };
		6322831A1989B139009E472B /* BRCDetailMapViewController.m */ = {isa = PBXFileReference; fileEncoding = 4; lastKnownFileType = sourcecode.c.objc; path = BRCDetailMapViewController.m; sourceTree = "<group>"; };
		6322831F198AB383009E472B /* RMMarker+iBurn.h */ = {isa = PBXFileReference; fileEncoding = 4; lastKnownFileType = sourcecode.c.h; path = "RMMarker+iBurn.h"; sourceTree = "<group>"; };
		63228320198AB383009E472B /* RMMarker+iBurn.m */ = {isa = PBXFileReference; fileEncoding = 4; lastKnownFileType = sourcecode.c.objc; path = "RMMarker+iBurn.m"; sourceTree = "<group>"; };
		63228325198C1BF7009E472B /* BRCEventsFilterTableViewController.h */ = {isa = PBXFileReference; fileEncoding = 4; lastKnownFileType = sourcecode.c.h; path = BRCEventsFilterTableViewController.h; sourceTree = "<group>"; };
		63228326198C1BF7009E472B /* BRCEventsFilterTableViewController.m */ = {isa = PBXFileReference; fileEncoding = 4; lastKnownFileType = sourcecode.c.objc; path = BRCEventsFilterTableViewController.m; sourceTree = "<group>"; };
		63228329198C2B48009E472B /* NSUserDefaults+iBurn.h */ = {isa = PBXFileReference; fileEncoding = 4; lastKnownFileType = sourcecode.c.h; path = "NSUserDefaults+iBurn.h"; sourceTree = "<group>"; };
		6322832A198C2B48009E472B /* NSUserDefaults+iBurn.m */ = {isa = PBXFileReference; fileEncoding = 4; lastKnownFileType = sourcecode.c.objc; path = "NSUserDefaults+iBurn.m"; sourceTree = "<group>"; };
		632F77551993FC8100707FAF /* BRCEmbargoPasscodeViewController.h */ = {isa = PBXFileReference; fileEncoding = 4; lastKnownFileType = sourcecode.c.h; path = BRCEmbargoPasscodeViewController.h; sourceTree = "<group>"; };
		632F77561993FC8100707FAF /* BRCEmbargoPasscodeViewController.m */ = {isa = PBXFileReference; fileEncoding = 4; lastKnownFileType = sourcecode.c.objc; path = BRCEmbargoPasscodeViewController.m; sourceTree = "<group>"; };
		639E638B1994178500B62A92 /* BRCEmbargo.h */ = {isa = PBXFileReference; fileEncoding = 4; lastKnownFileType = sourcecode.c.h; path = BRCEmbargo.h; sourceTree = "<group>"; };
		639E638C1994178500B62A92 /* BRCEmbargo.m */ = {isa = PBXFileReference; fileEncoding = 4; lastKnownFileType = sourcecode.c.objc; path = BRCEmbargo.m; sourceTree = "<group>"; };
		63CD6909199AB4EE0025C8A1 /* BRCAnnotationEditView.h */ = {isa = PBXFileReference; fileEncoding = 4; lastKnownFileType = sourcecode.c.h; path = BRCAnnotationEditView.h; sourceTree = "<group>"; };
		63CD690A199AB4EE0025C8A1 /* BRCAnnotationEditView.m */ = {isa = PBXFileReference; fileEncoding = 4; lastKnownFileType = sourcecode.c.objc; path = BRCAnnotationEditView.m; sourceTree = "<group>"; };
		63CE2A541987140F00F65B01 /* iBurn.app */ = {isa = PBXFileReference; explicitFileType = wrapper.application; includeInIndex = 0; path = iBurn.app; sourceTree = BUILT_PRODUCTS_DIR; };
		63CE2A571987140F00F65B01 /* Foundation.framework */ = {isa = PBXFileReference; lastKnownFileType = wrapper.framework; name = Foundation.framework; path = System/Library/Frameworks/Foundation.framework; sourceTree = SDKROOT; };
		63CE2A591987140F00F65B01 /* CoreGraphics.framework */ = {isa = PBXFileReference; lastKnownFileType = wrapper.framework; name = CoreGraphics.framework; path = System/Library/Frameworks/CoreGraphics.framework; sourceTree = SDKROOT; };
		63CE2A5B1987140F00F65B01 /* UIKit.framework */ = {isa = PBXFileReference; lastKnownFileType = wrapper.framework; name = UIKit.framework; path = System/Library/Frameworks/UIKit.framework; sourceTree = SDKROOT; };
		63CE2A5F1987140F00F65B01 /* iBurn-Info.plist */ = {isa = PBXFileReference; lastKnownFileType = text.plist.xml; path = "iBurn-Info.plist"; sourceTree = "<group>"; };
		63CE2A611987140F00F65B01 /* en */ = {isa = PBXFileReference; lastKnownFileType = text.plist.strings; name = en; path = en.lproj/InfoPlist.strings; sourceTree = "<group>"; };
		63CE2A631987140F00F65B01 /* main.m */ = {isa = PBXFileReference; lastKnownFileType = sourcecode.c.objc; path = main.m; sourceTree = "<group>"; };
		63CE2A651987140F00F65B01 /* iBurn-Prefix.pch */ = {isa = PBXFileReference; lastKnownFileType = sourcecode.c.h; path = "iBurn-Prefix.pch"; sourceTree = "<group>"; };
		63CE2A661987140F00F65B01 /* BRCAppDelegate.h */ = {isa = PBXFileReference; lastKnownFileType = sourcecode.c.h; path = BRCAppDelegate.h; sourceTree = "<group>"; };
		63CE2A671987140F00F65B01 /* BRCAppDelegate.m */ = {isa = PBXFileReference; lastKnownFileType = sourcecode.c.objc; path = BRCAppDelegate.m; sourceTree = "<group>"; };
		63CE2A691987140F00F65B01 /* Images.xcassets */ = {isa = PBXFileReference; lastKnownFileType = folder.assetcatalog; path = Images.xcassets; sourceTree = "<group>"; };
		63CE2A701987140F00F65B01 /* XCTest.framework */ = {isa = PBXFileReference; lastKnownFileType = wrapper.framework; name = XCTest.framework; path = Library/Frameworks/XCTest.framework; sourceTree = DEVELOPER_DIR; };
		63D270F71987159A00204954 /* BRCMapViewController.h */ = {isa = PBXFileReference; fileEncoding = 4; lastKnownFileType = sourcecode.c.h; path = BRCMapViewController.h; sourceTree = "<group>"; };
		63D270F81987159A00204954 /* BRCMapViewController.m */ = {isa = PBXFileReference; fileEncoding = 4; lastKnownFileType = sourcecode.c.objc; path = BRCMapViewController.m; sourceTree = "<group>"; };
		6E22C90E6C34438BB9A7F78E /* libPods.a */ = {isa = PBXFileReference; explicitFileType = archive.ar; includeInIndex = 0; path = libPods.a; sourceTree = BUILT_PRODUCTS_DIR; };
		749CB956D79E7D284C256EA3 /* Pods.debug.xcconfig */ = {isa = PBXFileReference; includeInIndex = 1; lastKnownFileType = text.xcconfig; name = Pods.debug.xcconfig; path = "Pods/Target Support Files/Pods/Pods.debug.xcconfig"; sourceTree = "<group>"; };
		D9046ED3198C65D70013CCF4 /* art_data.json */ = {isa = PBXFileReference; lastKnownFileType = text.json; path = art_data.json; sourceTree = "<group>"; };
		D9046ED4198C65D70013CCF4 /* camp_data.json */ = {isa = PBXFileReference; lastKnownFileType = text.json; path = camp_data.json; sourceTree = "<group>"; };
		D9046ED5198C65D70013CCF4 /* dates_info.json */ = {isa = PBXFileReference; lastKnownFileType = text.json; path = dates_info.json; sourceTree = "<group>"; };
		D9046ED6198C65D70013CCF4 /* event_data.json */ = {isa = PBXFileReference; lastKnownFileType = text.json; path = event_data.json; sourceTree = "<group>"; };
		D9046EF4198C65D70013CCF4 /* iburn.mbtiles */ = {isa = PBXFileReference; lastKnownFileType = file; path = iburn.mbtiles; sourceTree = "<group>"; };
		D9046EF6198C65F40013CCF4 /* art.json */ = {isa = PBXFileReference; fileEncoding = 4; lastKnownFileType = text.json; path = art.json; sourceTree = "<group>"; };
		D9046EF7198C65F40013CCF4 /* camps.json */ = {isa = PBXFileReference; fileEncoding = 4; lastKnownFileType = text.json; path = camps.json; sourceTree = "<group>"; };
		D9046EF8198C65F40013CCF4 /* dates_info.json */ = {isa = PBXFileReference; fileEncoding = 4; lastKnownFileType = text.json; path = dates_info.json; sourceTree = "<group>"; };
		D9046F19198C65F40013CCF4 /* iburn.mbtiles */ = {isa = PBXFileReference; lastKnownFileType = file; path = iburn.mbtiles; sourceTree = "<group>"; };
		D9046F37198C6CDE0013CCF4 /* events.json */ = {isa = PBXFileReference; fileEncoding = 4; lastKnownFileType = text.json; path = events.json; sourceTree = "<group>"; };
		D9071FE51996C4A7005C3639 /* NSData+iBurn.h */ = {isa = PBXFileReference; fileEncoding = 4; lastKnownFileType = sourcecode.c.h; path = "NSData+iBurn.h"; sourceTree = "<group>"; };
		D9071FE61996C4A7005C3639 /* NSData+iBurn.m */ = {isa = PBXFileReference; fileEncoding = 4; lastKnownFileType = sourcecode.c.objc; path = "NSData+iBurn.m"; sourceTree = "<group>"; };
		D92562BF19886EBF00ED6B50 /* BRCDataObjectTableViewCell.h */ = {isa = PBXFileReference; fileEncoding = 4; lastKnownFileType = sourcecode.c.h; path = BRCDataObjectTableViewCell.h; sourceTree = "<group>"; };
		D92562C019886EBF00ED6B50 /* BRCDataObjectTableViewCell.m */ = {isa = PBXFileReference; fileEncoding = 4; lastKnownFileType = sourcecode.c.objc; path = BRCDataObjectTableViewCell.m; sourceTree = "<group>"; };
		D92562C119886EBF00ED6B50 /* BRCDataObjectTableViewCell.xib */ = {isa = PBXFileReference; fileEncoding = 4; lastKnownFileType = file.xib; path = BRCDataObjectTableViewCell.xib; sourceTree = "<group>"; };
		D92562C4198876C400ED6B50 /* BRCEventObjectTableViewCell.h */ = {isa = PBXFileReference; fileEncoding = 4; lastKnownFileType = sourcecode.c.h; path = BRCEventObjectTableViewCell.h; sourceTree = "<group>"; };
		D92562C5198876C400ED6B50 /* BRCEventObjectTableViewCell.m */ = {isa = PBXFileReference; fileEncoding = 4; lastKnownFileType = sourcecode.c.objc; path = BRCEventObjectTableViewCell.m; sourceTree = "<group>"; };
		D92562C71988771400ED6B50 /* BRCEventObjectTableViewCell.xib */ = {isa = PBXFileReference; fileEncoding = 4; lastKnownFileType = file.xib; path = BRCEventObjectTableViewCell.xib; sourceTree = "<group>"; };
		D92562CD198A20D600ED6B50 /* RMMapView+iBurn.h */ = {isa = PBXFileReference; fileEncoding = 4; lastKnownFileType = sourcecode.c.h; path = "RMMapView+iBurn.h"; sourceTree = "<group>"; };
		D92562CE198A20D600ED6B50 /* RMMapView+iBurn.m */ = {isa = PBXFileReference; fileEncoding = 4; lastKnownFileType = sourcecode.c.objc; path = "RMMapView+iBurn.m"; sourceTree = "<group>"; };
		D94EFA4F199158D2009F12F4 /* CLLocationManager+iBurn.h */ = {isa = PBXFileReference; fileEncoding = 4; lastKnownFileType = sourcecode.c.h; path = "CLLocationManager+iBurn.h"; sourceTree = "<group>"; };
		D94EFA50199158D2009F12F4 /* CLLocationManager+iBurn.m */ = {isa = PBXFileReference; fileEncoding = 4; lastKnownFileType = sourcecode.c.objc; path = "CLLocationManager+iBurn.m"; sourceTree = "<group>"; };
		D972BD2319934037008057DB /* iBurn-database */ = {isa = PBXFileReference; lastKnownFileType = folder; path = "iBurn-database"; sourceTree = "<group>"; };
		D972BD251993422E008057DB /* BRCStringPickerView.h */ = {isa = PBXFileReference; fileEncoding = 4; lastKnownFileType = sourcecode.c.h; path = BRCStringPickerView.h; sourceTree = "<group>"; };
		D972BD261993422E008057DB /* BRCStringPickerView.m */ = {isa = PBXFileReference; fileEncoding = 4; lastKnownFileType = sourcecode.c.objc; path = BRCStringPickerView.m; sourceTree = "<group>"; };
		D975CAF0198DAB5A00CC8226 /* BRCSecrets.h */ = {isa = PBXFileReference; fileEncoding = 4; lastKnownFileType = sourcecode.c.h; path = BRCSecrets.h; sourceTree = "<group>"; };
		D975CAF1198DAB5A00CC8226 /* BRCSecrets.m */ = {isa = PBXFileReference; fileEncoding = 4; lastKnownFileType = sourcecode.c.objc; path = BRCSecrets.m; sourceTree = "<group>"; };
		D9794B72198BBFB400D7FDA7 /* UIColor+iBurn.h */ = {isa = PBXFileReference; fileEncoding = 4; lastKnownFileType = sourcecode.c.h; path = "UIColor+iBurn.h"; sourceTree = "<group>"; };
		D9794B73198BBFB400D7FDA7 /* UIColor+iBurn.m */ = {isa = PBXFileReference; fileEncoding = 4; lastKnownFileType = sourcecode.c.objc; path = "UIColor+iBurn.m"; sourceTree = "<group>"; };
		D979CEC4199AED4C007F0313 /* RMAnnotation+iBurn.h */ = {isa = PBXFileReference; fileEncoding = 4; lastKnownFileType = sourcecode.c.h; path = "RMAnnotation+iBurn.h"; sourceTree = "<group>"; };
		D979CEC5199AED4C007F0313 /* RMAnnotation+iBurn.m */ = {isa = PBXFileReference; fileEncoding = 4; lastKnownFileType = sourcecode.c.objc; path = "RMAnnotation+iBurn.m"; sourceTree = "<group>"; };
		D97D7A29198AD05000CA7828 /* BRCFilteredTableViewController_Private.h */ = {isa = PBXFileReference; lastKnownFileType = sourcecode.c.h; path = BRCFilteredTableViewController_Private.h; sourceTree = "<group>"; };
		D97D7A2F198ADBE400CA7828 /* NSDateFormatter+iBurn.h */ = {isa = PBXFileReference; fileEncoding = 4; lastKnownFileType = sourcecode.c.h; path = "NSDateFormatter+iBurn.h"; sourceTree = "<group>"; };
		D97D7A30198ADBE400CA7828 /* NSDateFormatter+iBurn.m */ = {isa = PBXFileReference; fileEncoding = 4; lastKnownFileType = sourcecode.c.objc; path = "NSDateFormatter+iBurn.m"; sourceTree = "<group>"; };
		D97D7A32198AF7BD00CA7828 /* NSDate+iBurn.h */ = {isa = PBXFileReference; fileEncoding = 4; lastKnownFileType = sourcecode.c.h; path = "NSDate+iBurn.h"; sourceTree = "<group>"; };
		D97D7A33198AF7BD00CA7828 /* NSDate+iBurn.m */ = {isa = PBXFileReference; fileEncoding = 4; lastKnownFileType = sourcecode.c.objc; path = "NSDate+iBurn.m"; sourceTree = "<group>"; };
		D99395A6198B897B00E9ADD2 /* BRCDetailInfoTableViewCell.h */ = {isa = PBXFileReference; fileEncoding = 4; lastKnownFileType = sourcecode.c.h; path = BRCDetailInfoTableViewCell.h; sourceTree = "<group>"; };
		D99395A7198B897B00E9ADD2 /* BRCDetailInfoTableViewCell.m */ = {isa = PBXFileReference; fileEncoding = 4; lastKnownFileType = sourcecode.c.objc; path = BRCDetailInfoTableViewCell.m; sourceTree = "<group>"; };
		D99395A9198B986B00E9ADD2 /* TTTTimeIntervalFormatter+iBurn.h */ = {isa = PBXFileReference; fileEncoding = 4; lastKnownFileType = sourcecode.c.h; path = "TTTTimeIntervalFormatter+iBurn.h"; sourceTree = "<group>"; };
		D99395AA198B986B00E9ADD2 /* TTTTimeIntervalFormatter+iBurn.m */ = {isa = PBXFileReference; fileEncoding = 4; lastKnownFileType = sourcecode.c.objc; path = "TTTTimeIntervalFormatter+iBurn.m"; sourceTree = "<group>"; };
		D99395AC198B991900E9ADD2 /* TTTLocationFormatter+iBurn.h */ = {isa = PBXFileReference; fileEncoding = 4; lastKnownFileType = sourcecode.c.h; path = "TTTLocationFormatter+iBurn.h"; sourceTree = "<group>"; };
		D99395AD198B991900E9ADD2 /* TTTLocationFormatter+iBurn.m */ = {isa = PBXFileReference; fileEncoding = 4; lastKnownFileType = sourcecode.c.objc; path = "TTTLocationFormatter+iBurn.m"; sourceTree = "<group>"; };
		D994155519871D1500D245C7 /* BRCFilteredTableViewController.h */ = {isa = PBXFileReference; fileEncoding = 4; lastKnownFileType = sourcecode.c.h; path = BRCFilteredTableViewController.h; sourceTree = "<group>"; };
		D994155619871D1500D245C7 /* BRCFilteredTableViewController.m */ = {isa = PBXFileReference; fileEncoding = 4; lastKnownFileType = sourcecode.c.objc; path = BRCFilteredTableViewController.m; sourceTree = "<group>"; };
		D994155F19871E8400D245C7 /* BRCEventsTableViewController.h */ = {isa = PBXFileReference; fileEncoding = 4; lastKnownFileType = sourcecode.c.h; path = BRCEventsTableViewController.h; sourceTree = "<group>"; };
		D994156019871E8400D245C7 /* BRCEventsTableViewController.m */ = {isa = PBXFileReference; fileEncoding = 4; lastKnownFileType = sourcecode.c.objc; path = BRCEventsTableViewController.m; sourceTree = "<group>"; };
		D99415621987222800D245C7 /* BRCDataObject.h */ = {isa = PBXFileReference; fileEncoding = 4; lastKnownFileType = sourcecode.c.h; path = BRCDataObject.h; sourceTree = "<group>"; };
		D99415631987222800D245C7 /* BRCDataObject.m */ = {isa = PBXFileReference; fileEncoding = 4; lastKnownFileType = sourcecode.c.objc; path = BRCDataObject.m; sourceTree = "<group>"; };
		D9941566198726A700D245C7 /* BRCArtObject.h */ = {isa = PBXFileReference; fileEncoding = 4; lastKnownFileType = sourcecode.c.h; path = BRCArtObject.h; sourceTree = "<group>"; };
		D9941567198726A700D245C7 /* BRCArtObject.m */ = {isa = PBXFileReference; fileEncoding = 4; lastKnownFileType = sourcecode.c.objc; path = BRCArtObject.m; sourceTree = "<group>"; };
		D9941569198726B600D245C7 /* BRCCampObject.h */ = {isa = PBXFileReference; fileEncoding = 4; lastKnownFileType = sourcecode.c.h; path = BRCCampObject.h; sourceTree = "<group>"; };
		D994156A198726B600D245C7 /* BRCCampObject.m */ = {isa = PBXFileReference; fileEncoding = 4; lastKnownFileType = sourcecode.c.objc; path = BRCCampObject.m; sourceTree = "<group>"; };
		D994156C198726C100D245C7 /* BRCEventObject.h */ = {isa = PBXFileReference; fileEncoding = 4; lastKnownFileType = sourcecode.c.h; path = BRCEventObject.h; sourceTree = "<group>"; };
		D994156D198726C100D245C7 /* BRCEventObject.m */ = {isa = PBXFileReference; fileEncoding = 4; lastKnownFileType = sourcecode.c.objc; path = BRCEventObject.m; sourceTree = "<group>"; };
		D994156F198726F400D245C7 /* BRCDataImporter.h */ = {isa = PBXFileReference; fileEncoding = 4; lastKnownFileType = sourcecode.c.h; path = BRCDataImporter.h; sourceTree = "<group>"; };
		D9941570198726F400D245C7 /* BRCDataImporter.m */ = {isa = PBXFileReference; fileEncoding = 4; lastKnownFileType = sourcecode.c.objc; path = BRCDataImporter.m; sourceTree = "<group>"; };
		D99415781987277500D245C7 /* BRCDatabaseManager.h */ = {isa = PBXFileReference; fileEncoding = 4; lastKnownFileType = sourcecode.c.h; path = BRCDatabaseManager.h; sourceTree = "<group>"; };
		D99415791987277500D245C7 /* BRCDatabaseManager.m */ = {isa = PBXFileReference; fileEncoding = 4; lastKnownFileType = sourcecode.c.objc; path = BRCDatabaseManager.m; sourceTree = "<group>"; };
		D994157D1987399F00D245C7 /* BRCEventTime.h */ = {isa = PBXFileReference; fileEncoding = 4; lastKnownFileType = sourcecode.c.h; path = BRCEventTime.h; sourceTree = "<group>"; };
		D994157E1987399F00D245C7 /* BRCEventTime.m */ = {isa = PBXFileReference; fileEncoding = 4; lastKnownFileType = sourcecode.c.objc; path = BRCEventTime.m; sourceTree = "<group>"; };
		D99A61571B2A0AAD009CC09E /* Pods-acknowledgements.plist */ = {isa = PBXFileReference; fileEncoding = 4; lastKnownFileType = text.plist.xml; name = "Pods-acknowledgements.plist"; path = "Pods/Target Support Files/Pods/Pods-acknowledgements.plist"; sourceTree = SOURCE_ROOT; };
		D9B362AF1998157B0093B441 /* BRCAcknowledgementsViewController.h */ = {isa = PBXFileReference; fileEncoding = 4; lastKnownFileType = sourcecode.c.h; path = BRCAcknowledgementsViewController.h; sourceTree = "<group>"; };
		D9B362B01998157B0093B441 /* BRCAcknowledgementsViewController.m */ = {isa = PBXFileReference; fileEncoding = 4; lastKnownFileType = sourcecode.c.objc; path = BRCAcknowledgementsViewController.m; sourceTree = "<group>"; };
		D9B362B2199821EB0093B441 /* NSURL+iBurn.h */ = {isa = PBXFileReference; fileEncoding = 4; lastKnownFileType = sourcecode.c.h; path = "NSURL+iBurn.h"; sourceTree = "<group>"; };
		D9B362B3199821EB0093B441 /* NSURL+iBurn.m */ = {isa = PBXFileReference; fileEncoding = 4; lastKnownFileType = sourcecode.c.objc; path = "NSURL+iBurn.m"; sourceTree = "<group>"; };
		D9B362B51998253A0093B441 /* BRCSocialButtonsView.h */ = {isa = PBXFileReference; fileEncoding = 4; lastKnownFileType = sourcecode.c.h; path = BRCSocialButtonsView.h; sourceTree = "<group>"; };
		D9B362B61998253A0093B441 /* BRCSocialButtonsView.m */ = {isa = PBXFileReference; fileEncoding = 4; lastKnownFileType = sourcecode.c.objc; path = BRCSocialButtonsView.m; sourceTree = "<group>"; };
		D9B362B8199AB5320093B441 /* BRCMapPoint.h */ = {isa = PBXFileReference; fileEncoding = 4; lastKnownFileType = sourcecode.c.h; path = BRCMapPoint.h; sourceTree = "<group>"; };
		D9B362B9199AB5320093B441 /* BRCMapPoint.m */ = {isa = PBXFileReference; fileEncoding = 4; lastKnownFileType = sourcecode.c.objc; path = BRCMapPoint.m; sourceTree = "<group>"; };
		D9E28F84198823CC009B3A7A /* BRCRecurringEventObject.h */ = {isa = PBXFileReference; fileEncoding = 4; lastKnownFileType = sourcecode.c.h; path = BRCRecurringEventObject.h; sourceTree = "<group>"; };
		D9E28F85198823CC009B3A7A /* BRCRecurringEventObject.m */ = {isa = PBXFileReference; fileEncoding = 4; lastKnownFileType = sourcecode.c.objc; path = BRCRecurringEventObject.m; sourceTree = "<group>"; };
		D9E28F8719882F4E009B3A7A /* BRCDataObject_Private.h */ = {isa = PBXFileReference; lastKnownFileType = sourcecode.c.h; path = BRCDataObject_Private.h; sourceTree = "<group>"; };
		D9E28F8819882F96009B3A7A /* BRCEventObject_Private.h */ = {isa = PBXFileReference; lastKnownFileType = sourcecode.c.h; path = BRCEventObject_Private.h; sourceTree = "<group>"; };
/* End PBXFileReference section */

/* Begin PBXFrameworksBuildPhase section */
		63CE2A511987140F00F65B01 /* Frameworks */ = {
			isa = PBXFrameworksBuildPhase;
			buildActionMask = 2147483647;
			files = (
				63CE2A5A1987140F00F65B01 /* CoreGraphics.framework in Frameworks */,
				63CE2A5C1987140F00F65B01 /* UIKit.framework in Frameworks */,
				63CE2A581987140F00F65B01 /* Foundation.framework in Frameworks */,
				82C658358D864A46A4EEAEE1 /* libPods.a in Frameworks */,
			);
			runOnlyForDeploymentPostprocessing = 0;
		};
/* End PBXFrameworksBuildPhase section */

/* Begin PBXGroup section */
		3A796F266B406F6E516F6951 /* Pods */ = {
			isa = PBXGroup;
			children = (
				749CB956D79E7D284C256EA3 /* Pods.debug.xcconfig */,
				6200215A1BF28D44858F48C4 /* Pods.release.xcconfig */,
			);
			name = Pods;
			sourceTree = "<group>";
		};
		6322830219881E27009E472B /* DetailViewControllers */ = {
			isa = PBXGroup;
			children = (
				632282FF19881DDE009E472B /* BRCDetailViewController.h */,
				6322830019881DDE009E472B /* BRCDetailViewController.m */,
				D99395A6198B897B00E9ADD2 /* BRCDetailInfoTableViewCell.h */,
				D99395A7198B897B00E9ADD2 /* BRCDetailInfoTableViewCell.m */,
				6322830319881F41009E472B /* BRCDetailCellInfo.h */,
				6322830419881F41009E472B /* BRCDetailCellInfo.m */,
				6322830919882153009E472B /* BRCRelationshipDetailInfoCell.h */,
				6322830A19882153009E472B /* BRCRelationshipDetailInfoCell.m */,
			);
			name = DetailViewControllers;
			sourceTree = "<group>";
		};
		6322830C1989836F009E472B /* MapClasses */ = {
			isa = PBXGroup;
			children = (
				630861C7199029D100AD7109 /* BRCLocations.h */,
				630861C8199029D100AD7109 /* BRCLocations.m */,
			);
			name = MapClasses;
			sourceTree = "<group>";
		};
		63CE2A4B1987140F00F65B01 = {
			isa = PBXGroup;
			children = (
				63CE2A5D1987140F00F65B01 /* iBurn */,
				63CE2A561987140F00F65B01 /* Frameworks */,
				63CE2A551987140F00F65B01 /* Products */,
				3A796F266B406F6E516F6951 /* Pods */,
			);
			sourceTree = "<group>";
		};
		63CE2A551987140F00F65B01 /* Products */ = {
			isa = PBXGroup;
			children = (
				63CE2A541987140F00F65B01 /* iBurn.app */,
			);
			name = Products;
			sourceTree = "<group>";
		};
		63CE2A561987140F00F65B01 /* Frameworks */ = {
			isa = PBXGroup;
			children = (
				63CE2A571987140F00F65B01 /* Foundation.framework */,
				63CE2A591987140F00F65B01 /* CoreGraphics.framework */,
				63CE2A5B1987140F00F65B01 /* UIKit.framework */,
				63CE2A701987140F00F65B01 /* XCTest.framework */,
				6E22C90E6C34438BB9A7F78E /* libPods.a */,
			);
			name = Frameworks;
			sourceTree = "<group>";
		};
		63CE2A5D1987140F00F65B01 /* iBurn */ = {
			isa = PBXGroup;
			children = (
				D9B362B51998253A0093B441 /* BRCSocialButtonsView.h */,
				D9B362B61998253A0093B441 /* BRCSocialButtonsView.m */,
				D979CEC7199AF11E007F0313 /* Categories */,
				D975CAF0198DAB5A00CC8226 /* BRCSecrets.h */,
				D975CAF1198DAB5A00CC8226 /* BRCSecrets.m */,
				D994157B1987278400D245C7 /* Data */,
				63CE2A661987140F00F65B01 /* BRCAppDelegate.h */,
				63CE2A671987140F00F65B01 /* BRCAppDelegate.m */,
				639E638B1994178500B62A92 /* BRCEmbargo.h */,
				639E638C1994178500B62A92 /* BRCEmbargo.m */,
				6322830C1989836F009E472B /* MapClasses */,
				63D270F61987157900204954 /* ViewControllers */,
				63CE2A691987140F00F65B01 /* Images.xcassets */,
				D99A61571B2A0AAD009CC09E /* Pods-acknowledgements.plist */,
				63D270FA198716C600204954 /* Resources */,
				63CE2A5E1987140F00F65B01 /* Supporting Files */,
			);
			path = iBurn;
			sourceTree = "<group>";
		};
		63CE2A5E1987140F00F65B01 /* Supporting Files */ = {
			isa = PBXGroup;
			children = (
				63CE2A5F1987140F00F65B01 /* iBurn-Info.plist */,
				63CE2A601987140F00F65B01 /* InfoPlist.strings */,
				63CE2A631987140F00F65B01 /* main.m */,
				63CE2A651987140F00F65B01 /* iBurn-Prefix.pch */,
			);
			name = "Supporting Files";
			sourceTree = "<group>";
		};
		63D270F61987157900204954 /* ViewControllers */ = {
			isa = PBXGroup;
			children = (
				D9B362AF1998157B0093B441 /* BRCAcknowledgementsViewController.h */,
				D9B362B01998157B0093B441 /* BRCAcknowledgementsViewController.m */,
				6322830219881E27009E472B /* DetailViewControllers */,
				D994155E19871D9000D245C7 /* Filtered Tables */,
				D99395A5198B806800E9ADD2 /* MapViewControllers */,
				632F77551993FC8100707FAF /* BRCEmbargoPasscodeViewController.h */,
				632F77561993FC8100707FAF /* BRCEmbargoPasscodeViewController.m */,
			);
			name = ViewControllers;
			sourceTree = "<group>";
		};
		63D270FA198716C600204954 /* Resources */ = {
			isa = PBXGroup;
			children = (
				D9046EF5198C65F40013CCF4 /* 2014 */,
				D9046ED2198C65D70013CCF4 /* 2013 */,
			);
			name = Resources;
			sourceTree = "<group>";
		};
		D9046ED2198C65D70013CCF4 /* 2013 */ = {
			isa = PBXGroup;
			children = (
				D9046ED3198C65D70013CCF4 /* art_data.json */,
				D9046ED4198C65D70013CCF4 /* camp_data.json */,
				D9046ED5198C65D70013CCF4 /* dates_info.json */,
				D9046ED6198C65D70013CCF4 /* event_data.json */,
				D9046EF4198C65D70013CCF4 /* iburn.mbtiles */,
			);
			name = 2013;
			path = "Submodules/iBurn-Data/data/2013";
			sourceTree = SOURCE_ROOT;
		};
		D9046EF5198C65F40013CCF4 /* 2014 */ = {
			isa = PBXGroup;
			children = (
				D972BD2319934037008057DB /* iBurn-database */,
				D9046F37198C6CDE0013CCF4 /* events.json */,
				D9046EF6198C65F40013CCF4 /* art.json */,
				D9046EF7198C65F40013CCF4 /* camps.json */,
				D9046EF8198C65F40013CCF4 /* dates_info.json */,
				D9046F19198C65F40013CCF4 /* iburn.mbtiles */,
			);
			name = 2014;
			path = "Submodules/iBurn-Data/data/2014";
			sourceTree = SOURCE_ROOT;
		};
		D92562C91988772600ED6B50 /* Cells */ = {
			isa = PBXGroup;
			children = (
				D92562C4198876C400ED6B50 /* BRCEventObjectTableViewCell.h */,
				D92562C5198876C400ED6B50 /* BRCEventObjectTableViewCell.m */,
				D92562C71988771400ED6B50 /* BRCEventObjectTableViewCell.xib */,
				D92562BF19886EBF00ED6B50 /* BRCDataObjectTableViewCell.h */,
				D92562C019886EBF00ED6B50 /* BRCDataObjectTableViewCell.m */,
				D92562C119886EBF00ED6B50 /* BRCDataObjectTableViewCell.xib */,
			);
			name = Cells;
			sourceTree = "<group>";
		};
		D972BD281993423E008057DB /* Events */ = {
			isa = PBXGroup;
			children = (
				D972BD251993422E008057DB /* BRCStringPickerView.h */,
				D972BD261993422E008057DB /* BRCStringPickerView.m */,
				63228325198C1BF7009E472B /* BRCEventsFilterTableViewController.h */,
				63228326198C1BF7009E472B /* BRCEventsFilterTableViewController.m */,
				D994155F19871E8400D245C7 /* BRCEventsTableViewController.h */,
				D994156019871E8400D245C7 /* BRCEventsTableViewController.m */,
			);
			name = Events;
			sourceTree = "<group>";
		};
		D979CEC7199AF11E007F0313 /* Categories */ = {
			isa = PBXGroup;
			children = (
				D979CEC4199AED4C007F0313 /* RMAnnotation+iBurn.h */,
				D979CEC5199AED4C007F0313 /* RMAnnotation+iBurn.m */,
				D99395AC198B991900E9ADD2 /* TTTLocationFormatter+iBurn.h */,
				D99395AD198B991900E9ADD2 /* TTTLocationFormatter+iBurn.m */,
				D99395A9198B986B00E9ADD2 /* TTTTimeIntervalFormatter+iBurn.h */,
				D99395AA198B986B00E9ADD2 /* TTTTimeIntervalFormatter+iBurn.m */,
				D92562CD198A20D600ED6B50 /* RMMapView+iBurn.h */,
				D92562CE198A20D600ED6B50 /* RMMapView+iBurn.m */,
				6322831F198AB383009E472B /* RMMarker+iBurn.h */,
				63228320198AB383009E472B /* RMMarker+iBurn.m */,
				D94EFA4F199158D2009F12F4 /* CLLocationManager+iBurn.h */,
				D94EFA50199158D2009F12F4 /* CLLocationManager+iBurn.m */,
				D9794B72198BBFB400D7FDA7 /* UIColor+iBurn.h */,
				D9794B73198BBFB400D7FDA7 /* UIColor+iBurn.m */,
				D97D7A32198AF7BD00CA7828 /* NSDate+iBurn.h */,
				D97D7A33198AF7BD00CA7828 /* NSDate+iBurn.m */,
				D97D7A2F198ADBE400CA7828 /* NSDateFormatter+iBurn.h */,
				D97D7A30198ADBE400CA7828 /* NSDateFormatter+iBurn.m */,
				D9B362B2199821EB0093B441 /* NSURL+iBurn.h */,
				D9B362B3199821EB0093B441 /* NSURL+iBurn.m */,
				D9071FE51996C4A7005C3639 /* NSData+iBurn.h */,
				D9071FE61996C4A7005C3639 /* NSData+iBurn.m */,
				63228329198C2B48009E472B /* NSUserDefaults+iBurn.h */,
				6322832A198C2B48009E472B /* NSUserDefaults+iBurn.m */,
			);
			name = Categories;
			sourceTree = "<group>";
		};
		D99395A5198B806800E9ADD2 /* MapViewControllers */ = {
			isa = PBXGroup;
			children = (
				63CD6909199AB4EE0025C8A1 /* BRCAnnotationEditView.h */,
				63CD690A199AB4EE0025C8A1 /* BRCAnnotationEditView.m */,
				63D270F71987159A00204954 /* BRCMapViewController.h */,
				63D270F81987159A00204954 /* BRCMapViewController.m */,
				632283191989B139009E472B /* BRCDetailMapViewController.h */,
				6322831A1989B139009E472B /* BRCDetailMapViewController.m */,
				632283131989AF92009E472B /* BRCBaseMapViewController.h */,
				632283141989AF92009E472B /* BRCBaseMapViewController.m */,
			);
			name = MapViewControllers;
			sourceTree = "<group>";
		};
		D994155E19871D9000D245C7 /* Filtered Tables */ = {
			isa = PBXGroup;
			children = (
				D92562C91988772600ED6B50 /* Cells */,
				D972BD281993423E008057DB /* Events */,
				D994155519871D1500D245C7 /* BRCFilteredTableViewController.h */,
				D97D7A29198AD05000CA7828 /* BRCFilteredTableViewController_Private.h */,
				D994155619871D1500D245C7 /* BRCFilteredTableViewController.m */,
			);
			name = "Filtered Tables";
			sourceTree = "<group>";
		};
		D99415651987222F00D245C7 /* Model */ = {
			isa = PBXGroup;
			children = (
				D9B362B8199AB5320093B441 /* BRCMapPoint.h */,
				D9B362B9199AB5320093B441 /* BRCMapPoint.m */,
				D9941566198726A700D245C7 /* BRCArtObject.h */,
				D9941567198726A700D245C7 /* BRCArtObject.m */,
				D9941569198726B600D245C7 /* BRCCampObject.h */,
				D994156A198726B600D245C7 /* BRCCampObject.m */,
				D9E28F84198823CC009B3A7A /* BRCRecurringEventObject.h */,
				D9E28F85198823CC009B3A7A /* BRCRecurringEventObject.m */,
				D994156C198726C100D245C7 /* BRCEventObject.h */,
				D994156D198726C100D245C7 /* BRCEventObject.m */,
				D9E28F8819882F96009B3A7A /* BRCEventObject_Private.h */,
				D994157D1987399F00D245C7 /* BRCEventTime.h */,
				D994157E1987399F00D245C7 /* BRCEventTime.m */,
				D9E28F8719882F4E009B3A7A /* BRCDataObject_Private.h */,
				D99415621987222800D245C7 /* BRCDataObject.h */,
				D99415631987222800D245C7 /* BRCDataObject.m */,
			);
			name = Model;
			sourceTree = "<group>";
		};
		D994157B1987278400D245C7 /* Data */ = {
			isa = PBXGroup;
			children = (
				D99415781987277500D245C7 /* BRCDatabaseManager.h */,
				D99415791987277500D245C7 /* BRCDatabaseManager.m */,
				D994156F198726F400D245C7 /* BRCDataImporter.h */,
				D9941570198726F400D245C7 /* BRCDataImporter.m */,
				D99415651987222F00D245C7 /* Model */,
			);
			name = Data;
			sourceTree = "<group>";
		};
/* End PBXGroup section */

/* Begin PBXNativeTarget section */
		63CE2A531987140F00F65B01 /* iBurn */ = {
			isa = PBXNativeTarget;
			buildConfigurationList = 63CE2A801987140F00F65B01 /* Build configuration list for PBXNativeTarget "iBurn" */;
			buildPhases = (
				CB570D6C6EA04E4EA9928285 /* Check Pods Manifest.lock */,
				63CE2A501987140F00F65B01 /* Sources */,
				63CE2A511987140F00F65B01 /* Frameworks */,
				63CE2A521987140F00F65B01 /* Resources */,
				3E19370CC64B49F6B7721F27 /* Copy Pods Resources */,
			);
			buildRules = (
			);
			dependencies = (
			);
			name = iBurn;
			productName = iBurn;
			productReference = 63CE2A541987140F00F65B01 /* iBurn.app */;
			productType = "com.apple.product-type.application";
		};
/* End PBXNativeTarget section */

/* Begin PBXProject section */
		63CE2A4C1987140F00F65B01 /* Project object */ = {
			isa = PBXProject;
			attributes = {
				CLASSPREFIX = BRC;
				LastUpgradeCheck = 0510;
				ORGANIZATIONNAME = "Burning Man Earth";
			};
			buildConfigurationList = 63CE2A4F1987140F00F65B01 /* Build configuration list for PBXProject "iBurn" */;
			compatibilityVersion = "Xcode 3.2";
			developmentRegion = English;
			hasScannedForEncodings = 0;
			knownRegions = (
				en,
			);
			mainGroup = 63CE2A4B1987140F00F65B01;
			productRefGroup = 63CE2A551987140F00F65B01 /* Products */;
			projectDirPath = "";
			projectRoot = "";
			targets = (
				63CE2A531987140F00F65B01 /* iBurn */,
			);
		};
/* End PBXProject section */

/* Begin PBXResourcesBuildPhase section */
		63CE2A521987140F00F65B01 /* Resources */ = {
			isa = PBXResourcesBuildPhase;
			buildActionMask = 2147483647;
			files = (
				D99A61591B2A1483009CC09E /* events.json in Resources */,
				D92562C319886EBF00ED6B50 /* BRCDataObjectTableViewCell.xib in Resources */,
				D99A615A1B2A1487009CC09E /* art.json in Resources */,
				D9046F36198C65F40013CCF4 /* iburn.mbtiles in Resources */,
				D99A615B1B2A148A009CC09E /* camps.json in Resources */,
				D99A61581B2A0AAD009CC09E /* Pods-acknowledgements.plist in Resources */,
				D9046F1C198C65F40013CCF4 /* dates_info.json in Resources */,
				63CE2A621987140F00F65B01 /* InfoPlist.strings in Resources */,
				D92562C81988771400ED6B50 /* BRCEventObjectTableViewCell.xib in Resources */,
				63CE2A6A1987140F00F65B01 /* Images.xcassets in Resources */,
			);
			runOnlyForDeploymentPostprocessing = 0;
		};
/* End PBXResourcesBuildPhase section */

/* Begin PBXShellScriptBuildPhase section */
		3E19370CC64B49F6B7721F27 /* Copy Pods Resources */ = {
			isa = PBXShellScriptBuildPhase;
			buildActionMask = 2147483647;
			files = (
			);
			inputPaths = (
			);
			name = "Copy Pods Resources";
			outputPaths = (
			);
			runOnlyForDeploymentPostprocessing = 0;
			shellPath = /bin/sh;
			shellScript = "\"${SRCROOT}/Pods/Target Support Files/Pods/Pods-resources.sh\"\n";
			showEnvVarsInLog = 0;
		};
		CB570D6C6EA04E4EA9928285 /* Check Pods Manifest.lock */ = {
			isa = PBXShellScriptBuildPhase;
			buildActionMask = 2147483647;
			files = (
			);
			inputPaths = (
			);
			name = "Check Pods Manifest.lock";
			outputPaths = (
			);
			runOnlyForDeploymentPostprocessing = 0;
			shellPath = /bin/sh;
			shellScript = "diff \"${PODS_ROOT}/../Podfile.lock\" \"${PODS_ROOT}/Manifest.lock\" > /dev/null\nif [[ $? != 0 ]] ; then\n    cat << EOM\nerror: The sandbox is not in sync with the Podfile.lock. Run 'pod install' or update your CocoaPods installation.\nEOM\n    exit 1\nfi\n";
			showEnvVarsInLog = 0;
		};
/* End PBXShellScriptBuildPhase section */

/* Begin PBXSourcesBuildPhase section */
		63CE2A501987140F00F65B01 /* Sources */ = {
			isa = PBXSourcesBuildPhase;
			buildActionMask = 2147483647;
			files = (
				D994156119871E8400D245C7 /* BRCEventsTableViewController.m in Sources */,
				D97D7A31198ADBE400CA7828 /* NSDateFormatter+iBurn.m in Sources */,
				639E638D1994178500B62A92 /* BRCEmbargo.m in Sources */,
				D979CEC6199AED4C007F0313 /* RMAnnotation+iBurn.m in Sources */,
				630861C9199029D100AD7109 /* BRCLocations.m in Sources */,
				D92562C6198876C400ED6B50 /* BRCEventObjectTableViewCell.m in Sources */,
				6322830B19882153009E472B /* BRCRelationshipDetailInfoCell.m in Sources */,
				D99395A8198B897B00E9ADD2 /* BRCDetailInfoTableViewCell.m in Sources */,
				632F77571993FC8100707FAF /* BRCEmbargoPasscodeViewController.m in Sources */,
				6322830119881DDE009E472B /* BRCDetailViewController.m in Sources */,
				D94EFA51199158D2009F12F4 /* CLLocationManager+iBurn.m in Sources */,
				D9941568198726A700D245C7 /* BRCArtObject.m in Sources */,
				6322830519881F41009E472B /* BRCDetailCellInfo.m in Sources */,
				D99395AE198B991900E9ADD2 /* TTTLocationFormatter+iBurn.m in Sources */,
				D99415641987222800D245C7 /* BRCDataObject.m in Sources */,
				D9B362B11998157B0093B441 /* BRCAcknowledgementsViewController.m in Sources */,
				D994155719871D1500D245C7 /* BRCFilteredTableViewController.m in Sources */,
				D9E28F86198823CC009B3A7A /* BRCRecurringEventObject.m in Sources */,
				D9794B74198BBFB400D7FDA7 /* UIColor+iBurn.m in Sources */,
				D9B362B71998253A0093B441 /* BRCSocialButtonsView.m in Sources */,
				D9071FE71996C4A7005C3639 /* NSData+iBurn.m in Sources */,
				D994157F1987399F00D245C7 /* BRCEventTime.m in Sources */,
				D972BD271993422E008057DB /* BRCStringPickerView.m in Sources */,
				63CE2A681987140F00F65B01 /* BRCAppDelegate.m in Sources */,
				D975CAF2198DAB5A00CC8226 /* BRCSecrets.m in Sources */,
				63CD690B199AB4EE0025C8A1 /* BRCAnnotationEditView.m in Sources */,
				D92562C219886EBF00ED6B50 /* BRCDataObjectTableViewCell.m in Sources */,
				D92562CF198A20D600ED6B50 /* RMMapView+iBurn.m in Sources */,
				63D270F91987159A00204954 /* BRCMapViewController.m in Sources */,
				D97D7A34198AF7BD00CA7828 /* NSDate+iBurn.m in Sources */,
				D9B362BA199AB5320093B441 /* BRCMapPoint.m in Sources */,
				632283151989AF92009E472B /* BRCBaseMapViewController.m in Sources */,
				D994156B198726B600D245C7 /* BRCCampObject.m in Sources */,
				63228327198C1BF7009E472B /* BRCEventsFilterTableViewController.m in Sources */,
				D994156E198726C100D245C7 /* BRCEventObject.m in Sources */,
				D994157A1987277500D245C7 /* BRCDatabaseManager.m in Sources */,
				6322831B1989B139009E472B /* BRCDetailMapViewController.m in Sources */,
				63CE2A641987140F00F65B01 /* main.m in Sources */,
				D9B362B4199821EB0093B441 /* NSURL+iBurn.m in Sources */,
				D9941571198726F400D245C7 /* BRCDataImporter.m in Sources */,
				63228321198AB383009E472B /* RMMarker+iBurn.m in Sources */,
				D99395AB198B986B00E9ADD2 /* TTTTimeIntervalFormatter+iBurn.m in Sources */,
				6322832B198C2B48009E472B /* NSUserDefaults+iBurn.m in Sources */,
			);
			runOnlyForDeploymentPostprocessing = 0;
		};
/* End PBXSourcesBuildPhase section */

/* Begin PBXVariantGroup section */
		63CE2A601987140F00F65B01 /* InfoPlist.strings */ = {
			isa = PBXVariantGroup;
			children = (
				63CE2A611987140F00F65B01 /* en */,
			);
			name = InfoPlist.strings;
			sourceTree = "<group>";
		};
/* End PBXVariantGroup section */

/* Begin XCBuildConfiguration section */
		63CE2A7E1987140F00F65B01 /* Debug */ = {
			isa = XCBuildConfiguration;
			buildSettings = {
				ALWAYS_SEARCH_USER_PATHS = NO;
				CLANG_ENABLE_MODULES = YES;
				CLANG_ENABLE_OBJC_ARC = YES;
				CLANG_WARN_BOOL_CONVERSION = YES;
				CLANG_WARN_CONSTANT_CONVERSION = YES;
				CLANG_WARN_DIRECT_OBJC_ISA_USAGE = YES_ERROR;
				CLANG_WARN_EMPTY_BODY = YES;
				CLANG_WARN_ENUM_CONVERSION = YES;
				CLANG_WARN_INT_CONVERSION = YES;
				CLANG_WARN_OBJC_ROOT_CLASS = YES_ERROR;
				CLANG_WARN__DUPLICATE_METHOD_MATCH = YES;
				"CODE_SIGN_IDENTITY[sdk=iphoneos*]" = "iPhone Developer";
				COPY_PHASE_STRIP = NO;
				GCC_DYNAMIC_NO_PIC = NO;
				GCC_FAST_MATH = NO;
				GCC_OPTIMIZATION_LEVEL = 0;
				GCC_PREPROCESSOR_DEFINITIONS = (
					"DEBUG=1",
					"$(inherited)",
				);
				GCC_SYMBOLS_PRIVATE_EXTERN = NO;
				GCC_UNROLL_LOOPS = NO;
				GCC_WARN_64_TO_32_BIT_CONVERSION = YES;
				GCC_WARN_ABOUT_RETURN_TYPE = YES_ERROR;
				GCC_WARN_UNDECLARED_SELECTOR = YES;
				GCC_WARN_UNINITIALIZED_AUTOS = YES_AGGRESSIVE;
				GCC_WARN_UNUSED_FUNCTION = YES;
				GCC_WARN_UNUSED_VARIABLE = YES;
				IPHONEOS_DEPLOYMENT_TARGET = 8.0;
				LLVM_LTO = NO;
				ONLY_ACTIVE_ARCH = YES;
				SDKROOT = iphoneos;
				TARGETED_DEVICE_FAMILY = "1,2";
			};
			name = Debug;
		};
		63CE2A7F1987140F00F65B01 /* Release */ = {
			isa = XCBuildConfiguration;
			buildSettings = {
				ALWAYS_SEARCH_USER_PATHS = NO;
				CLANG_ENABLE_MODULES = YES;
				CLANG_ENABLE_OBJC_ARC = YES;
				CLANG_WARN_BOOL_CONVERSION = YES;
				CLANG_WARN_CONSTANT_CONVERSION = YES;
				CLANG_WARN_DIRECT_OBJC_ISA_USAGE = YES_ERROR;
				CLANG_WARN_EMPTY_BODY = YES;
				CLANG_WARN_ENUM_CONVERSION = YES;
				CLANG_WARN_INT_CONVERSION = YES;
				CLANG_WARN_OBJC_ROOT_CLASS = YES_ERROR;
				CLANG_WARN__DUPLICATE_METHOD_MATCH = YES;
				"CODE_SIGN_IDENTITY[sdk=iphoneos*]" = "iPhone Developer";
				COPY_PHASE_STRIP = YES;
				ENABLE_NS_ASSERTIONS = NO;
				GCC_FAST_MATH = YES;
				GCC_OPTIMIZATION_LEVEL = fast;
				GCC_UNROLL_LOOPS = YES;
				GCC_WARN_64_TO_32_BIT_CONVERSION = YES;
				GCC_WARN_ABOUT_RETURN_TYPE = YES_ERROR;
				GCC_WARN_UNDECLARED_SELECTOR = YES;
				GCC_WARN_UNINITIALIZED_AUTOS = YES_AGGRESSIVE;
				GCC_WARN_UNUSED_FUNCTION = YES;
				GCC_WARN_UNUSED_VARIABLE = YES;
				IPHONEOS_DEPLOYMENT_TARGET = 8.0;
				LLVM_LTO = YES;
				SDKROOT = iphoneos;
				TARGETED_DEVICE_FAMILY = "1,2";
				VALIDATE_PRODUCT = YES;
			};
			name = Release;
		};
		63CE2A811987140F00F65B01 /* Debug */ = {
			isa = XCBuildConfiguration;
			baseConfigurationReference = 749CB956D79E7D284C256EA3 /* Pods.debug.xcconfig */;
			buildSettings = {
				ASSETCATALOG_COMPILER_APPICON_NAME = AppIcon;
				ASSETCATALOG_COMPILER_LAUNCHIMAGE_NAME = LaunchImage;
				GCC_PRECOMPILE_PREFIX_HEADER = YES;
				GCC_PREFIX_HEADER = "iBurn/iBurn-Prefix.pch";
				INFOPLIST_FILE = "iBurn/iBurn-Info.plist";
				IPHONEOS_DEPLOYMENT_TARGET = 8.0;
				PRODUCT_NAME = "$(TARGET_NAME)";
				WRAPPER_EXTENSION = app;
			};
			name = Debug;
		};
		63CE2A821987140F00F65B01 /* Release */ = {
			isa = XCBuildConfiguration;
			baseConfigurationReference = 6200215A1BF28D44858F48C4 /* Pods.release.xcconfig */;
			buildSettings = {
				ASSETCATALOG_COMPILER_APPICON_NAME = AppIcon;
				ASSETCATALOG_COMPILER_LAUNCHIMAGE_NAME = LaunchImage;
				"CODE_SIGN_IDENTITY[sdk=iphoneos*]" = "iPhone Distribution: Chris Ballinger (4T8JLQR6GR)";
				GCC_PRECOMPILE_PREFIX_HEADER = YES;
				GCC_PREFIX_HEADER = "iBurn/iBurn-Prefix.pch";
				INFOPLIST_FILE = "iBurn/iBurn-Info.plist";
				IPHONEOS_DEPLOYMENT_TARGET = 8.0;
				PRODUCT_NAME = "$(TARGET_NAME)";
				PROVISIONING_PROFILE = "47adb392-d519-4674-a3dd-953d41b98451";
				WRAPPER_EXTENSION = app;
			};
			name = Release;
		};
/* End XCBuildConfiguration section */

/* Begin XCConfigurationList section */
		63CE2A4F1987140F00F65B01 /* Build configuration list for PBXProject "iBurn" */ = {
			isa = XCConfigurationList;
			buildConfigurations = (
				63CE2A7E1987140F00F65B01 /* Debug */,
				63CE2A7F1987140F00F65B01 /* Release */,
			);
			defaultConfigurationIsVisible = 0;
			defaultConfigurationName = Release;
		};
		63CE2A801987140F00F65B01 /* Build configuration list for PBXNativeTarget "iBurn" */ = {
			isa = XCConfigurationList;
			buildConfigurations = (
				63CE2A811987140F00F65B01 /* Debug */,
				63CE2A821987140F00F65B01 /* Release */,
			);
			defaultConfigurationIsVisible = 0;
			defaultConfigurationName = Release;
		};
/* End XCConfigurationList section */
	};
	rootObject = 63CE2A4C1987140F00F65B01 /* Project object */;
}
