// !$*UTF8*$!
{
	archiveVersion = 1;
	classes = {
	};
	objectVersion = 90;
	objects = {

/* Begin PBXBuildFile section */
		63CE2A581987140F00F65B01 /* Foundation.framework in Frameworks */ = {isa = PBXBuildFile; fileRef = 63CE2A571987140F00F65B01 /* Foundation.framework */; };
		63CE2A5A1987140F00F65B01 /* CoreGraphics.framework in Frameworks */ = {isa = PBXBuildFile; fileRef = 63CE2A591987140F00F65B01 /* CoreGraphics.framework */; };
		63CE2A5C1987140F00F65B01 /* UIKit.framework in Frameworks */ = {isa = PBXBuildFile; fileRef = 63CE2A5B1987140F00F65B01 /* UIKit.framework */; };
		6BFCA46F5811DC4D2250FD31 /* libPods-iBurn-iBurnTests.a in Frameworks */ = {isa = PBXBuildFile; fileRef = 2DBD5A83089D2EE22EBE55E6 /* libPods-iBurn-iBurnTests.a */; };
		BD9A2E296D2BFBBD1A948A37 /* libPods-iBurn.a in Frameworks */ = {isa = PBXBuildFile; fileRef = B8827D0B741B7D305AF35BEE /* libPods-iBurn.a */; };
		D90256412E1F3FE00058AEF8 /* PlayaDB in Frameworks */ = {isa = PBXBuildFile; productRef = D90256402E1F3FE00058AEF8 /* PlayaDB */; };
		D902564B2E1F41060058AEF8 /* GRDB in Frameworks */ = {isa = PBXBuildFile; productRef = D902564A2E1F41060058AEF8 /* GRDB */; };
		D91879A42BC1058E0099EFAA /* MapLibre in Frameworks */ = {isa = PBXBuildFile; productRef = D91879A32BC1058E0099EFAA /* MapLibre */; };
		D93440332E3E756F00199902 /* FirebaseCore in Frameworks */ = {isa = PBXBuildFile; productRef = D93440322E3E756F00199902 /* FirebaseCore */; };
		D966561628A9970B002FA471 /* FirebaseCrashlytics in Frameworks */ = {isa = PBXBuildFile; productRef = D966561528A9970B002FA471 /* FirebaseCrashlytics */; };
		D966562928A9B86F002FA471 /* Zip in Frameworks */ = {isa = PBXBuildFile; productRef = D966562828A9B86E002FA471 /* Zip */; };
		D9915F592A76C35E0015C87D /* Siren in Frameworks */ = {isa = PBXBuildFile; productRef = D9915F582A76C35E0015C87D /* Siren */; };
		D99D57EA2E1CE8CF00D5A3DE /* iBurn2025APIData in Frameworks */ = {isa = PBXBuildFile; productRef = D99D57E92E1CE8CF00D5A3DE /* iBurn2025APIData */; };
		D99D57EC2E1CE8CF00D5A3DE /* iBurn2025Map in Frameworks */ = {isa = PBXBuildFile; productRef = D99D57EB2E1CE8CF00D5A3DE /* iBurn2025Map */; };
		D99D57EE2E1CE8CF00D5A3DE /* iBurn2025MediaFiles in Frameworks */ = {isa = PBXBuildFile; productRef = D99D57ED2E1CE8CF00D5A3DE /* iBurn2025MediaFiles */; };
		D99D57F12E1CE93B00D5A3DE /* PlayaAPI in Frameworks */ = {isa = PBXBuildFile; productRef = D99D57F02E1CE93B00D5A3DE /* PlayaAPI */; };
		D9CB2A68211897FB00A0F2AE /* PlayaGeocoder.framework in Frameworks */ = {isa = PBXBuildFile; fileRef = D9CB2A502117E7B500A0F2AE /* PlayaGeocoder.framework */; };
		D9CB2A69211897FB00A0F2AE /* PlayaGeocoder.framework in Embed Frameworks */ = {isa = PBXBuildFile; fileRef = D9CB2A502117E7B500A0F2AE /* PlayaGeocoder.framework */; settings = {ATTRIBUTES = (CodeSignOnCopy, RemoveHeadersOnCopy, ); }; };
		D9D12F5A1B5AF4DE0048229A /* libsqlite3.dylib in Frameworks */ = {isa = PBXBuildFile; fileRef = D9D12F591B5AF4DE0048229A /* libsqlite3.dylib */; };
		D9D12F5C1B5AF4EE0048229A /* Accounts.framework in Frameworks */ = {isa = PBXBuildFile; fileRef = D9D12F5B1B5AF4EE0048229A /* Accounts.framework */; };
		D9D12F5E1B5AF4F70048229A /* SystemConfiguration.framework in Frameworks */ = {isa = PBXBuildFile; fileRef = D9D12F5D1B5AF4F70048229A /* SystemConfiguration.framework */; };
		D9D12F601B5AF4FF0048229A /* AudioToolbox.framework in Frameworks */ = {isa = PBXBuildFile; fileRef = D9D12F5F1B5AF4FF0048229A /* AudioToolbox.framework */; };
		D9D12F621B5AF5070048229A /* Social.framework in Frameworks */ = {isa = PBXBuildFile; fileRef = D9D12F611B5AF5070048229A /* Social.framework */; };
		D9E86E3A2E4B2052009B4834 /* FirebaseAnalyticsCore in Frameworks */ = {isa = PBXBuildFile; productRef = D9E86E392E4B2052009B4834 /* FirebaseAnalyticsCore */; };
/* End PBXBuildFile section */

/* Begin PBXContainerItemProxy section */
		D980A9101B3F5A6400BE3682 /* PBXContainerItemProxy */ = {
			isa = PBXContainerItemProxy;
			containerPortal = 63CE2A4C1987140F00F65B01 /* Project object */;
			proxyType = 1;
			remoteGlobalIDString = 63CE2A531987140F00F65B01;
			remoteInfo = iBurn;
		};
		D9CB2A4D2117E7B500A0F2AE /* PBXContainerItemProxy */ = {
			isa = PBXContainerItemProxy;
			containerPortal = D9CB2A462117E7B400A0F2AE /* PlayaGeocoder.xcodeproj */;
			proxyType = 2;
			remoteGlobalIDString = D9CB2A0B2117C50A00A0F2AE;
			remoteInfo = "PlayaGeocoder (macOS)";
		};
		D9CB2A4F2117E7B500A0F2AE /* PBXContainerItemProxy */ = {
			isa = PBXContainerItemProxy;
			containerPortal = D9CB2A462117E7B400A0F2AE /* PlayaGeocoder.xcodeproj */;
			proxyType = 2;
			remoteGlobalIDString = D9CB2A2C2117C56900A0F2AE;
			remoteInfo = "PlayaGeocoder (iOS)";
		};
		D9CB2A512117E7B500A0F2AE /* PBXContainerItemProxy */ = {
			isa = PBXContainerItemProxy;
			containerPortal = D9CB2A462117E7B400A0F2AE /* PlayaGeocoder.xcodeproj */;
			proxyType = 2;
			remoteGlobalIDString = D9CB2A142117C50A00A0F2AE;
			remoteInfo = "PlayaGeocoderTests (macOS)";
		};
		D9CB2A532117E7B500A0F2AE /* PBXContainerItemProxy */ = {
			isa = PBXContainerItemProxy;
			containerPortal = D9CB2A462117E7B400A0F2AE /* PlayaGeocoder.xcodeproj */;
			proxyType = 2;
			remoteGlobalIDString = D9CB2A392117C5C900A0F2AE;
			remoteInfo = "PlayaGeocoderTests (iOS)";
		};
		D9CB2A562117E7EE00A0F2AE /* PBXContainerItemProxy */ = {
			isa = PBXContainerItemProxy;
			containerPortal = D9CB2A462117E7B400A0F2AE /* PlayaGeocoder.xcodeproj */;
			proxyType = 1;
			remoteGlobalIDString = D9CB2A232117C56900A0F2AE;
			remoteInfo = "PlayaGeocoder (iOS)";
		};
/* End PBXContainerItemProxy section */

/* Begin PBXCopyFilesBuildPhase section */
		D960F2601F74E65A00144290 /* Embed Frameworks */ = {
			isa = PBXCopyFilesBuildPhase;
			dstPath = "";
			dstSubfolder = Frameworks;
			files = (
				D9CB2A69211897FB00A0F2AE /* PlayaGeocoder.framework in Embed Frameworks */,
			);
			name = "Embed Frameworks";
		};
/* End PBXCopyFilesBuildPhase section */

/* Begin PBXFileReference section */
		01DEA205AEAE09E296121F4B /* Pods-PlayaKitTests.debug.xcconfig */ = {isa = PBXFileReference; includeInIndex = 1; lastKnownFileType = text.xcconfig; name = "Pods-PlayaKitTests.debug.xcconfig"; path = "Pods/Target Support Files/Pods-PlayaKitTests/Pods-PlayaKitTests.debug.xcconfig"; sourceTree = "<group>"; };
		2395C354ED41D5C896F74502 /* Pods_iBurn_iBurnUnitTests.framework */ = {isa = PBXFileReference; explicitFileType = wrapper.framework; includeInIndex = 0; path = Pods_iBurn_iBurnUnitTests.framework; sourceTree = BUILT_PRODUCTS_DIR; };
		2DBD5A83089D2EE22EBE55E6 /* libPods-iBurn-iBurnTests.a */ = {isa = PBXFileReference; explicitFileType = archive.ar; includeInIndex = 0; path = "libPods-iBurn-iBurnTests.a"; sourceTree = BUILT_PRODUCTS_DIR; };
		30AC515B99ACAD08BBB05D7B /* Pods-iBurn-iBurnTests.debug.xcconfig */ = {isa = PBXFileReference; includeInIndex = 1; lastKnownFileType = text.xcconfig; name = "Pods-iBurn-iBurnTests.debug.xcconfig"; path = "Pods/Target Support Files/Pods-iBurn-iBurnTests/Pods-iBurn-iBurnTests.debug.xcconfig"; sourceTree = "<group>"; };
		3BE4BF10D23F23CE159EDECB /* Pods-PlayaKitAbstract-PlayaKitTests.release.xcconfig */ = {isa = PBXFileReference; includeInIndex = 1; lastKnownFileType = text.xcconfig; name = "Pods-PlayaKitAbstract-PlayaKitTests.release.xcconfig"; path = "Pods/Target Support Files/Pods-PlayaKitAbstract-PlayaKitTests/Pods-PlayaKitAbstract-PlayaKitTests.release.xcconfig"; sourceTree = "<group>"; };
		3D5D7CA545934BE511FE4387 /* Pods_PlayaKit.framework */ = {isa = PBXFileReference; explicitFileType = wrapper.framework; includeInIndex = 0; path = Pods_PlayaKit.framework; sourceTree = BUILT_PRODUCTS_DIR; };
		58383378304FC4CC8458E4B2 /* Pods-PlayaKitAbstract-PlayaKit.release.xcconfig */ = {isa = PBXFileReference; includeInIndex = 1; lastKnownFileType = text.xcconfig; name = "Pods-PlayaKitAbstract-PlayaKit.release.xcconfig"; path = "Pods/Target Support Files/Pods-PlayaKitAbstract-PlayaKit/Pods-PlayaKitAbstract-PlayaKit.release.xcconfig"; sourceTree = "<group>"; };
		5C8C085A67599EA761E94627 /* Pods.framework */ = {isa = PBXFileReference; explicitFileType = wrapper.framework; includeInIndex = 0; path = Pods.framework; sourceTree = BUILT_PRODUCTS_DIR; };
		5C938B49996428877731060F /* Pods-iBurnAbstract-iBurn.debug.xcconfig */ = {isa = PBXFileReference; includeInIndex = 1; lastKnownFileType = text.xcconfig; name = "Pods-iBurnAbstract-iBurn.debug.xcconfig"; path = "Pods/Target Support Files/Pods-iBurnAbstract-iBurn/Pods-iBurnAbstract-iBurn.debug.xcconfig"; sourceTree = "<group>"; };
		63CE2A541987140F00F65B01 /* iBurn.app */ = {isa = PBXFileReference; explicitFileType = wrapper.application; includeInIndex = 0; path = iBurn.app; sourceTree = BUILT_PRODUCTS_DIR; };
		63CE2A571987140F00F65B01 /* Foundation.framework */ = {isa = PBXFileReference; lastKnownFileType = wrapper.framework; name = Foundation.framework; path = System/Library/Frameworks/Foundation.framework; sourceTree = SDKROOT; };
		63CE2A591987140F00F65B01 /* CoreGraphics.framework */ = {isa = PBXFileReference; lastKnownFileType = wrapper.framework; name = CoreGraphics.framework; path = System/Library/Frameworks/CoreGraphics.framework; sourceTree = SDKROOT; };
		63CE2A5B1987140F00F65B01 /* UIKit.framework */ = {isa = PBXFileReference; lastKnownFileType = wrapper.framework; name = UIKit.framework; path = System/Library/Frameworks/UIKit.framework; sourceTree = SDKROOT; };
		63CE2A701987140F00F65B01 /* XCTest.framework */ = {isa = PBXFileReference; lastKnownFileType = wrapper.framework; name = XCTest.framework; path = Library/Frameworks/XCTest.framework; sourceTree = DEVELOPER_DIR; };
		65C20DF5B15D2087485F0E97 /* Pods-iBurnAbstract-iBurn.release.xcconfig */ = {isa = PBXFileReference; includeInIndex = 1; lastKnownFileType = text.xcconfig; name = "Pods-iBurnAbstract-iBurn.release.xcconfig"; path = "Pods/Target Support Files/Pods-iBurnAbstract-iBurn/Pods-iBurnAbstract-iBurn.release.xcconfig"; sourceTree = "<group>"; };
		66E9BFB50AD9DF8FA46742CE /* Pods-iBurn.release.xcconfig */ = {isa = PBXFileReference; includeInIndex = 1; lastKnownFileType = text.xcconfig; name = "Pods-iBurn.release.xcconfig"; path = "Pods/Target Support Files/Pods-iBurn/Pods-iBurn.release.xcconfig"; sourceTree = "<group>"; };
		72C9428E44C5A2270503CAD5 /* Pods-iBurn.debug.xcconfig */ = {isa = PBXFileReference; includeInIndex = 1; lastKnownFileType = text.xcconfig; name = "Pods-iBurn.debug.xcconfig"; path = "Pods/Target Support Files/Pods-iBurn/Pods-iBurn.debug.xcconfig"; sourceTree = "<group>"; };
		73F56B0C2D800E3EC87731BD /* Pods-iBurn-iBurnTests.release.xcconfig */ = {isa = PBXFileReference; includeInIndex = 1; lastKnownFileType = text.xcconfig; name = "Pods-iBurn-iBurnTests.release.xcconfig"; path = "Pods/Target Support Files/Pods-iBurn-iBurnTests/Pods-iBurn-iBurnTests.release.xcconfig"; sourceTree = "<group>"; };
		80E2C6DD5C95EC58E5AE41B8 /* Pods-PlayaKitAbstract-PlayaKitTests.debug.xcconfig */ = {isa = PBXFileReference; includeInIndex = 1; lastKnownFileType = text.xcconfig; name = "Pods-PlayaKitAbstract-PlayaKitTests.debug.xcconfig"; path = "Pods/Target Support Files/Pods-PlayaKitAbstract-PlayaKitTests/Pods-PlayaKitAbstract-PlayaKitTests.debug.xcconfig"; sourceTree = "<group>"; };
		947CA60EF87E28B21413E37F /* Pods_PlayaKitAbstract_PlayaKitTests.framework */ = {isa = PBXFileReference; explicitFileType = wrapper.framework; includeInIndex = 0; path = Pods_PlayaKitAbstract_PlayaKitTests.framework; sourceTree = BUILT_PRODUCTS_DIR; };
		9C6AEBC090227855BDA638FD /* Pods_PlayaKitAbstract_PlayaKit.framework */ = {isa = PBXFileReference; explicitFileType = wrapper.framework; includeInIndex = 0; path = Pods_PlayaKitAbstract_PlayaKit.framework; sourceTree = BUILT_PRODUCTS_DIR; };
		AD46B030994031DA5726D21C /* Pods_iBurnAbstract_iBurn.framework */ = {isa = PBXFileReference; explicitFileType = wrapper.framework; includeInIndex = 0; path = Pods_iBurnAbstract_iBurn.framework; sourceTree = BUILT_PRODUCTS_DIR; };
		B32B80036C680FE7F3185B79 /* Pods_iBurnAbstract_iBurnTests.framework */ = {isa = PBXFileReference; explicitFileType = wrapper.framework; includeInIndex = 0; path = Pods_iBurnAbstract_iBurnTests.framework; sourceTree = BUILT_PRODUCTS_DIR; };
		B8827D0B741B7D305AF35BEE /* libPods-iBurn.a */ = {isa = PBXFileReference; explicitFileType = archive.ar; includeInIndex = 0; path = "libPods-iBurn.a"; sourceTree = BUILT_PRODUCTS_DIR; };
		B9BE813BAB98496CC3A89CB8 /* Pods-PlayaKit.release.xcconfig */ = {isa = PBXFileReference; includeInIndex = 1; lastKnownFileType = text.xcconfig; name = "Pods-PlayaKit.release.xcconfig"; path = "Pods/Target Support Files/Pods-PlayaKit/Pods-PlayaKit.release.xcconfig"; sourceTree = "<group>"; };
		C8C62A2C07A29EED6BD93DDA /* Pods-iBurnAbstract-iBurnTests.debug.xcconfig */ = {isa = PBXFileReference; includeInIndex = 1; lastKnownFileType = text.xcconfig; name = "Pods-iBurnAbstract-iBurnTests.debug.xcconfig"; path = "Pods/Target Support Files/Pods-iBurnAbstract-iBurnTests/Pods-iBurnAbstract-iBurnTests.debug.xcconfig"; sourceTree = "<group>"; };
		CACE4054D51A68B108CEF491 /* Pods-PlayaKit.debug.xcconfig */ = {isa = PBXFileReference; includeInIndex = 1; lastKnownFileType = text.xcconfig; name = "Pods-PlayaKit.debug.xcconfig"; path = "Pods/Target Support Files/Pods-PlayaKit/Pods-PlayaKit.debug.xcconfig"; sourceTree = "<group>"; };
		D980A90A1B3F5A6400BE3682 /* iBurnTests.xctest */ = {isa = PBXFileReference; explicitFileType = wrapper.cfbundle; includeInIndex = 0; path = iBurnTests.xctest; sourceTree = BUILT_PRODUCTS_DIR; };
		D9CB2A462117E7B400A0F2AE /* PlayaGeocoder.xcodeproj */ = {isa = PBXFileReference; lastKnownFileType = "wrapper.pb-project"; name = PlayaGeocoder.xcodeproj; path = PlayaGeocoder/PlayaGeocoder.xcodeproj; sourceTree = "<group>"; };
		D9D12F591B5AF4DE0048229A /* libsqlite3.dylib */ = {isa = PBXFileReference; lastKnownFileType = "compiled.mach-o.dylib"; name = libsqlite3.dylib; path = usr/lib/libsqlite3.dylib; sourceTree = SDKROOT; };
		D9D12F5B1B5AF4EE0048229A /* Accounts.framework */ = {isa = PBXFileReference; lastKnownFileType = wrapper.framework; name = Accounts.framework; path = System/Library/Frameworks/Accounts.framework; sourceTree = SDKROOT; };
		D9D12F5D1B5AF4F70048229A /* SystemConfiguration.framework */ = {isa = PBXFileReference; lastKnownFileType = wrapper.framework; name = SystemConfiguration.framework; path = System/Library/Frameworks/SystemConfiguration.framework; sourceTree = SDKROOT; };
		D9D12F5F1B5AF4FF0048229A /* AudioToolbox.framework */ = {isa = PBXFileReference; lastKnownFileType = wrapper.framework; name = AudioToolbox.framework; path = System/Library/Frameworks/AudioToolbox.framework; sourceTree = SDKROOT; };
		D9D12F611B5AF5070048229A /* Social.framework */ = {isa = PBXFileReference; lastKnownFileType = wrapper.framework; name = Social.framework; path = System/Library/Frameworks/Social.framework; sourceTree = SDKROOT; };
		DA3C557EE89E55C49BA20199 /* Pods-PlayaKitTests.release.xcconfig */ = {isa = PBXFileReference; includeInIndex = 1; lastKnownFileType = text.xcconfig; name = "Pods-PlayaKitTests.release.xcconfig"; path = "Pods/Target Support Files/Pods-PlayaKitTests/Pods-PlayaKitTests.release.xcconfig"; sourceTree = "<group>"; };
		DB8FB09ACAEC823BCA05D22E /* Pods-PlayaKit-PlayaKitTests.debug.xcconfig */ = {isa = PBXFileReference; includeInIndex = 1; lastKnownFileType = text.xcconfig; name = "Pods-PlayaKit-PlayaKitTests.debug.xcconfig"; path = "Pods/Target Support Files/Pods-PlayaKit-PlayaKitTests/Pods-PlayaKit-PlayaKitTests.debug.xcconfig"; sourceTree = "<group>"; };
		E23CFC3F5287D4A5C520A1BF /* Pods-PlayaKitAbstract-PlayaKit.debug.xcconfig */ = {isa = PBXFileReference; includeInIndex = 1; lastKnownFileType = text.xcconfig; name = "Pods-PlayaKitAbstract-PlayaKit.debug.xcconfig"; path = "Pods/Target Support Files/Pods-PlayaKitAbstract-PlayaKit/Pods-PlayaKitAbstract-PlayaKit.debug.xcconfig"; sourceTree = "<group>"; };
		E4EF5D0A0750A3E3C14DA796 /* Pods-iBurnAbstract-iBurnTests.release.xcconfig */ = {isa = PBXFileReference; includeInIndex = 1; lastKnownFileType = text.xcconfig; name = "Pods-iBurnAbstract-iBurnTests.release.xcconfig"; path = "Pods/Target Support Files/Pods-iBurnAbstract-iBurnTests/Pods-iBurnAbstract-iBurnTests.release.xcconfig"; sourceTree = "<group>"; };
		E686094C7D9925681B065AEA /* libPods-PlayaKitTests.a */ = {isa = PBXFileReference; explicitFileType = archive.ar; includeInIndex = 0; path = "libPods-PlayaKitTests.a"; sourceTree = BUILT_PRODUCTS_DIR; };
		F0332CB537ACB8C39F50D0F6 /* Pods-PlayaKit-PlayaKitTests.release.xcconfig */ = {isa = PBXFileReference; includeInIndex = 1; lastKnownFileType = text.xcconfig; name = "Pods-PlayaKit-PlayaKitTests.release.xcconfig"; path = "Pods/Target Support Files/Pods-PlayaKit-PlayaKitTests/Pods-PlayaKit-PlayaKitTests.release.xcconfig"; sourceTree = "<group>"; };
		F85F754B52B5E3558DF62298 /* Pods_PlayaKit_PlayaKitTests.framework */ = {isa = PBXFileReference; explicitFileType = wrapper.framework; includeInIndex = 0; path = Pods_PlayaKit_PlayaKitTests.framework; sourceTree = BUILT_PRODUCTS_DIR; };
/* End PBXFileReference section */

/* Begin PBXFileSystemSynchronizedBuildFileExceptionSet section */
		D902A0332EA45D9600ED87D5 /* Exceptions for "iBurn" folder in "iBurn" target */ = {
			isa = PBXFileSystemSynchronizedBuildFileExceptionSet;
			membershipExceptions = (
				"iBurn-Info.plist",
			);
			target = 63CE2A531987140F00F65B01 /* iBurn */;
		};
		D902A44F2EA54D7B00ED87D5 /* Exceptions for "iBurnTests" folder in "iBurnTests" target */ = {
			isa = PBXFileSystemSynchronizedBuildFileExceptionSet;
			membershipExceptions = (
				DetailActionCoordinatorTests.swift,
				Info.plist,
			);
			target = D980A9091B3F5A6400BE3682 /* iBurnTests */;
		};
/* End PBXFileSystemSynchronizedBuildFileExceptionSet section */

/* Begin PBXFileSystemSynchronizedRootGroup section */
		D9029F322EA45CB500ED87D5 /* iBurn */ = {
			isa = PBXFileSystemSynchronizedRootGroup;
			exceptions = (
				D902A0332EA45D9600ED87D5 /* Exceptions for "iBurn" folder in "iBurn" target */,
			);
			path = iBurn;
			sourceTree = "<group>";
		};
		D902A4442EA54D7600ED87D5 /* iBurnTests */ = {
			isa = PBXFileSystemSynchronizedRootGroup;
			exceptions = (
				D902A44F2EA54D7B00ED87D5 /* Exceptions for "iBurnTests" folder in "iBurnTests" target */,
			);
			path = iBurnTests;
			sourceTree = "<group>";
		};
/* End PBXFileSystemSynchronizedRootGroup section */

/* Begin PBXFrameworksBuildPhase section */
		63CE2A511987140F00F65B01 /* Frameworks */ = {
			isa = PBXFrameworksBuildPhase;
			files = (
				D966562928A9B86F002FA471 /* Zip in Frameworks */,
				D91879A42BC1058E0099EFAA /* MapLibre in Frameworks */,
				D9D12F621B5AF5070048229A /* Social.framework in Frameworks */,
				D9D12F601B5AF4FF0048229A /* AudioToolbox.framework in Frameworks */,
				D93440332E3E756F00199902 /* FirebaseCore in Frameworks */,
				D90256412E1F3FE00058AEF8 /* PlayaDB in Frameworks */,
				D9915F592A76C35E0015C87D /* Siren in Frameworks */,
				D9E86E3A2E4B2052009B4834 /* FirebaseAnalyticsCore in Frameworks */,
				D99D57F12E1CE93B00D5A3DE /* PlayaAPI in Frameworks */,
				D99D57EC2E1CE8CF00D5A3DE /* iBurn2025Map in Frameworks */,
				D9D12F5E1B5AF4F70048229A /* SystemConfiguration.framework in Frameworks */,
				D9D12F5C1B5AF4EE0048229A /* Accounts.framework in Frameworks */,
				D9D12F5A1B5AF4DE0048229A /* libsqlite3.dylib in Frameworks */,
				63CE2A5A1987140F00F65B01 /* CoreGraphics.framework in Frameworks */,
				D902564B2E1F41060058AEF8 /* GRDB in Frameworks */,
				63CE2A5C1987140F00F65B01 /* UIKit.framework in Frameworks */,
				63CE2A581987140F00F65B01 /* Foundation.framework in Frameworks */,
				D966561628A9970B002FA471 /* FirebaseCrashlytics in Frameworks */,
				D99D57EA2E1CE8CF00D5A3DE /* iBurn2025APIData in Frameworks */,
				D99D57EE2E1CE8CF00D5A3DE /* iBurn2025MediaFiles in Frameworks */,
				D9CB2A68211897FB00A0F2AE /* PlayaGeocoder.framework in Frameworks */,
				BD9A2E296D2BFBBD1A948A37 /* libPods-iBurn.a in Frameworks */,
			);
		};
		D980A9071B3F5A6400BE3682 /* Frameworks */ = {
			isa = PBXFrameworksBuildPhase;
			files = (
				6BFCA46F5811DC4D2250FD31 /* libPods-iBurn-iBurnTests.a in Frameworks */,
			);
		};
/* End PBXFrameworksBuildPhase section */

/* Begin PBXGroup section */
		16AFD3CDCF12A2E73AC3DB68 /* Pods */ = {
			isa = PBXGroup;
			children = (
				5C938B49996428877731060F /* Pods-iBurnAbstract-iBurn.debug.xcconfig */,
				65C20DF5B15D2087485F0E97 /* Pods-iBurnAbstract-iBurn.release.xcconfig */,
				C8C62A2C07A29EED6BD93DDA /* Pods-iBurnAbstract-iBurnTests.debug.xcconfig */,
				E4EF5D0A0750A3E3C14DA796 /* Pods-iBurnAbstract-iBurnTests.release.xcconfig */,
				E23CFC3F5287D4A5C520A1BF /* Pods-PlayaKitAbstract-PlayaKit.debug.xcconfig */,
				58383378304FC4CC8458E4B2 /* Pods-PlayaKitAbstract-PlayaKit.release.xcconfig */,
				80E2C6DD5C95EC58E5AE41B8 /* Pods-PlayaKitAbstract-PlayaKitTests.debug.xcconfig */,
				3BE4BF10D23F23CE159EDECB /* Pods-PlayaKitAbstract-PlayaKitTests.release.xcconfig */,
				CACE4054D51A68B108CEF491 /* Pods-PlayaKit.debug.xcconfig */,
				B9BE813BAB98496CC3A89CB8 /* Pods-PlayaKit.release.xcconfig */,
				DB8FB09ACAEC823BCA05D22E /* Pods-PlayaKit-PlayaKitTests.debug.xcconfig */,
				F0332CB537ACB8C39F50D0F6 /* Pods-PlayaKit-PlayaKitTests.release.xcconfig */,
				72C9428E44C5A2270503CAD5 /* Pods-iBurn.debug.xcconfig */,
				66E9BFB50AD9DF8FA46742CE /* Pods-iBurn.release.xcconfig */,
				30AC515B99ACAD08BBB05D7B /* Pods-iBurn-iBurnTests.debug.xcconfig */,
				73F56B0C2D800E3EC87731BD /* Pods-iBurn-iBurnTests.release.xcconfig */,
				01DEA205AEAE09E296121F4B /* Pods-PlayaKitTests.debug.xcconfig */,
				DA3C557EE89E55C49BA20199 /* Pods-PlayaKitTests.release.xcconfig */,
			);
			name = Pods;
			sourceTree = "<group>";
		};
		63CE2A4B1987140F00F65B01 = {
			isa = PBXGroup;
			children = (
				D9CB2A462117E7B400A0F2AE /* PlayaGeocoder.xcodeproj */,
				D9029F322EA45CB500ED87D5 /* iBurn */,
				D902A4442EA54D7600ED87D5 /* iBurnTests */,
				63CE2A561987140F00F65B01 /* Frameworks */,
				63CE2A551987140F00F65B01 /* Products */,
				16AFD3CDCF12A2E73AC3DB68 /* Pods */,
			);
			sourceTree = "<group>";
		};
		63CE2A551987140F00F65B01 /* Products */ = {
			isa = PBXGroup;
			children = (
				63CE2A541987140F00F65B01 /* iBurn.app */,
				D980A90A1B3F5A6400BE3682 /* iBurnTests.xctest */,
			);
			name = Products;
			sourceTree = "<group>";
		};
		63CE2A561987140F00F65B01 /* Frameworks */ = {
			isa = PBXGroup;
			children = (
				D9D12F611B5AF5070048229A /* Social.framework */,
				D9D12F5F1B5AF4FF0048229A /* AudioToolbox.framework */,
				D9D12F5D1B5AF4F70048229A /* SystemConfiguration.framework */,
				D9D12F5B1B5AF4EE0048229A /* Accounts.framework */,
				D9D12F591B5AF4DE0048229A /* libsqlite3.dylib */,
				63CE2A571987140F00F65B01 /* Foundation.framework */,
				63CE2A591987140F00F65B01 /* CoreGraphics.framework */,
				63CE2A5B1987140F00F65B01 /* UIKit.framework */,
				63CE2A701987140F00F65B01 /* XCTest.framework */,
				5C8C085A67599EA761E94627 /* Pods.framework */,
				AD46B030994031DA5726D21C /* Pods_iBurnAbstract_iBurn.framework */,
				B32B80036C680FE7F3185B79 /* Pods_iBurnAbstract_iBurnTests.framework */,
				9C6AEBC090227855BDA638FD /* Pods_PlayaKitAbstract_PlayaKit.framework */,
				947CA60EF87E28B21413E37F /* Pods_PlayaKitAbstract_PlayaKitTests.framework */,
				3D5D7CA545934BE511FE4387 /* Pods_PlayaKit.framework */,
				F85F754B52B5E3558DF62298 /* Pods_PlayaKit_PlayaKitTests.framework */,
				2395C354ED41D5C896F74502 /* Pods_iBurn_iBurnUnitTests.framework */,
				E686094C7D9925681B065AEA /* libPods-PlayaKitTests.a */,
				B8827D0B741B7D305AF35BEE /* libPods-iBurn.a */,
				2DBD5A83089D2EE22EBE55E6 /* libPods-iBurn-iBurnTests.a */,
			);
			name = Frameworks;
			sourceTree = "<group>";
		};
		D9CB2A472117E7B400A0F2AE /* Products */ = {
			isa = PBXGroup;
			children = (
				D9CB2A4E2117E7B500A0F2AE /* PlayaGeocoder.framework */,
				D9CB2A502117E7B500A0F2AE /* PlayaGeocoder.framework */,
				D9CB2A522117E7B500A0F2AE /* PlayaGeocoderTests (macOS).xctest */,
				D9CB2A542117E7B500A0F2AE /* PlayaGeocoderTests (iOS).xctest */,
			);
			name = Products;
			sourceTree = "<group>";
		};
/* End PBXGroup section */

/* Begin PBXNativeTarget section */
		63CE2A531987140F00F65B01 /* iBurn */ = {
			isa = PBXNativeTarget;
			buildConfigurationList = 63CE2A801987140F00F65B01 /* Build configuration list for PBXNativeTarget "iBurn" */;
			buildPhases = (
				D7B18F91C1AE7095AA93FD85 /* [CP] Check Pods Manifest.lock */,
				63CE2A501987140F00F65B01 /* Sources */,
				63CE2A511987140F00F65B01 /* Frameworks */,
				D9915F632A76D2D40015C87D /* LicensePlist */,
				63CE2A521987140F00F65B01 /* Resources */,
				D960F2601F74E65A00144290 /* Embed Frameworks */,
				53B58DC0D493DF731BDDB99A /* [CP] Copy Pods Resources */,
				D907AD6821215F20004A255A /* Crashlytics */,
			);
			buildRules = (
			);
			dependencies = (
				D9CB2A572117E7EE00A0F2AE /* PBXTargetDependency */,
			);
			fileSystemSynchronizedGroups = (
				D9029F322EA45CB500ED87D5 /* iBurn */,
			);
			name = iBurn;
			packageProductDependencies = (
				D966561528A9970B002FA471 /* FirebaseCrashlytics */,
				D966562828A9B86E002FA471 /* Zip */,
				D9915F582A76C35E0015C87D /* Siren */,
				D91879A32BC1058E0099EFAA /* MapLibre */,
				D99D57E92E1CE8CF00D5A3DE /* iBurn2025APIData */,
				D99D57EB2E1CE8CF00D5A3DE /* iBurn2025Map */,
				D99D57ED2E1CE8CF00D5A3DE /* iBurn2025MediaFiles */,
				D99D57F02E1CE93B00D5A3DE /* PlayaAPI */,
				D90256402E1F3FE00058AEF8 /* PlayaDB */,
				D902564A2E1F41060058AEF8 /* GRDB */,
				D93440322E3E756F00199902 /* FirebaseCore */,
				D9E86E392E4B2052009B4834 /* FirebaseAnalyticsCore */,
			);
			productName = iBurn;
			productReference = 63CE2A541987140F00F65B01 /* iBurn.app */;
			productType = "com.apple.product-type.application";
		};
		D980A9091B3F5A6400BE3682 /* iBurnTests */ = {
			isa = PBXNativeTarget;
			buildConfigurationList = D980A9141B3F5A6400BE3682 /* Build configuration list for PBXNativeTarget "iBurnTests" */;
			buildPhases = (
				494E5894B2B0684522784BC0 /* [CP] Check Pods Manifest.lock */,
				D980A9061B3F5A6400BE3682 /* Sources */,
				D980A9071B3F5A6400BE3682 /* Frameworks */,
				D980A9081B3F5A6400BE3682 /* Resources */,
				F0F8D9D639BE0D2FDC435A0E /* [CP] Copy Pods Resources */,
			);
			buildRules = (
			);
			dependencies = (
				D980A9111B3F5A6400BE3682 /* PBXTargetDependency */,
			);
			fileSystemSynchronizedGroups = (
				D902A4442EA54D7600ED87D5 /* iBurnTests */,
			);
			name = iBurnTests;
			productName = iBurnTests;
			productReference = D980A90A1B3F5A6400BE3682 /* iBurnTests.xctest */;
			productType = "com.apple.product-type.bundle.unit-test";
		};
/* End PBXNativeTarget section */

/* Begin PBXProject section */
		63CE2A4C1987140F00F65B01 /* Project object */ = {
			isa = PBXProject;
			attributes = {
				BuildIndependentTargetsInParallel = YES;
				CLASSPREFIX = BRC;
				LastSwiftUpdateCheck = 0940;
				LastUpgradeCheck = 2600;
				ORGANIZATIONNAME = iBurn;
				TargetAttributes = {
					63CE2A531987140F00F65B01 = {
						DevelopmentTeam = 4T8JLQR6GR;
						LastSwiftMigration = 1020;
						ProvisioningStyle = Automatic;
						SystemCapabilities = {
							com.apple.BackgroundModes = {
								enabled = 1;
							};
							com.apple.Push = {
								enabled = 1;
							};
						};
					};
					D980A9091B3F5A6400BE3682 = {
						CreatedOnToolsVersion = 6.3;
						LastSwiftMigration = 1020;
						TestTargetID = 63CE2A531987140F00F65B01;
					};
				};
			};
			buildConfigurationList = 63CE2A4F1987140F00F65B01 /* Build configuration list for PBXProject "iBurn" */;
			developmentRegion = en;
			hasScannedForEncodings = 0;
			knownRegions = (
				en,
				Base,
			);
			mainGroup = 63CE2A4B1987140F00F65B01;
			packageReferences = (
				D9592D502858560B00C90542 /* XCRemoteSwiftPackageReference "maplibre-gl-native-distribution" */,
				D966561228A9970B002FA471 /* XCRemoteSwiftPackageReference "firebase-ios-sdk" */,
				D966562728A9B86E002FA471 /* XCRemoteSwiftPackageReference "Zip" */,
				D9915F572A76C35E0015C87D /* XCRemoteSwiftPackageReference "Siren" */,
				D99D57E82E1CE8CF00D5A3DE /* XCLocalSwiftPackageReference "Submodules/iBurn-Data" */,
				D99D57EF2E1CE93B00D5A3DE /* XCLocalSwiftPackageReference "Packages/PlayaAPI" */,
				D902563F2E1F3FE00058AEF8 /* XCLocalSwiftPackageReference "Packages/PlayaDB" */,
				D90256492E1F41060058AEF8 /* XCRemoteSwiftPackageReference "GRDB.swift" */,
			);
			preferredProjectObjectVersion = 90;
			productRefGroup = 63CE2A551987140F00F65B01 /* Products */;
			projectDirPath = "";
			projectReferences = (
				{
					ProductGroup = D9CB2A472117E7B400A0F2AE /* Products */;
					ProjectRef = D9CB2A462117E7B400A0F2AE /* PlayaGeocoder.xcodeproj */;
				},
			);
			projectRoot = "";
			targets = (
				63CE2A531987140F00F65B01 /* iBurn */,
				D980A9091B3F5A6400BE3682 /* iBurnTests */,
			);
		};
/* End PBXProject section */

/* Begin PBXReferenceProxy section */
		D9CB2A4E2117E7B500A0F2AE /* PlayaGeocoder.framework */ = {
			isa = PBXReferenceProxy;
			fileType = wrapper.framework;
			path = PlayaGeocoder.framework;
			remoteRef = D9CB2A4D2117E7B500A0F2AE /* PBXContainerItemProxy */;
			sourceTree = BUILT_PRODUCTS_DIR;
		};
		D9CB2A502117E7B500A0F2AE /* PlayaGeocoder.framework */ = {
			isa = PBXReferenceProxy;
			fileType = wrapper.framework;
			path = PlayaGeocoder.framework;
			remoteRef = D9CB2A4F2117E7B500A0F2AE /* PBXContainerItemProxy */;
			sourceTree = BUILT_PRODUCTS_DIR;
		};
		D9CB2A522117E7B500A0F2AE /* PlayaGeocoderTests (macOS).xctest */ = {
			isa = PBXReferenceProxy;
			fileType = wrapper.cfbundle;
			path = "PlayaGeocoderTests (macOS).xctest";
			remoteRef = D9CB2A512117E7B500A0F2AE /* PBXContainerItemProxy */;
			sourceTree = BUILT_PRODUCTS_DIR;
		};
		D9CB2A542117E7B500A0F2AE /* PlayaGeocoderTests (iOS).xctest */ = {
			isa = PBXReferenceProxy;
			fileType = wrapper.cfbundle;
			path = "PlayaGeocoderTests (iOS).xctest";
			remoteRef = D9CB2A532117E7B500A0F2AE /* PBXContainerItemProxy */;
			sourceTree = BUILT_PRODUCTS_DIR;
		};
/* End PBXReferenceProxy section */

/* Begin PBXResourcesBuildPhase section */
		63CE2A521987140F00F65B01 /* Resources */ = {
			isa = PBXResourcesBuildPhase;
			files = (
			);
		};
		D980A9081B3F5A6400BE3682 /* Resources */ = {
			isa = PBXResourcesBuildPhase;
			files = (
			);
		};
/* End PBXResourcesBuildPhase section */

/* Begin PBXShellScriptBuildPhase section */
		494E5894B2B0684522784BC0 /* [CP] Check Pods Manifest.lock */ = {
			isa = PBXShellScriptBuildPhase;
			inputPaths = (
				"${PODS_PODFILE_DIR_PATH}/Podfile.lock",
				"${PODS_ROOT}/Manifest.lock",
			);
			name = "[CP] Check Pods Manifest.lock";
			outputPaths = (
				"$(DERIVED_FILE_DIR)/Pods-iBurn-iBurnTests-checkManifestLockResult.txt",
			);
			shellPath = /bin/sh;
			shellScript = (
				"diff \"${PODS_PODFILE_DIR_PATH}/Podfile.lock\" \"${PODS_ROOT}/Manifest.lock\" > /dev/null",
				"if [ $? != 0 ] ; then",
				"    # print error to STDERR",
				"    echo \"error: The sandbox is not in sync with the Podfile.lock. Run 'pod install' or update your CocoaPods installation.\" >&2",
				"    exit 1",
				"fi",
				"# This output is used by Xcode 'outputs' to avoid re-running this script phase.",
				"echo \"SUCCESS\" > \"${SCRIPT_OUTPUT_FILE_0}\"",
				"",
				"",
			);
			showEnvVarsInLog = 0;
		};
		53B58DC0D493DF731BDDB99A /* [CP] Copy Pods Resources */ = {
			isa = PBXShellScriptBuildPhase;
			inputFileListPaths = (
				"${PODS_ROOT}/Target Support Files/Pods-iBurn/Pods-iBurn-resources-${CONFIGURATION}-input-files.xcfilelist",
			);
			name = "[CP] Copy Pods Resources";
			outputFileListPaths = (
				"${PODS_ROOT}/Target Support Files/Pods-iBurn/Pods-iBurn-resources-${CONFIGURATION}-output-files.xcfilelist",
			);
			shellPath = /bin/sh;
			shellScript = (
				"\"${PODS_ROOT}/Target Support Files/Pods-iBurn/Pods-iBurn-resources.sh\"",
				"",
				"",
			);
			showEnvVarsInLog = 0;
		};
		D7B18F91C1AE7095AA93FD85 /* [CP] Check Pods Manifest.lock */ = {
			isa = PBXShellScriptBuildPhase;
			inputPaths = (
				"${PODS_PODFILE_DIR_PATH}/Podfile.lock",
				"${PODS_ROOT}/Manifest.lock",
			);
			name = "[CP] Check Pods Manifest.lock";
			outputPaths = (
				"$(DERIVED_FILE_DIR)/Pods-iBurn-checkManifestLockResult.txt",
			);
			shellPath = /bin/sh;
			shellScript = (
				"diff \"${PODS_PODFILE_DIR_PATH}/Podfile.lock\" \"${PODS_ROOT}/Manifest.lock\" > /dev/null",
				"if [ $? != 0 ] ; then",
				"    # print error to STDERR",
				"    echo \"error: The sandbox is not in sync with the Podfile.lock. Run 'pod install' or update your CocoaPods installation.\" >&2",
				"    exit 1",
				"fi",
				"# This output is used by Xcode 'outputs' to avoid re-running this script phase.",
				"echo \"SUCCESS\" > \"${SCRIPT_OUTPUT_FILE_0}\"",
				"",
				"",
			);
			showEnvVarsInLog = 0;
		};
		D907AD6821215F20004A255A /* Crashlytics */ = {
			isa = PBXShellScriptBuildPhase;
			alwaysOutOfDate = 1;
			inputPaths = (
				"${DWARF_DSYM_FOLDER_PATH}/${DWARF_DSYM_FILE_NAME}/Contents/Resources/DWARF/${TARGET_NAME}",
				"$(SRCROOT)/$(BUILT_PRODUCTS_DIR)/$(INFOPLIST_PATH)",
			);
			name = Crashlytics;
			shellPath = /bin/sh;
			shellScript = (
				"\"${BUILD_DIR%/Build/*}/SourcePackages/checkouts/firebase-ios-sdk/Crashlytics/run\"",
				"",
				"",
			);
		};
		D9915F632A76D2D40015C87D /* LicensePlist */ = {
			isa = PBXShellScriptBuildPhase;
			alwaysOutOfDate = 1;
			name = LicensePlist;
			outputPaths = (
				"$(SRCROOT)/iBurn/Settings.bundle/com.mono0926.LicensePlist.plist",
			);
			shellPath = /bin/sh;
			shellScript = (
				"${PODS_ROOT}/LicensePlist/license-plist --output-path $PRODUCT_NAME/Settings.bundle --add-version-numbers --suppress-opening-directory || true",
				"",
				"",
			);
		};
		F0F8D9D639BE0D2FDC435A0E /* [CP] Copy Pods Resources */ = {
			isa = PBXShellScriptBuildPhase;
			inputFileListPaths = (
				"${PODS_ROOT}/Target Support Files/Pods-iBurn-iBurnTests/Pods-iBurn-iBurnTests-resources-${CONFIGURATION}-input-files.xcfilelist",
			);
			name = "[CP] Copy Pods Resources";
			outputFileListPaths = (
				"${PODS_ROOT}/Target Support Files/Pods-iBurn-iBurnTests/Pods-iBurn-iBurnTests-resources-${CONFIGURATION}-output-files.xcfilelist",
			);
			shellPath = /bin/sh;
			shellScript = (
				"\"${PODS_ROOT}/Target Support Files/Pods-iBurn-iBurnTests/Pods-iBurn-iBurnTests-resources.sh\"",
				"",
				"",
			);
			showEnvVarsInLog = 0;
		};
/* End PBXShellScriptBuildPhase section */

/* Begin PBXSourcesBuildPhase section */
		63CE2A501987140F00F65B01 /* Sources */ = {
			isa = PBXSourcesBuildPhase;
			files = (
			);
		};
		D980A9061B3F5A6400BE3682 /* Sources */ = {
			isa = PBXSourcesBuildPhase;
			files = (
			);
		};
/* End PBXSourcesBuildPhase section */

/* Begin PBXTargetDependency section */
		D980A9111B3F5A6400BE3682 /* PBXTargetDependency */ = {
			isa = PBXTargetDependency;
			target = 63CE2A531987140F00F65B01 /* iBurn */;
			targetProxy = D980A9101B3F5A6400BE3682 /* PBXContainerItemProxy */;
		};
		D9CB2A572117E7EE00A0F2AE /* PBXTargetDependency */ = {
			isa = PBXTargetDependency;
			name = "PlayaGeocoder (iOS)";
			targetProxy = D9CB2A562117E7EE00A0F2AE /* PBXContainerItemProxy */;
		};
/* End PBXTargetDependency section */

/* Begin XCBuildConfiguration section */
		63CE2A7E1987140F00F65B01 /* Debug configuration for PBXProject "iBurn" */ = {
			isa = XCBuildConfiguration;
			buildSettings = {
				ALWAYS_SEARCH_USER_PATHS = NO;
				ASSETCATALOG_COMPILER_GENERATE_SWIFT_ASSET_SYMBOL_EXTENSIONS = YES;
				CLANG_ANALYZER_LOCALIZABILITY_NONLOCALIZED = YES;
				CLANG_ENABLE_MODULES = YES;
				CLANG_ENABLE_OBJC_ARC = YES;
				CLANG_WARN_BLOCK_CAPTURE_AUTORELEASING = YES;
				CLANG_WARN_BOOL_CONVERSION = YES;
				CLANG_WARN_COMMA = YES;
				CLANG_WARN_CONSTANT_CONVERSION = YES;
				CLANG_WARN_DEPRECATED_OBJC_IMPLEMENTATIONS = YES;
				CLANG_WARN_DIRECT_OBJC_ISA_USAGE = YES_ERROR;
				CLANG_WARN_EMPTY_BODY = YES;
				CLANG_WARN_ENUM_CONVERSION = YES;
				CLANG_WARN_INFINITE_RECURSION = YES;
				CLANG_WARN_INT_CONVERSION = YES;
				CLANG_WARN_NON_LITERAL_NULL_CONVERSION = YES;
				CLANG_WARN_OBJC_IMPLICIT_RETAIN_SELF = YES;
				CLANG_WARN_OBJC_LITERAL_CONVERSION = YES;
				CLANG_WARN_OBJC_ROOT_CLASS = YES_ERROR;
				CLANG_WARN_QUOTED_INCLUDE_IN_FRAMEWORK_HEADER = YES;
				CLANG_WARN_RANGE_LOOP_ANALYSIS = YES;
				CLANG_WARN_STRICT_PROTOTYPES = YES;
				CLANG_WARN_SUSPICIOUS_MOVE = YES;
				CLANG_WARN_UNREACHABLE_CODE = YES;
				CLANG_WARN__DUPLICATE_METHOD_MATCH = YES;
				"CODE_SIGN_IDENTITY[sdk=iphoneos*]" = "iPhone Developer";
				COPY_PHASE_STRIP = NO;
				ENABLE_STRICT_OBJC_MSGSEND = YES;
				ENABLE_TESTABILITY = YES;
				ENABLE_USER_SCRIPT_SANDBOXING = YES;
				GCC_DYNAMIC_NO_PIC = NO;
				GCC_FAST_MATH = NO;
				GCC_NO_COMMON_BLOCKS = YES;
				GCC_OPTIMIZATION_LEVEL = 0;
				GCC_PREPROCESSOR_DEFINITIONS = (
					"DEBUG=1",
					"$(inherited)",
				);
				GCC_SYMBOLS_PRIVATE_EXTERN = NO;
				GCC_UNROLL_LOOPS = NO;
				GCC_WARN_64_TO_32_BIT_CONVERSION = YES;
				GCC_WARN_ABOUT_RETURN_TYPE = YES_ERROR;
				GCC_WARN_UNDECLARED_SELECTOR = YES;
				GCC_WARN_UNINITIALIZED_AUTOS = YES_AGGRESSIVE;
				GCC_WARN_UNUSED_FUNCTION = YES;
				GCC_WARN_UNUSED_VARIABLE = YES;
				IPHONEOS_DEPLOYMENT_TARGET = 16.6;
				LLVM_LTO = NO;
				ONLY_ACTIVE_ARCH = YES;
				SDKROOT = iphoneos;
				STRING_CATALOG_GENERATE_SYMBOLS = YES;
				SWIFT_VERSION = 5.0;
				TARGETED_DEVICE_FAMILY = "1,2";
			};
			name = Debug;
		};
		63CE2A7F1987140F00F65B01 /* Release configuration for PBXProject "iBurn" */ = {
			isa = XCBuildConfiguration;
			buildSettings = {
				ALWAYS_SEARCH_USER_PATHS = NO;
				ASSETCATALOG_COMPILER_GENERATE_SWIFT_ASSET_SYMBOL_EXTENSIONS = YES;
				CLANG_ANALYZER_LOCALIZABILITY_NONLOCALIZED = YES;
				CLANG_ENABLE_MODULES = YES;
				CLANG_ENABLE_OBJC_ARC = YES;
				CLANG_WARN_BLOCK_CAPTURE_AUTORELEASING = YES;
				CLANG_WARN_BOOL_CONVERSION = YES;
				CLANG_WARN_COMMA = YES;
				CLANG_WARN_CONSTANT_CONVERSION = YES;
				CLANG_WARN_DEPRECATED_OBJC_IMPLEMENTATIONS = YES;
				CLANG_WARN_DIRECT_OBJC_ISA_USAGE = YES_ERROR;
				CLANG_WARN_EMPTY_BODY = YES;
				CLANG_WARN_ENUM_CONVERSION = YES;
				CLANG_WARN_INFINITE_RECURSION = YES;
				CLANG_WARN_INT_CONVERSION = YES;
				CLANG_WARN_NON_LITERAL_NULL_CONVERSION = YES;
				CLANG_WARN_OBJC_IMPLICIT_RETAIN_SELF = YES;
				CLANG_WARN_OBJC_LITERAL_CONVERSION = YES;
				CLANG_WARN_OBJC_ROOT_CLASS = YES_ERROR;
				CLANG_WARN_QUOTED_INCLUDE_IN_FRAMEWORK_HEADER = YES;
				CLANG_WARN_RANGE_LOOP_ANALYSIS = YES;
				CLANG_WARN_STRICT_PROTOTYPES = YES;
				CLANG_WARN_SUSPICIOUS_MOVE = YES;
				CLANG_WARN_UNREACHABLE_CODE = YES;
				CLANG_WARN__DUPLICATE_METHOD_MATCH = YES;
				"CODE_SIGN_IDENTITY[sdk=iphoneos*]" = "iPhone Developer";
				COPY_PHASE_STRIP = YES;
				ENABLE_NS_ASSERTIONS = NO;
				ENABLE_STRICT_OBJC_MSGSEND = YES;
				ENABLE_USER_SCRIPT_SANDBOXING = YES;
				GCC_FAST_MATH = YES;
				GCC_NO_COMMON_BLOCKS = YES;
				GCC_OPTIMIZATION_LEVEL = fast;
				GCC_UNROLL_LOOPS = YES;
				GCC_WARN_64_TO_32_BIT_CONVERSION = YES;
				GCC_WARN_ABOUT_RETURN_TYPE = YES_ERROR;
				GCC_WARN_UNDECLARED_SELECTOR = YES;
				GCC_WARN_UNINITIALIZED_AUTOS = YES_AGGRESSIVE;
				GCC_WARN_UNUSED_FUNCTION = YES;
				GCC_WARN_UNUSED_VARIABLE = YES;
				IPHONEOS_DEPLOYMENT_TARGET = 16.6;
				LLVM_LTO = YES;
				SDKROOT = iphoneos;
				STRING_CATALOG_GENERATE_SYMBOLS = YES;
				SWIFT_COMPILATION_MODE = wholemodule;
				SWIFT_OPTIMIZATION_LEVEL = "-O";
				SWIFT_VERSION = 5.0;
				TARGETED_DEVICE_FAMILY = "1,2";
				VALIDATE_PRODUCT = YES;
			};
			name = Release;
		};
		63CE2A811987140F00F65B01 /* Debug configuration for PBXNativeTarget "iBurn" */ = {
			isa = XCBuildConfiguration;
			baseConfigurationReference = 72C9428E44C5A2270503CAD5 /* Pods-iBurn.debug.xcconfig */;
			buildSettings = {
				ASSETCATALOG_COMPILER_APPICON_NAME = AppIcon;
				CLANG_ENABLE_MODULES = YES;
				CODE_SIGN_ENTITLEMENTS = iBurn/iBurn.entitlements;
				CODE_SIGN_IDENTITY = "iPhone Developer";
				"CODE_SIGN_IDENTITY[sdk=iphoneos*]" = "iPhone Developer";
				CURRENT_PROJECT_VERSION = 108;
				DEVELOPMENT_TEAM = 4T8JLQR6GR;
				ENABLE_USER_SCRIPT_SANDBOXING = NO;
				GCC_PRECOMPILE_PREFIX_HEADER = YES;
				GCC_PREFIX_HEADER = "iBurn/iBurn-Prefix.pch";
				INFOPLIST_FILE = "iBurn/iBurn-Info.plist";
				INFOPLIST_KEY_CFBundleDisplayName = iBurn;
				INFOPLIST_KEY_LSApplicationCategoryType = "public.app-category.navigation";
				INFOPLIST_PREFIX_HEADER = iBurn/InfoPlistSecrets.h;
				INFOPLIST_PREPROCESS = YES;
				LD_RUNPATH_SEARCH_PATHS = (
					"$(inherited)",
					"@executable_path/Frameworks",
				);
				LIBRARY_SEARCH_PATHS = "$(inherited)";
				MARKETING_VERSION = 2025.5;
				OTHER_SWIFT_FLAGS = "$(inherited) \"-D\" \"COCOAPODS\" -D DEBUG";
				PRODUCT_BUNDLE_IDENTIFIER = "com.trailbehind.${PRODUCT_NAME:rfc1034identifier}2010";
				PRODUCT_NAME = "$(TARGET_NAME)";
				PROVISIONING_PROFILE = "";
				PROVISIONING_PROFILE_SPECIFIER = "";
				SWIFT_OBJC_BRIDGING_HEADER = "iBurn/iBurn-Bridging-Header.h";
				SWIFT_OPTIMIZATION_LEVEL = "-Onone";
				SWIFT_VERSION = 5.0;
				WRAPPER_EXTENSION = app;
			};
			name = Debug;
		};
		63CE2A821987140F00F65B01 /* Release configuration for PBXNativeTarget "iBurn" */ = {
			isa = XCBuildConfiguration;
			baseConfigurationReference = 66E9BFB50AD9DF8FA46742CE /* Pods-iBurn.release.xcconfig */;
			buildSettings = {
				ASSETCATALOG_COMPILER_APPICON_NAME = AppIcon;
				CLANG_ENABLE_MODULES = YES;
				CODE_SIGN_ENTITLEMENTS = iBurn/iBurn.entitlements;
				CODE_SIGN_IDENTITY = "iPhone Developer";
				"CODE_SIGN_IDENTITY[sdk=iphoneos*]" = "iPhone Developer";
				CURRENT_PROJECT_VERSION = 108;
				DEVELOPMENT_TEAM = 4T8JLQR6GR;
				ENABLE_USER_SCRIPT_SANDBOXING = NO;
				GCC_PRECOMPILE_PREFIX_HEADER = YES;
				GCC_PREFIX_HEADER = "iBurn/iBurn-Prefix.pch";
				INFOPLIST_FILE = "iBurn/iBurn-Info.plist";
				INFOPLIST_KEY_CFBundleDisplayName = iBurn;
				INFOPLIST_KEY_LSApplicationCategoryType = "public.app-category.navigation";
				INFOPLIST_PREFIX_HEADER = iBurn/InfoPlistSecrets.h;
				INFOPLIST_PREPROCESS = YES;
				LD_RUNPATH_SEARCH_PATHS = (
					"$(inherited)",
					"@executable_path/Frameworks",
				);
				LIBRARY_SEARCH_PATHS = "$(inherited)";
				MARKETING_VERSION = 2025.5;
				PRODUCT_BUNDLE_IDENTIFIER = "com.trailbehind.${PRODUCT_NAME:rfc1034identifier}2010";
				PRODUCT_NAME = "$(TARGET_NAME)";
				PROVISIONING_PROFILE = "";
				PROVISIONING_PROFILE_SPECIFIER = "";
				SWIFT_OBJC_BRIDGING_HEADER = "iBurn/iBurn-Bridging-Header.h";
				SWIFT_VERSION = 5.0;
				WRAPPER_EXTENSION = app;
			};
			name = Release;
		};
		D980A9121B3F5A6400BE3682 /* Debug configuration for PBXNativeTarget "iBurnTests" */ = {
			isa = XCBuildConfiguration;
			baseConfigurationReference = 30AC515B99ACAD08BBB05D7B /* Pods-iBurn-iBurnTests.debug.xcconfig */;
			buildSettings = {
				BUNDLE_LOADER = "$(TEST_HOST)";
				CLANG_ENABLE_MODULES = YES;
				CLANG_WARN_UNREACHABLE_CODE = YES;
				ENABLE_STRICT_OBJC_MSGSEND = YES;
				ENABLE_USER_SCRIPT_SANDBOXING = NO;
				GCC_C_LANGUAGE_STANDARD = gnu99;
				GCC_NO_COMMON_BLOCKS = YES;
				INFOPLIST_FILE = iBurnTests/Info.plist;
				LD_RUNPATH_SEARCH_PATHS = (
					"$(inherited)",
					"@executable_path/Frameworks",
					"@loader_path/Frameworks",
				);
				MTL_ENABLE_DEBUG_INFO = YES;
				PRODUCT_BUNDLE_IDENTIFIER = "com.iburnapp.$(PRODUCT_NAME:rfc1034identifier)";
				PRODUCT_NAME = "$(TARGET_NAME)";
				SWIFT_OBJC_BRIDGING_HEADER = "iBurnTests/iBurnTests-Bridging-Header.h";
				SWIFT_OPTIMIZATION_LEVEL = "-Onone";
				SWIFT_VERSION = 5.0;
				TEST_HOST = "$(BUILT_PRODUCTS_DIR)/iBurn.app/iBurn";
			};
			name = Debug;
		};
		D980A9131B3F5A6400BE3682 /* Release configuration for PBXNativeTarget "iBurnTests" */ = {
			isa = XCBuildConfiguration;
			baseConfigurationReference = 73F56B0C2D800E3EC87731BD /* Pods-iBurn-iBurnTests.release.xcconfig */;
			buildSettings = {
				BUNDLE_LOADER = "$(TEST_HOST)";
				CLANG_ENABLE_MODULES = YES;
				CLANG_WARN_UNREACHABLE_CODE = YES;
				COPY_PHASE_STRIP = NO;
				ENABLE_STRICT_OBJC_MSGSEND = YES;
				ENABLE_USER_SCRIPT_SANDBOXING = NO;
				GCC_C_LANGUAGE_STANDARD = gnu99;
				GCC_NO_COMMON_BLOCKS = YES;
				INFOPLIST_FILE = iBurnTests/Info.plist;
				LD_RUNPATH_SEARCH_PATHS = (
					"$(inherited)",
					"@executable_path/Frameworks",
					"@loader_path/Frameworks",
				);
				MTL_ENABLE_DEBUG_INFO = NO;
				PRODUCT_BUNDLE_IDENTIFIER = "com.iburnapp.$(PRODUCT_NAME:rfc1034identifier)";
				PRODUCT_NAME = "$(TARGET_NAME)";
				SWIFT_OBJC_BRIDGING_HEADER = "iBurnTests/iBurnTests-Bridging-Header.h";
				SWIFT_VERSION = 5.0;
				TEST_HOST = "$(BUILT_PRODUCTS_DIR)/iBurn.app/iBurn";
			};
			name = Release;
		};
/* End XCBuildConfiguration section */

/* Begin XCConfigurationList section */
		63CE2A4F1987140F00F65B01 /* Build configuration list for PBXProject "iBurn" */ = {
			isa = XCConfigurationList;
			buildConfigurations = (
				63CE2A7E1987140F00F65B01 /* Debug configuration for PBXProject "iBurn" */,
				63CE2A7F1987140F00F65B01 /* Release configuration for PBXProject "iBurn" */,
			);
			defaultConfigurationName = Release;
		};
		63CE2A801987140F00F65B01 /* Build configuration list for PBXNativeTarget "iBurn" */ = {
			isa = XCConfigurationList;
			buildConfigurations = (
				63CE2A811987140F00F65B01 /* Debug configuration for PBXNativeTarget "iBurn" */,
				63CE2A821987140F00F65B01 /* Release configuration for PBXNativeTarget "iBurn" */,
			);
			defaultConfigurationName = Release;
		};
		D980A9141B3F5A6400BE3682 /* Build configuration list for PBXNativeTarget "iBurnTests" */ = {
			isa = XCConfigurationList;
			buildConfigurations = (
				D980A9121B3F5A6400BE3682 /* Debug configuration for PBXNativeTarget "iBurnTests" */,
				D980A9131B3F5A6400BE3682 /* Release configuration for PBXNativeTarget "iBurnTests" */,
			);
			defaultConfigurationName = Release;
		};
/* End XCConfigurationList section */

/* Begin XCLocalSwiftPackageReference section */
		D902563F2E1F3FE00058AEF8 /* XCLocalSwiftPackageReference "Packages/PlayaDB" */ = {
			isa = XCLocalSwiftPackageReference;
			relativePath = Packages/PlayaDB;
		};
		D99D57E82E1CE8CF00D5A3DE /* XCLocalSwiftPackageReference "Submodules/iBurn-Data" */ = {
			isa = XCLocalSwiftPackageReference;
			relativePath = "Submodules/iBurn-Data";
		};
		D99D57EF2E1CE93B00D5A3DE /* XCLocalSwiftPackageReference "Packages/PlayaAPI" */ = {
			isa = XCLocalSwiftPackageReference;
			relativePath = Packages/PlayaAPI;
		};
/* End XCLocalSwiftPackageReference section */

/* Begin XCRemoteSwiftPackageReference section */
		D90256492E1F41060058AEF8 /* XCRemoteSwiftPackageReference "GRDB.swift" */ = {
			isa = XCRemoteSwiftPackageReference;
			repositoryURL = "https://github.com/groue/GRDB.swift.git";
			requirement = {
				kind = upToNextMajorVersion;
				minimumVersion = 7.6.1;
			};
		};
		D9592D502858560B00C90542 /* XCRemoteSwiftPackageReference "maplibre-gl-native-distribution" */ = {
			isa = XCRemoteSwiftPackageReference;
			repositoryURL = "https://github.com/maplibre/maplibre-gl-native-distribution";
			requirement = {
				kind = upToNextMajorVersion;
				minimumVersion = 6.0.0;
			};
		};
		D966561228A9970B002FA471 /* XCRemoteSwiftPackageReference "firebase-ios-sdk" */ = {
			isa = XCRemoteSwiftPackageReference;
			repositoryURL = "https://github.com/firebase/firebase-ios-sdk";
			requirement = {
				kind = upToNextMajorVersion;
				minimumVersion = 12.0.0;
			};
		};
		D966562728A9B86E002FA471 /* XCRemoteSwiftPackageReference "Zip" */ = {
			isa = XCRemoteSwiftPackageReference;
			repositoryURL = "https://github.com/marmelroy/Zip.git";
			requirement = {
				kind = upToNextMajorVersion;
				minimumVersion = 2.0.0;
			};
		};
		D9915F572A76C35E0015C87D /* XCRemoteSwiftPackageReference "Siren" */ = {
			isa = XCRemoteSwiftPackageReference;
			repositoryURL = "https://github.com/ArtSabintsev/Siren.git";
			requirement = {
				kind = upToNextMajorVersion;
				minimumVersion = 6.0.0;
			};
		};
/* End XCRemoteSwiftPackageReference section */

/* Begin XCSwiftPackageProductDependency section */
		D90256402E1F3FE00058AEF8 /* PlayaDB */ = {
			isa = XCSwiftPackageProductDependency;
			productName = PlayaDB;
		};
		D902564A2E1F41060058AEF8 /* GRDB */ = {
			isa = XCSwiftPackageProductDependency;
			package = D90256492E1F41060058AEF8 /* XCRemoteSwiftPackageReference "GRDB.swift" */;
			productName = GRDB;
		};
		D91879A32BC1058E0099EFAA /* MapLibre */ = {
			isa = XCSwiftPackageProductDependency;
			package = D9592D502858560B00C90542 /* XCRemoteSwiftPackageReference "maplibre-gl-native-distribution" */;
			productName = MapLibre;
		};
		D93440322E3E756F00199902 /* FirebaseCore */ = {
			isa = XCSwiftPackageProductDependency;
			package = D966561228A9970B002FA471 /* XCRemoteSwiftPackageReference "firebase-ios-sdk" */;
			productName = FirebaseCore;
		};
		D966561528A9970B002FA471 /* FirebaseCrashlytics */ = {
			isa = XCSwiftPackageProductDependency;
			package = D966561228A9970B002FA471 /* XCRemoteSwiftPackageReference "firebase-ios-sdk" */;
			productName = FirebaseCrashlytics;
		};
		D966562828A9B86E002FA471 /* Zip */ = {
			isa = XCSwiftPackageProductDependency;
			package = D966562728A9B86E002FA471 /* XCRemoteSwiftPackageReference "Zip" */;
			productName = Zip;
		};
		D9915F582A76C35E0015C87D /* Siren */ = {
			isa = XCSwiftPackageProductDependency;
			package = D9915F572A76C35E0015C87D /* XCRemoteSwiftPackageReference "Siren" */;
			productName = Siren;
		};
		D99D57E92E1CE8CF00D5A3DE /* iBurn2025APIData */ = {
			isa = XCSwiftPackageProductDependency;
			productName = iBurn2025APIData;
		};
		D99D57EB2E1CE8CF00D5A3DE /* iBurn2025Map */ = {
			isa = XCSwiftPackageProductDependency;
			productName = iBurn2025Map;
		};
		D99D57ED2E1CE8CF00D5A3DE /* iBurn2025MediaFiles */ = {
			isa = XCSwiftPackageProductDependency;
			productName = iBurn2025MediaFiles;
		};
		D99D57F02E1CE93B00D5A3DE /* PlayaAPI */ = {
			isa = XCSwiftPackageProductDependency;
			productName = PlayaAPI;
		};
		D9E86E392E4B2052009B4834 /* FirebaseAnalyticsCore */ = {
			isa = XCSwiftPackageProductDependency;
			package = D966561228A9970B002FA471 /* XCRemoteSwiftPackageReference "firebase-ios-sdk" */;
			productName = FirebaseAnalyticsCore;
		};
/* End XCSwiftPackageProductDependency section */
	};
	rootObject = 63CE2A4C1987140F00F65B01 /* Project object */;
}
